<?xml version="1.0" encoding="utf-8"?>
<Project ToolsVersion="15.0" xmlns="http://schemas.microsoft.com/developer/msbuild/2003">
  <ItemGroup>
    <ClCompile Include="F:\cloud\Git\Tutorial\openGL\tutorial\tutorial16_shadowmaps\tutorial16.cpp">
      <Filter>Source Files</Filter>
    </ClCompile>
    <ClCompile Include="F:\cloud\Git\Tutorial\openGL\tutorial\common\shader.cpp">
      <Filter>common</Filter>
    </ClCompile>
    <ClCompile Include="F:\cloud\Git\Tutorial\openGL\tutorial\common\controls.cpp">
      <Filter>common</Filter>
    </ClCompile>
    <ClCompile Include="F:\cloud\Git\Tutorial\openGL\tutorial\common\texture.cpp">
      <Filter>common</Filter>
    </ClCompile>
    <ClCompile Include="F:\cloud\Git\Tutorial\openGL\tutorial\common\objloader.cpp">
      <Filter>common</Filter>
    </ClCompile>
    <ClCompile Include="F:\cloud\Git\Tutorial\openGL\tutorial\common\vboindexer.cpp">
      <Filter>common</Filter>
    </ClCompile>
  </ItemGroup>
  <ItemGroup>
    <ClInclude Include="F:\cloud\Git\Tutorial\openGL\tutorial\common\shader.hpp">
      <Filter>common</Filter>
    </ClInclude>
    <ClInclude Include="F:\cloud\Git\Tutorial\openGL\tutorial\common\controls.hpp">
      <Filter>common</Filter>
    </ClInclude>
    <ClInclude Include="F:\cloud\Git\Tutorial\openGL\tutorial\common\texture.hpp">
      <Filter>common</Filter>
    </ClInclude>
    <ClInclude Include="F:\cloud\Git\Tutorial\openGL\tutorial\common\objloader.hpp">
      <Filter>common</Filter>
    </ClInclude>
    <ClInclude Include="F:\cloud\Git\Tutorial\openGL\tutorial\common\vboindexer.hpp">
      <Filter>common</Filter>
    </ClInclude>
  </ItemGroup>
  <ItemGroup>
    <CustomBuild Include="F:\cloud\Git\Tutorial\openGL\tutorial\CMakeLists.txt" />
  </ItemGroup>
  <ItemGroup>
    <None Include="F:\cloud\Git\Tutorial\openGL\tutorial\tutorial16_shadowmaps\ShadowMapping.vertexshader">
      <Filter>shaders</Filter>
    </None>
    <None Include="F:\cloud\Git\Tutorial\openGL\tutorial\tutorial16_shadowmaps\ShadowMapping.fragmentshader">
      <Filter>shaders</Filter>
    </None>
    <None Include="F:\cloud\Git\Tutorial\openGL\tutorial\tutorial16_shadowmaps\DepthRTT.vertexshader">
      <Filter>shaders</Filter>
    </None>
    <None Include="F:\cloud\Git\Tutorial\openGL\tutorial\tutorial16_shadowmaps\DepthRTT.fragmentshader">
      <Filter>shaders</Filter>
    </None>
    <None Include="F:\cloud\Git\Tutorial\openGL\tutorial\tutorial16_shadowmaps\Passthrough.vertexshader">
      <Filter>shaders</Filter>
    </None>
    <None Include="F:\cloud\Git\Tutorial\openGL\tutorial\tutorial16_shadowmaps\SimpleTexture.fragmentshader">
      <Filter>shaders</Filter>
    </None>
  </ItemGroup>
  <ItemGroup>
    <Filter Include="Source Files">
      <UniqueIdentifier>{AB8766DD-AC9A-34C4-8DBA-CE5AFFD58677}</UniqueIdentifier>
    </Filter>
    <Filter Include="common">
      <UniqueIdentifier>{32664094-8E2C-3A71-868E-145F2973D8EE}</UniqueIdentifier>
    </Filter>
    <Filter Include="shaders">
      <UniqueIdentifier>{D51205A1-AB69-3D04-91E7-A9914998BB42}</UniqueIdentifier>
    </Filter>
  </ItemGroup>
</Project>
