Microsoft Visual Studio Solution File, Format Version 12.00
# Visual Studio 15
Project("{2150E333-8FDC-42A3-9474-1A3956D46DE8}") = "CMakePredefinedTargets", "CMakePredefinedTargets", "{D2E55899-48EE-3BF3-BE4B-DAA2C87AFDB7}"
EndProject
Project("{2150E333-8FDC-42A3-9474-1A3956D46DE8}") = "GLFW3", "GLFW3", "{8BF0A73E-7D57-3ADD-9909-F26544F8BC85}"
EndProject
Project("{2150E333-8FDC-42A3-9474-1A3956D46DE8}") = "Examples", "GLFW3\Examples", "{5C7D4B25-0F62-382F-94DF-5E438BF62B7F}"
EndProject
Project("{2150E333-8FDC-42A3-9474-1A3956D46DE8}") = "Tests", "GLFW3\Tests", "{C95DE390-9F83-3D46-9040-02AC0D059F45}"
EndProject
Project("{8BC9CEB8-8B4A-11D0-8D11-00A0C91BC942}") = "ALL_BUILD", "ALL_BUILD.vcxproj", "{D0650E9E-B726-3596-9E2E-8A8CA1392A3C}"
	ProjectSection(ProjectDependencies) = postProject
		{498B175F-C912-37F2-A654-C8F50335087F} = {498B175F-C912-37F2-A654-C8F50335087F}
		{CF76F2B2-21A9-38EB-BCFF-766B050279F7} = {CF76F2B2-21A9-38EB-BCFF-766B050279F7}
		{D47D2B6D-50F6-317D-A883-13E9669ABCEB} = {D47D2B6D-50F6-317D-A883-13E9669ABCEB}
		{77F67C93-AEEC-3094-A144-F9B8E9A33D42} = {77F67C93-AEEC-3094-A144-F9B8E9A33D42}
		{148E20A7-967F-3EEE-951E-1CE1119ED6B5} = {148E20A7-967F-3EEE-951E-1CE1119ED6B5}
		{B7FB51E0-D592-3017-ACF4-8EEB7FAFBFF0} = {B7FB51E0-D592-3017-ACF4-8EEB7FAFBFF0}
		{71580248-2649-37BE-990A-1CFDDC78A759} = {71580248-2649-37BE-990A-1CFDDC78A759}
		{081E7D4E-C933-3C9E-BAC9-D7A5294F7AA3} = {081E7D4E-C933-3C9E-BAC9-D7A5294F7AA3}
		{3C20A44A-92E4-39AB-A84D-F3CADF8B9D1B} = {3C20A44A-92E4-39AB-A84D-F3CADF8B9D1B}
		{F0F28109-7053-30FF-AE99-C3E7CFE6936E} = {F0F28109-7053-30FF-AE99-C3E7CFE6936E}
		{E985FC23-ABC9-38F6-95CB-CCC7D978E38E} = {E985FC23-ABC9-38F6-95CB-CCC7D978E38E}
		{335181A9-070D-34F5-A0D8-C1B258A8E18E} = {335181A9-070D-34F5-A0D8-C1B258A8E18E}
		{31D22394-1E51-3E08-8F22-8ECC1B9CBAD3} = {31D22394-1E51-3E08-8F22-8ECC1B9CBAD3}
		{D1AB34E1-1407-36AD-A0E8-982D77E48E8A} = {D1AB34E1-1407-36AD-A0E8-982D77E48E8A}
		{9F152256-27FE-393E-B6AC-588B3018EC98} = {9F152256-27FE-393E-B6AC-588B3018EC98}
		{05A4C8E5-4861-3591-8C53-3D3FD323D9C3} = {05A4C8E5-4861-3591-8C53-3D3FD323D9C3}
		{EDC780A4-EB6D-3C47-A984-6C3B9AF7E018} = {EDC780A4-EB6D-3C47-A984-6C3B9AF7E018}
		{213E6563-55F8-317B-B2B1-9A2FDF9E9014} = {213E6563-55F8-317B-B2B1-9A2FDF9E9014}
		{325ADA35-94AF-3DB1-B4C9-C1271EB720F0} = {325ADA35-94AF-3DB1-B4C9-C1271EB720F0}
		{A2363FB8-B851-3411-B114-70B8F7BE6072} = {A2363FB8-B851-3411-B114-70B8F7BE6072}
		{7DE59F76-40B3-3B7C-A55D-6B063BA7B2EE} = {7DE59F76-40B3-3B7C-A55D-6B063BA7B2EE}
		{5CE0CD11-49D6-3EA5-8DC0-F15E72EC5254} = {5CE0CD11-49D6-3EA5-8DC0-F15E72EC5254}
		{0953F9CC-5B4D-37B2-8337-7EA94F43F487} = {0953F9CC-5B4D-37B2-8337-7EA94F43F487}
		{44796FEA-CE3D-35AF-BF94-3A36A20146D4} = {44796FEA-CE3D-35AF-BF94-3A36A20146D4}
		{3AF26A3C-5939-3FC3-8623-1E0E913B76C2} = {3AF26A3C-5939-3FC3-8623-1E0E913B76C2}
		{360BAEBC-6192-38CA-BAA4-7736C230D1A4} = {360BAEBC-6192-38CA-BAA4-7736C230D1A4}
		{4B25CBEB-23AC-32F7-845E-1D69CED6A6C2} = {4B25CBEB-23AC-32F7-845E-1D69CED6A6C2}
		{4649088A-D62C-3847-8DCD-99D566AA5DD7} = {4649088A-D62C-3847-8DCD-99D566AA5DD7}
		{C0FBFD8E-636B-39F9-A7A9-6DE38C894104} = {C0FBFD8E-636B-39F9-A7A9-6DE38C894104}
		{A565DAEE-7A67-35AF-AF86-9C820EB84BFA} = {A565DAEE-7A67-35AF-AF86-9C820EB84BFA}
		{A0C94DFB-1DEB-3ADB-8E33-A90DDB50AB08} = {A0C94DFB-1DEB-3ADB-8E33-A90DDB50AB08}
		{4747A574-104C-312D-8B0F-E8CBEDB6A5DF} = {4747A574-104C-312D-8B0F-E8CBEDB6A5DF}
		{3BEF1E13-7354-3FEA-9FE2-06F361D55F14} = {3BEF1E13-7354-3FEA-9FE2-06F361D55F14}
		{6B2DBE64-C66E-3ADC-B5C6-CFDF1B86C2BE} = {6B2DBE64-C66E-3ADC-B5C6-CFDF1B86C2BE}
		{7D83D9C0-A167-303A-A2C1-0A9AD326EB88} = {7D83D9C0-A167-303A-A2C1-0A9AD326EB88}
		{5C166A48-86D8-314C-99D3-542AB55A2C4B} = {5C166A48-86D8-314C-99D3-542AB55A2C4B}
		{F7E01C79-9DBE-3B5B-80DC-18F9BDFD2B41} = {F7E01C79-9DBE-3B5B-80DC-18F9BDFD2B41}
		{26A363F6-84A1-3EC0-9725-E25B3E2DAABB} = {26A363F6-84A1-3EC0-9725-E25B3E2DAABB}
		{C3B0AF79-8FA5-314A-83A4-716222A99FE3} = {C3B0AF79-8FA5-314A-83A4-716222A99FE3}
		{4F20E38F-5661-37C3-948A-3448A8E10AB6} = {4F20E38F-5661-37C3-948A-3448A8E10AB6}
		{E3A3475D-CABB-3EF8-9E11-BFC31CFDA122} = {E3A3475D-CABB-3EF8-9E11-BFC31CFDA122}
		{D0F2C82B-D855-3F8C-9925-F7A70C5D441C} = {D0F2C82B-D855-3F8C-9925-F7A70C5D441C}
		{82C68C0E-0A2D-37BA-84DD-F4D6DE566028} = {82C68C0E-0A2D-37BA-84DD-F4D6DE566028}
		{92261103-921E-381C-9C4F-A37B1E077357} = {92261103-921E-381C-9C4F-A37B1E077357}
		{FBE4BD2B-74B0-3F88-BEF4-F20DEA03FAC6} = {FBE4BD2B-74B0-3F88-BEF4-F20DEA03FAC6}
		{13A2E90A-9267-3220-A5B4-97B57C55BE2D} = {13A2E90A-9267-3220-A5B4-97B57C55BE2D}
		{4C040FE4-36A3-30F7-910C-CD056B71026A} = {4C040FE4-36A3-30F7-910C-CD056B71026A}
		{E70E3262-D364-3DD8-B306-B272ECE3B996} = {E70E3262-D364-3DD8-B306-B272ECE3B996}
		{2A13B38D-8EA2-31C0-898F-1CDDE9861562} = {2A13B38D-8EA2-31C0-898F-1CDDE9861562}
		{1ACFEB5B-1ADB-367F-B9FE-7FC02C570D8A} = {1ACFEB5B-1ADB-367F-B9FE-7FC02C570D8A}
		{FD1D4A7F-5757-367D-A802-E7D21DACBC31} = {FD1D4A7F-5757-367D-A802-E7D21DACBC31}
		{8F9884F2-C9B7-347B-B519-22CD1ECF596A} = {8F9884F2-C9B7-347B-B519-22CD1ECF596A}
		{3CB589DA-26B3-3639-8744-8B85A8BECBE6} = {3CB589DA-26B3-3639-8744-8B85A8BECBE6}
		{353E9AD4-9E4B-3397-BF60-6EC7E0CD4ADF} = {353E9AD4-9E4B-3397-BF60-6EC7E0CD4ADF}
		{037139FB-C0FC-3D8D-8A03-48F1DA2B5468} = {037139FB-C0FC-3D8D-8A03-48F1DA2B5468}
		{D56E70E2-3A28-374A-BFF9-70320808B9FA} = {D56E70E2-3A28-374A-BFF9-70320808B9FA}
		{D7C57BD7-371F-399D-9C5E-588DBAE115D4} = {D7C57BD7-371F-399D-9C5E-588DBAE115D4}
		{3A7C9240-CA31-36FC-8A2D-86C677227AA0} = {3A7C9240-CA31-36FC-8A2D-86C677227AA0}
		{91F1DF05-7F5D-39D6-9222-FDC0941A7973} = {91F1DF05-7F5D-39D6-9222-FDC0941A7973}
	EndProjectSection
EndProject
Project("{8BC9CEB8-8B4A-11D0-8D11-00A0C91BC942}") = "ANTTWEAKBAR_116_OGLCORE_GLFW", "external\ANTTWEAKBAR_116_OGLCORE_GLFW.vcxproj", "{498B175F-C912-37F2-A654-C8F50335087F}"
	ProjectSection(ProjectDependencies) = postProject
		{71580248-2649-37BE-990A-1CFDDC78A759} = {71580248-2649-37BE-990A-1CFDDC78A759}
	EndProjectSection
EndProject
Project("{8BC9CEB8-8B4A-11D0-8D11-00A0C91BC942}") = "BulletCollision", "external\bullet-2.81-rev2613\src\BulletCollision\BulletCollision.vcxproj", "{CF76F2B2-21A9-38EB-BCFF-766B050279F7}"
	ProjectSection(ProjectDependencies) = postProject
		{71580248-2649-37BE-990A-1CFDDC78A759} = {71580248-2649-37BE-990A-1CFDDC78A759}
	EndProjectSection
EndProject
Project("{8BC9CEB8-8B4A-11D0-8D11-00A0C91BC942}") = "BulletDynamics", "external\bullet-2.81-rev2613\src\BulletDynamics\BulletDynamics.vcxproj", "{D47D2B6D-50F6-317D-A883-13E9669ABCEB}"
	ProjectSection(ProjectDependencies) = postProject
		{71580248-2649-37BE-990A-1CFDDC78A759} = {71580248-2649-37BE-990A-1CFDDC78A759}
	EndProjectSection
EndProject
Project("{8BC9CEB8-8B4A-11D0-8D11-00A0C91BC942}") = "BulletSoftBody", "external\bullet-2.81-rev2613\src\BulletSoftBody\BulletSoftBody.vcxproj", "{77F67C93-AEEC-3094-A144-F9B8E9A33D42}"
	ProjectSection(ProjectDependencies) = postProject
		{71580248-2649-37BE-990A-1CFDDC78A759} = {71580248-2649-37BE-990A-1CFDDC78A759}
	EndProjectSection
EndProject
Project("{8BC9CEB8-8B4A-11D0-8D11-00A0C91BC942}") = "GLEW_1130", "external\GLEW_1130.vcxproj", "{148E20A7-967F-3EEE-951E-1CE1119ED6B5}"
	ProjectSection(ProjectDependencies) = postProject
		{71580248-2649-37BE-990A-1CFDDC78A759} = {71580248-2649-37BE-990A-1CFDDC78A759}
	EndProjectSection
EndProject
Project("{8BC9CEB8-8B4A-11D0-8D11-00A0C91BC942}") = "INSTALL", "INSTALL.vcxproj", "{6A6424CC-2EEB-3A76-827C-71464FE0D067}"
	ProjectSection(ProjectDependencies) = postProject
		{D0650E9E-B726-3596-9E2E-8A8CA1392A3C} = {D0650E9E-B726-3596-9E2E-8A8CA1392A3C}
		{71580248-2649-37BE-990A-1CFDDC78A759} = {71580248-2649-37BE-990A-1CFDDC78A759}
	EndProjectSection
EndProject
Project("{8BC9CEB8-8B4A-11D0-8D11-00A0C91BC942}") = "LinearMath", "external\bullet-2.81-rev2613\src\LinearMath\LinearMath.vcxproj", "{B7FB51E0-D592-3017-ACF4-8EEB7FAFBFF0}"
	ProjectSection(ProjectDependencies) = postProject
		{71580248-2649-37BE-990A-1CFDDC78A759} = {71580248-2649-37BE-990A-1CFDDC78A759}
	EndProjectSection
EndProject
Project("{8BC9CEB8-8B4A-11D0-8D11-00A0C91BC942}") = "ZERO_CHECK", "ZERO_CHECK.vcxproj", "{71580248-2649-37BE-990A-1CFDDC78A759}"
	ProjectSection(ProjectDependencies) = postProject
	EndProjectSection
EndProject
Project("{8BC9CEB8-8B4A-11D0-8D11-00A0C91BC942}") = "assimp", "external\assimp-3.0.1270\code\assimp.vcxproj", "{081E7D4E-C933-3C9E-BAC9-D7A5294F7AA3}"
	ProjectSection(ProjectDependencies) = postProject
		{71580248-2649-37BE-990A-1CFDDC78A759} = {71580248-2649-37BE-990A-1CFDDC78A759}
		{91F1DF05-7F5D-39D6-9222-FDC0941A7973} = {91F1DF05-7F5D-39D6-9222-FDC0941A7973}
	EndProjectSection
EndProject
Project("{8BC9CEB8-8B4A-11D0-8D11-00A0C91BC942}") = "boing", "external\glfw-3.1.2\examples\boing.vcxproj", "{3C20A44A-92E4-39AB-A84D-F3CADF8B9D1B}"
	ProjectSection(ProjectDependencies) = postProject
		{71580248-2649-37BE-990A-1CFDDC78A759} = {71580248-2649-37BE-990A-1CFDDC78A759}
		{05A4C8E5-4861-3591-8C53-3D3FD323D9C3} = {05A4C8E5-4861-3591-8C53-3D3FD323D9C3}
	EndProjectSection
EndProject
Project("{8BC9CEB8-8B4A-11D0-8D11-00A0C91BC942}") = "clipboard", "external\glfw-3.1.2\tests\clipboard.vcxproj", "{F0F28109-7053-30FF-AE99-C3E7CFE6936E}"
	ProjectSection(ProjectDependencies) = postProject
		{71580248-2649-37BE-990A-1CFDDC78A759} = {71580248-2649-37BE-990A-1CFDDC78A759}
		{05A4C8E5-4861-3591-8C53-3D3FD323D9C3} = {05A4C8E5-4861-3591-8C53-3D3FD323D9C3}
	EndProjectSection
EndProject
Project("{8BC9CEB8-8B4A-11D0-8D11-00A0C91BC942}") = "cursor", "external\glfw-3.1.2\tests\cursor.vcxproj", "{E985FC23-ABC9-38F6-95CB-CCC7D978E38E}"
	ProjectSection(ProjectDependencies) = postProject
		{71580248-2649-37BE-990A-1CFDDC78A759} = {71580248-2649-37BE-990A-1CFDDC78A759}
		{05A4C8E5-4861-3591-8C53-3D3FD323D9C3} = {05A4C8E5-4861-3591-8C53-3D3FD323D9C3}
	EndProjectSection
EndProject
Project("{8BC9CEB8-8B4A-11D0-8D11-00A0C91BC942}") = "empty", "external\glfw-3.1.2\tests\empty.vcxproj", "{335181A9-070D-34F5-A0D8-C1B258A8E18E}"
	ProjectSection(ProjectDependencies) = postProject
		{71580248-2649-37BE-990A-1CFDDC78A759} = {71580248-2649-37BE-990A-1CFDDC78A759}
		{05A4C8E5-4861-3591-8C53-3D3FD323D9C3} = {05A4C8E5-4861-3591-8C53-3D3FD323D9C3}
	EndProjectSection
EndProject
Project("{8BC9CEB8-8B4A-11D0-8D11-00A0C91BC942}") = "events", "external\glfw-3.1.2\tests\events.vcxproj", "{31D22394-1E51-3E08-8F22-8ECC1B9CBAD3}"
	ProjectSection(ProjectDependencies) = postProject
		{71580248-2649-37BE-990A-1CFDDC78A759} = {71580248-2649-37BE-990A-1CFDDC78A759}
		{05A4C8E5-4861-3591-8C53-3D3FD323D9C3} = {05A4C8E5-4861-3591-8C53-3D3FD323D9C3}
	EndProjectSection
EndProject
Project("{8BC9CEB8-8B4A-11D0-8D11-00A0C91BC942}") = "gamma", "external\glfw-3.1.2\tests\gamma.vcxproj", "{D1AB34E1-1407-36AD-A0E8-982D77E48E8A}"
	ProjectSection(ProjectDependencies) = postProject
		{71580248-2649-37BE-990A-1CFDDC78A759} = {71580248-2649-37BE-990A-1CFDDC78A759}
		{05A4C8E5-4861-3591-8C53-3D3FD323D9C3} = {05A4C8E5-4861-3591-8C53-3D3FD323D9C3}
	EndProjectSection
EndProject
Project("{8BC9CEB8-8B4A-11D0-8D11-00A0C91BC942}") = "gears", "external\glfw-3.1.2\examples\gears.vcxproj", "{9F152256-27FE-393E-B6AC-588B3018EC98}"
	ProjectSection(ProjectDependencies) = postProject
		{71580248-2649-37BE-990A-1CFDDC78A759} = {71580248-2649-37BE-990A-1CFDDC78A759}
		{05A4C8E5-4861-3591-8C53-3D3FD323D9C3} = {05A4C8E5-4861-3591-8C53-3D3FD323D9C3}
	EndProjectSection
EndProject
Project("{8BC9CEB8-8B4A-11D0-8D11-00A0C91BC942}") = "glfw", "external\glfw-3.1.2\src\glfw.vcxproj", "{05A4C8E5-4861-3591-8C53-3D3FD323D9C3}"
	ProjectSection(ProjectDependencies) = postProject
		{71580248-2649-37BE-990A-1CFDDC78A759} = {71580248-2649-37BE-990A-1CFDDC78A759}
	EndProjectSection
EndProject
Project("{8BC9CEB8-8B4A-11D0-8D11-00A0C91BC942}") = "glfwinfo", "external\glfw-3.1.2\tests\glfwinfo.vcxproj", "{EDC780A4-EB6D-3C47-A984-6C3B9AF7E018}"
	ProjectSection(ProjectDependencies) = postProject
		{71580248-2649-37BE-990A-1CFDDC78A759} = {71580248-2649-37BE-990A-1CFDDC78A759}
		{05A4C8E5-4861-3591-8C53-3D3FD323D9C3} = {05A4C8E5-4861-3591-8C53-3D3FD323D9C3}
	EndProjectSection
EndProject
Project("{8BC9CEB8-8B4A-11D0-8D11-00A0C91BC942}") = "heightmap", "external\glfw-3.1.2\examples\heightmap.vcxproj", "{213E6563-55F8-317B-B2B1-9A2FDF9E9014}"
	ProjectSection(ProjectDependencies) = postProject
		{71580248-2649-37BE-990A-1CFDDC78A759} = {71580248-2649-37BE-990A-1CFDDC78A759}
		{05A4C8E5-4861-3591-8C53-3D3FD323D9C3} = {05A4C8E5-4861-3591-8C53-3D3FD323D9C3}
	EndProjectSection
EndProject
Project("{8BC9CEB8-8B4A-11D0-8D11-00A0C91BC942}") = "iconify", "external\glfw-3.1.2\tests\iconify.vcxproj", "{325ADA35-94AF-3DB1-B4C9-C1271EB720F0}"
	ProjectSection(ProjectDependencies) = postProject
		{71580248-2649-37BE-990A-1CFDDC78A759} = {71580248-2649-37BE-990A-1CFDDC78A759}
		{05A4C8E5-4861-3591-8C53-3D3FD323D9C3} = {05A4C8E5-4861-3591-8C53-3D3FD323D9C3}
	EndProjectSection
EndProject
Project("{8BC9CEB8-8B4A-11D0-8D11-00A0C91BC942}") = "joysticks", "external\glfw-3.1.2\tests\joysticks.vcxproj", "{A2363FB8-B851-3411-B114-70B8F7BE6072}"
	ProjectSection(ProjectDependencies) = postProject
		{71580248-2649-37BE-990A-1CFDDC78A759} = {71580248-2649-37BE-990A-1CFDDC78A759}
		{05A4C8E5-4861-3591-8C53-3D3FD323D9C3} = {05A4C8E5-4861-3591-8C53-3D3FD323D9C3}
	EndProjectSection
EndProject
Project("{8BC9CEB8-8B4A-11D0-8D11-00A0C91BC942}") = "misc05_picking_BulletPhysics", "misc05_picking_BulletPhysics.vcxproj", "{7DE59F76-40B3-3B7C-A55D-6B063BA7B2EE}"
	ProjectSection(ProjectDependencies) = postProject
		{498B175F-C912-37F2-A654-C8F50335087F} = {498B175F-C912-37F2-A654-C8F50335087F}
		{CF76F2B2-21A9-38EB-BCFF-766B050279F7} = {CF76F2B2-21A9-38EB-BCFF-766B050279F7}
		{D47D2B6D-50F6-317D-A883-13E9669ABCEB} = {D47D2B6D-50F6-317D-A883-13E9669ABCEB}
		{148E20A7-967F-3EEE-951E-1CE1119ED6B5} = {148E20A7-967F-3EEE-951E-1CE1119ED6B5}
		{B7FB51E0-D592-3017-ACF4-8EEB7FAFBFF0} = {B7FB51E0-D592-3017-ACF4-8EEB7FAFBFF0}
		{71580248-2649-37BE-990A-1CFDDC78A759} = {71580248-2649-37BE-990A-1CFDDC78A759}
		{05A4C8E5-4861-3591-8C53-3D3FD323D9C3} = {05A4C8E5-4861-3591-8C53-3D3FD323D9C3}
	EndProjectSection
EndProject
Project("{8BC9CEB8-8B4A-11D0-8D11-00A0C91BC942}") = "misc05_picking_custom", "misc05_picking_custom.vcxproj", "{5CE0CD11-49D6-3EA5-8DC0-F15E72EC5254}"
	ProjectSection(ProjectDependencies) = postProject
		{498B175F-C912-37F2-A654-C8F50335087F} = {498B175F-C912-37F2-A654-C8F50335087F}
		{148E20A7-967F-3EEE-951E-1CE1119ED6B5} = {148E20A7-967F-3EEE-951E-1CE1119ED6B5}
		{71580248-2649-37BE-990A-1CFDDC78A759} = {71580248-2649-37BE-990A-1CFDDC78A759}
		{05A4C8E5-4861-3591-8C53-3D3FD323D9C3} = {05A4C8E5-4861-3591-8C53-3D3FD323D9C3}
	EndProjectSection
EndProject
Project("{8BC9CEB8-8B4A-11D0-8D11-00A0C91BC942}") = "misc05_picking_slow_easy", "misc05_picking_slow_easy.vcxproj", "{0953F9CC-5B4D-37B2-8337-7EA94F43F487}"
	ProjectSection(ProjectDependencies) = postProject
		{498B175F-C912-37F2-A654-C8F50335087F} = {498B175F-C912-37F2-A654-C8F50335087F}
		{148E20A7-967F-3EEE-951E-1CE1119ED6B5} = {148E20A7-967F-3EEE-951E-1CE1119ED6B5}
		{71580248-2649-37BE-990A-1CFDDC78A759} = {71580248-2649-37BE-990A-1CFDDC78A759}
		{05A4C8E5-4861-3591-8C53-3D3FD323D9C3} = {05A4C8E5-4861-3591-8C53-3D3FD323D9C3}
	EndProjectSection
EndProject
Project("{8BC9CEB8-8B4A-11D0-8D11-00A0C91BC942}") = "monitors", "external\glfw-3.1.2\tests\monitors.vcxproj", "{44796FEA-CE3D-35AF-BF94-3A36A20146D4}"
	ProjectSection(ProjectDependencies) = postProject
		{71580248-2649-37BE-990A-1CFDDC78A759} = {71580248-2649-37BE-990A-1CFDDC78A759}
		{05A4C8E5-4861-3591-8C53-3D3FD323D9C3} = {05A4C8E5-4861-3591-8C53-3D3FD323D9C3}
	EndProjectSection
EndProject
Project("{8BC9CEB8-8B4A-11D0-8D11-00A0C91BC942}") = "msaa", "external\glfw-3.1.2\tests\msaa.vcxproj", "{3AF26A3C-5939-3FC3-8623-1E0E913B76C2}"
	ProjectSection(ProjectDependencies) = postProject
		{71580248-2649-37BE-990A-1CFDDC78A759} = {71580248-2649-37BE-990A-1CFDDC78A759}
		{05A4C8E5-4861-3591-8C53-3D3FD323D9C3} = {05A4C8E5-4861-3591-8C53-3D3FD323D9C3}
	EndProjectSection
EndProject
Project("{8BC9CEB8-8B4A-11D0-8D11-00A0C91BC942}") = "particles", "external\glfw-3.1.2\examples\particles.vcxproj", "{360BAEBC-6192-38CA-BAA4-7736C230D1A4}"
	ProjectSection(ProjectDependencies) = postProject
		{71580248-2649-37BE-990A-1CFDDC78A759} = {71580248-2649-37BE-990A-1CFDDC78A759}
		{05A4C8E5-4861-3591-8C53-3D3FD323D9C3} = {05A4C8E5-4861-3591-8C53-3D3FD323D9C3}
	EndProjectSection
EndProject
Project("{8BC9CEB8-8B4A-11D0-8D11-00A0C91BC942}") = "playground", "playground.vcxproj", "{4B25CBEB-23AC-32F7-845E-1D69CED6A6C2}"
	ProjectSection(ProjectDependencies) = postProject
		{148E20A7-967F-3EEE-951E-1CE1119ED6B5} = {148E20A7-967F-3EEE-951E-1CE1119ED6B5}
		{71580248-2649-37BE-990A-1CFDDC78A759} = {71580248-2649-37BE-990A-1CFDDC78A759}
		{05A4C8E5-4861-3591-8C53-3D3FD323D9C3} = {05A4C8E5-4861-3591-8C53-3D3FD323D9C3}
	EndProjectSection
EndProject
Project("{8BC9CEB8-8B4A-11D0-8D11-00A0C91BC942}") = "reopen", "external\glfw-3.1.2\tests\reopen.vcxproj", "{4649088A-D62C-3847-8DCD-99D566AA5DD7}"
	ProjectSection(ProjectDependencies) = postProject
		{71580248-2649-37BE-990A-1CFDDC78A759} = {71580248-2649-37BE-990A-1CFDDC78A759}
		{05A4C8E5-4861-3591-8C53-3D3FD323D9C3} = {05A4C8E5-4861-3591-8C53-3D3FD323D9C3}
	EndProjectSection
EndProject
Project("{8BC9CEB8-8B4A-11D0-8D11-00A0C91BC942}") = "sharing", "external\glfw-3.1.2\tests\sharing.vcxproj", "{C0FBFD8E-636B-39F9-A7A9-6DE38C894104}"
	ProjectSection(ProjectDependencies) = postProject
		{71580248-2649-37BE-990A-1CFDDC78A759} = {71580248-2649-37BE-990A-1CFDDC78A759}
		{05A4C8E5-4861-3591-8C53-3D3FD323D9C3} = {05A4C8E5-4861-3591-8C53-3D3FD323D9C3}
	EndProjectSection
EndProject
Project("{8BC9CEB8-8B4A-11D0-8D11-00A0C91BC942}") = "simple", "external\glfw-3.1.2\examples\simple.vcxproj", "{A565DAEE-7A67-35AF-AF86-9C820EB84BFA}"
	ProjectSection(ProjectDependencies) = postProject
		{71580248-2649-37BE-990A-1CFDDC78A759} = {71580248-2649-37BE-990A-1CFDDC78A759}
		{05A4C8E5-4861-3591-8C53-3D3FD323D9C3} = {05A4C8E5-4861-3591-8C53-3D3FD323D9C3}
	EndProjectSection
EndProject
Project("{8BC9CEB8-8B4A-11D0-8D11-00A0C91BC942}") = "splitview", "external\glfw-3.1.2\examples\splitview.vcxproj", "{A0C94DFB-1DEB-3ADB-8E33-A90DDB50AB08}"
	ProjectSection(ProjectDependencies) = postProject
		{71580248-2649-37BE-990A-1CFDDC78A759} = {71580248-2649-37BE-990A-1CFDDC78A759}
		{05A4C8E5-4861-3591-8C53-3D3FD323D9C3} = {05A4C8E5-4861-3591-8C53-3D3FD323D9C3}
	EndProjectSection
EndProject
Project("{8BC9CEB8-8B4A-11D0-8D11-00A0C91BC942}") = "tearing", "external\glfw-3.1.2\tests\tearing.vcxproj", "{4747A574-104C-312D-8B0F-E8CBEDB6A5DF}"
	ProjectSection(ProjectDependencies) = postProject
		{71580248-2649-37BE-990A-1CFDDC78A759} = {71580248-2649-37BE-990A-1CFDDC78A759}
		{05A4C8E5-4861-3591-8C53-3D3FD323D9C3} = {05A4C8E5-4861-3591-8C53-3D3FD323D9C3}
	EndProjectSection
EndProject
Project("{8BC9CEB8-8B4A-11D0-8D11-00A0C91BC942}") = "threads", "external\glfw-3.1.2\tests\threads.vcxproj", "{3BEF1E13-7354-3FEA-9FE2-06F361D55F14}"
	ProjectSection(ProjectDependencies) = postProject
		{71580248-2649-37BE-990A-1CFDDC78A759} = {71580248-2649-37BE-990A-1CFDDC78A759}
		{05A4C8E5-4861-3591-8C53-3D3FD323D9C3} = {05A4C8E5-4861-3591-8C53-3D3FD323D9C3}
	EndProjectSection
EndProject
Project("{8BC9CEB8-8B4A-11D0-8D11-00A0C91BC942}") = "title", "external\glfw-3.1.2\tests\title.vcxproj", "{6B2DBE64-C66E-3ADC-B5C6-CFDF1B86C2BE}"
	ProjectSection(ProjectDependencies) = postProject
		{71580248-2649-37BE-990A-1CFDDC78A759} = {71580248-2649-37BE-990A-1CFDDC78A759}
		{05A4C8E5-4861-3591-8C53-3D3FD323D9C3} = {05A4C8E5-4861-3591-8C53-3D3FD323D9C3}
	EndProjectSection
EndProject
Project("{8BC9CEB8-8B4A-11D0-8D11-00A0C91BC942}") = "tutorial01_first_window", "tutorial01_first_window.vcxproj", "{7D83D9C0-A167-303A-A2C1-0A9AD326EB88}"
	ProjectSection(ProjectDependencies) = postProject
		{148E20A7-967F-3EEE-951E-1CE1119ED6B5} = {148E20A7-967F-3EEE-951E-1CE1119ED6B5}
		{71580248-2649-37BE-990A-1CFDDC78A759} = {71580248-2649-37BE-990A-1CFDDC78A759}
		{05A4C8E5-4861-3591-8C53-3D3FD323D9C3} = {05A4C8E5-4861-3591-8C53-3D3FD323D9C3}
	EndProjectSection
EndProject
Project("{8BC9CEB8-8B4A-11D0-8D11-00A0C91BC942}") = "tutorial02_red_triangle", "tutorial02_red_triangle.vcxproj", "{5C166A48-86D8-314C-99D3-542AB55A2C4B}"
	ProjectSection(ProjectDependencies) = postProject
		{148E20A7-967F-3EEE-951E-1CE1119ED6B5} = {148E20A7-967F-3EEE-951E-1CE1119ED6B5}
		{71580248-2649-37BE-990A-1CFDDC78A759} = {71580248-2649-37BE-990A-1CFDDC78A759}
		{05A4C8E5-4861-3591-8C53-3D3FD323D9C3} = {05A4C8E5-4861-3591-8C53-3D3FD323D9C3}
	EndProjectSection
EndProject
Project("{8BC9CEB8-8B4A-11D0-8D11-00A0C91BC942}") = "tutorial03_matrices", "tutorial03_matrices.vcxproj", "{F7E01C79-9DBE-3B5B-80DC-18F9BDFD2B41}"
	ProjectSection(ProjectDependencies) = postProject
		{148E20A7-967F-3EEE-951E-1CE1119ED6B5} = {148E20A7-967F-3EEE-951E-1CE1119ED6B5}
		{71580248-2649-37BE-990A-1CFDDC78A759} = {71580248-2649-37BE-990A-1CFDDC78A759}
		{05A4C8E5-4861-3591-8C53-3D3FD323D9C3} = {05A4C8E5-4861-3591-8C53-3D3FD323D9C3}
	EndProjectSection
EndProject
Project("{8BC9CEB8-8B4A-11D0-8D11-00A0C91BC942}") = "tutorial04_colored_cube", "tutorial04_colored_cube.vcxproj", "{26A363F6-84A1-3EC0-9725-E25B3E2DAABB}"
	ProjectSection(ProjectDependencies) = postProject
		{148E20A7-967F-3EEE-951E-1CE1119ED6B5} = {148E20A7-967F-3EEE-951E-1CE1119ED6B5}
		{71580248-2649-37BE-990A-1CFDDC78A759} = {71580248-2649-37BE-990A-1CFDDC78A759}
		{05A4C8E5-4861-3591-8C53-3D3FD323D9C3} = {05A4C8E5-4861-3591-8C53-3D3FD323D9C3}
	EndProjectSection
EndProject
Project("{8BC9CEB8-8B4A-11D0-8D11-00A0C91BC942}") = "tutorial05_textured_cube", "tutorial05_textured_cube.vcxproj", "{C3B0AF79-8FA5-314A-83A4-716222A99FE3}"
	ProjectSection(ProjectDependencies) = postProject
		{148E20A7-967F-3EEE-951E-1CE1119ED6B5} = {148E20A7-967F-3EEE-951E-1CE1119ED6B5}
		{71580248-2649-37BE-990A-1CFDDC78A759} = {71580248-2649-37BE-990A-1CFDDC78A759}
		{05A4C8E5-4861-3591-8C53-3D3FD323D9C3} = {05A4C8E5-4861-3591-8C53-3D3FD323D9C3}
	EndProjectSection
EndProject
Project("{8BC9CEB8-8B4A-11D0-8D11-00A0C91BC942}") = "tutorial06_keyboard_and_mouse", "tutorial06_keyboard_and_mouse.vcxproj", "{4F20E38F-5661-37C3-948A-3448A8E10AB6}"
	ProjectSection(ProjectDependencies) = postProject
		{148E20A7-967F-3EEE-951E-1CE1119ED6B5} = {148E20A7-967F-3EEE-951E-1CE1119ED6B5}
		{71580248-2649-37BE-990A-1CFDDC78A759} = {71580248-2649-37BE-990A-1CFDDC78A759}
		{05A4C8E5-4861-3591-8C53-3D3FD323D9C3} = {05A4C8E5-4861-3591-8C53-3D3FD323D9C3}
	EndProjectSection
EndProject
Project("{8BC9CEB8-8B4A-11D0-8D11-00A0C91BC942}") = "tutorial07_model_loading", "tutorial07_model_loading.vcxproj", "{E3A3475D-CABB-3EF8-9E11-BFC31CFDA122}"
	ProjectSection(ProjectDependencies) = postProject
		{148E20A7-967F-3EEE-951E-1CE1119ED6B5} = {148E20A7-967F-3EEE-951E-1CE1119ED6B5}
		{71580248-2649-37BE-990A-1CFDDC78A759} = {71580248-2649-37BE-990A-1CFDDC78A759}
		{05A4C8E5-4861-3591-8C53-3D3FD323D9C3} = {05A4C8E5-4861-3591-8C53-3D3FD323D9C3}
	EndProjectSection
EndProject
Project("{8BC9CEB8-8B4A-11D0-8D11-00A0C91BC942}") = "tutorial08_basic_shading", "tutorial08_basic_shading.vcxproj", "{D0F2C82B-D855-3F8C-9925-F7A70C5D441C}"
	ProjectSection(ProjectDependencies) = postProject
		{148E20A7-967F-3EEE-951E-1CE1119ED6B5} = {148E20A7-967F-3EEE-951E-1CE1119ED6B5}
		{71580248-2649-37BE-990A-1CFDDC78A759} = {71580248-2649-37BE-990A-1CFDDC78A759}
		{05A4C8E5-4861-3591-8C53-3D3FD323D9C3} = {05A4C8E5-4861-3591-8C53-3D3FD323D9C3}
	EndProjectSection
EndProject
Project("{8BC9CEB8-8B4A-11D0-8D11-00A0C91BC942}") = "tutorial09_AssImp", "tutorial09_AssImp.vcxproj", "{82C68C0E-0A2D-37BA-84DD-F4D6DE566028}"
	ProjectSection(ProjectDependencies) = postProject
		{148E20A7-967F-3EEE-951E-1CE1119ED6B5} = {148E20A7-967F-3EEE-951E-1CE1119ED6B5}
		{71580248-2649-37BE-990A-1CFDDC78A759} = {71580248-2649-37BE-990A-1CFDDC78A759}
		{081E7D4E-C933-3C9E-BAC9-D7A5294F7AA3} = {081E7D4E-C933-3C9E-BAC9-D7A5294F7AA3}
		{05A4C8E5-4861-3591-8C53-3D3FD323D9C3} = {05A4C8E5-4861-3591-8C53-3D3FD323D9C3}
		{91F1DF05-7F5D-39D6-9222-FDC0941A7973} = {91F1DF05-7F5D-39D6-9222-FDC0941A7973}
	EndProjectSection
EndProject
Project("{8BC9CEB8-8B4A-11D0-8D11-00A0C91BC942}") = "tutorial09_several_objects", "tutorial09_several_objects.vcxproj", "{92261103-921E-381C-9C4F-A37B1E077357}"
	ProjectSection(ProjectDependencies) = postProject
		{148E20A7-967F-3EEE-951E-1CE1119ED6B5} = {148E20A7-967F-3EEE-951E-1CE1119ED6B5}
		{71580248-2649-37BE-990A-1CFDDC78A759} = {71580248-2649-37BE-990A-1CFDDC78A759}
		{05A4C8E5-4861-3591-8C53-3D3FD323D9C3} = {05A4C8E5-4861-3591-8C53-3D3FD323D9C3}
	EndProjectSection
EndProject
Project("{8BC9CEB8-8B4A-11D0-8D11-00A0C91BC942}") = "tutorial09_vbo_indexing", "tutorial09_vbo_indexing.vcxproj", "{FBE4BD2B-74B0-3F88-BEF4-F20DEA03FAC6}"
	ProjectSection(ProjectDependencies) = postProject
		{148E20A7-967F-3EEE-951E-1CE1119ED6B5} = {148E20A7-967F-3EEE-951E-1CE1119ED6B5}
		{71580248-2649-37BE-990A-1CFDDC78A759} = {71580248-2649-37BE-990A-1CFDDC78A759}
		{05A4C8E5-4861-3591-8C53-3D3FD323D9C3} = {05A4C8E5-4861-3591-8C53-3D3FD323D9C3}
	EndProjectSection
EndProject
Project("{8BC9CEB8-8B4A-11D0-8D11-00A0C91BC942}") = "tutorial10_transparency", "tutorial10_transparency.vcxproj", "{13A2E90A-9267-3220-A5B4-97B57C55BE2D}"
	ProjectSection(ProjectDependencies) = postProject
		{148E20A7-967F-3EEE-951E-1CE1119ED6B5} = {148E20A7-967F-3EEE-951E-1CE1119ED6B5}
		{71580248-2649-37BE-990A-1CFDDC78A759} = {71580248-2649-37BE-990A-1CFDDC78A759}
		{05A4C8E5-4861-3591-8C53-3D3FD323D9C3} = {05A4C8E5-4861-3591-8C53-3D3FD323D9C3}
	EndProjectSection
EndProject
Project("{8BC9CEB8-8B4A-11D0-8D11-00A0C91BC942}") = "tutorial11_2d_fonts", "tutorial11_2d_fonts.vcxproj", "{4C040FE4-36A3-30F7-910C-CD056B71026A}"
	ProjectSection(ProjectDependencies) = postProject
		{148E20A7-967F-3EEE-951E-1CE1119ED6B5} = {148E20A7-967F-3EEE-951E-1CE1119ED6B5}
		{71580248-2649-37BE-990A-1CFDDC78A759} = {71580248-2649-37BE-990A-1CFDDC78A759}
		{05A4C8E5-4861-3591-8C53-3D3FD323D9C3} = {05A4C8E5-4861-3591-8C53-3D3FD323D9C3}
	EndProjectSection
EndProject
Project("{8BC9CEB8-8B4A-11D0-8D11-00A0C91BC942}") = "tutorial12_extensions", "tutorial12_extensions.vcxproj", "{E70E3262-D364-3DD8-B306-B272ECE3B996}"
	ProjectSection(ProjectDependencies) = postProject
		{148E20A7-967F-3EEE-951E-1CE1119ED6B5} = {148E20A7-967F-3EEE-951E-1CE1119ED6B5}
		{71580248-2649-37BE-990A-1CFDDC78A759} = {71580248-2649-37BE-990A-1CFDDC78A759}
		{05A4C8E5-4861-3591-8C53-3D3FD323D9C3} = {05A4C8E5-4861-3591-8C53-3D3FD323D9C3}
	EndProjectSection
EndProject
Project("{8BC9CEB8-8B4A-11D0-8D11-00A0C91BC942}") = "tutorial13_normal_mapping", "tutorial13_normal_mapping.vcxproj", "{2A13B38D-8EA2-31C0-898F-1CDDE9861562}"
	ProjectSection(ProjectDependencies) = postProject
		{148E20A7-967F-3EEE-951E-1CE1119ED6B5} = {148E20A7-967F-3EEE-951E-1CE1119ED6B5}
		{71580248-2649-37BE-990A-1CFDDC78A759} = {71580248-2649-37BE-990A-1CFDDC78A759}
		{05A4C8E5-4861-3591-8C53-3D3FD323D9C3} = {05A4C8E5-4861-3591-8C53-3D3FD323D9C3}
	EndProjectSection
EndProject
Project("{8BC9CEB8-8B4A-11D0-8D11-00A0C91BC942}") = "tutorial14_render_to_texture", "tutorial14_render_to_texture.vcxproj", "{1ACFEB5B-1ADB-367F-B9FE-7FC02C570D8A}"
	ProjectSection(ProjectDependencies) = postProject
		{148E20A7-967F-3EEE-951E-1CE1119ED6B5} = {148E20A7-967F-3EEE-951E-1CE1119ED6B5}
		{71580248-2649-37BE-990A-1CFDDC78A759} = {71580248-2649-37BE-990A-1CFDDC78A759}
		{05A4C8E5-4861-3591-8C53-3D3FD323D9C3} = {05A4C8E5-4861-3591-8C53-3D3FD323D9C3}
	EndProjectSection
EndProject
Project("{8BC9CEB8-8B4A-11D0-8D11-00A0C91BC942}") = "tutorial15_lightmaps", "tutorial15_lightmaps.vcxproj", "{FD1D4A7F-5757-367D-A802-E7D21DACBC31}"
	ProjectSection(ProjectDependencies) = postProject
		{148E20A7-967F-3EEE-951E-1CE1119ED6B5} = {148E20A7-967F-3EEE-951E-1CE1119ED6B5}
		{71580248-2649-37BE-990A-1CFDDC78A759} = {71580248-2649-37BE-990A-1CFDDC78A759}
		{05A4C8E5-4861-3591-8C53-3D3FD323D9C3} = {05A4C8E5-4861-3591-8C53-3D3FD323D9C3}
	EndProjectSection
EndProject
Project("{8BC9CEB8-8B4A-11D0-8D11-00A0C91BC942}") = "tutorial16_shadowmaps", "tutorial16_shadowmaps.vcxproj", "{8F9884F2-C9B7-347B-B519-22CD1ECF596A}"
	ProjectSection(ProjectDependencies) = postProject
		{148E20A7-967F-3EEE-951E-1CE1119ED6B5} = {148E20A7-967F-3EEE-951E-1CE1119ED6B5}
		{71580248-2649-37BE-990A-1CFDDC78A759} = {71580248-2649-37BE-990A-1CFDDC78A759}
		{05A4C8E5-4861-3591-8C53-3D3FD323D9C3} = {05A4C8E5-4861-3591-8C53-3D3FD323D9C3}
	EndProjectSection
EndProject
Project("{8BC9CEB8-8B4A-11D0-8D11-00A0C91BC942}") = "tutorial16_shadowmaps_simple", "tutorial16_shadowmaps_simple.vcxproj", "{3CB589DA-26B3-3639-8744-8B85A8BECBE6}"
	ProjectSection(ProjectDependencies) = postProject
		{148E20A7-967F-3EEE-951E-1CE1119ED6B5} = {148E20A7-967F-3EEE-951E-1CE1119ED6B5}
		{71580248-2649-37BE-990A-1CFDDC78A759} = {71580248-2649-37BE-990A-1CFDDC78A759}
		{05A4C8E5-4861-3591-8C53-3D3FD323D9C3} = {05A4C8E5-4861-3591-8C53-3D3FD323D9C3}
	EndProjectSection
EndProject
Project("{8BC9CEB8-8B4A-11D0-8D11-00A0C91BC942}") = "tutorial17_rotations", "tutorial17_rotations.vcxproj", "{353E9AD4-9E4B-3397-BF60-6EC7E0CD4ADF}"
	ProjectSection(ProjectDependencies) = postProject
		{498B175F-C912-37F2-A654-C8F50335087F} = {498B175F-C912-37F2-A654-C8F50335087F}
		{148E20A7-967F-3EEE-951E-1CE1119ED6B5} = {148E20A7-967F-3EEE-951E-1CE1119ED6B5}
		{71580248-2649-37BE-990A-1CFDDC78A759} = {71580248-2649-37BE-990A-1CFDDC78A759}
		{05A4C8E5-4861-3591-8C53-3D3FD323D9C3} = {05A4C8E5-4861-3591-8C53-3D3FD323D9C3}
	EndProjectSection
EndProject
Project("{8BC9CEB8-8B4A-11D0-8D11-00A0C91BC942}") = "tutorial18_billboards", "tutorial18_billboards.vcxproj", "{037139FB-C0FC-3D8D-8A03-48F1DA2B5468}"
	ProjectSection(ProjectDependencies) = postProject
		{148E20A7-967F-3EEE-951E-1CE1119ED6B5} = {148E20A7-967F-3EEE-951E-1CE1119ED6B5}
		{71580248-2649-37BE-990A-1CFDDC78A759} = {71580248-2649-37BE-990A-1CFDDC78A759}
		{05A4C8E5-4861-3591-8C53-3D3FD323D9C3} = {05A4C8E5-4861-3591-8C53-3D3FD323D9C3}
	EndProjectSection
EndProject
Project("{8BC9CEB8-8B4A-11D0-8D11-00A0C91BC942}") = "tutorial18_particles", "tutorial18_particles.vcxproj", "{D56E70E2-3A28-374A-BFF9-70320808B9FA}"
	ProjectSection(ProjectDependencies) = postProject
		{148E20A7-967F-3EEE-951E-1CE1119ED6B5} = {148E20A7-967F-3EEE-951E-1CE1119ED6B5}
		{71580248-2649-37BE-990A-1CFDDC78A759} = {71580248-2649-37BE-990A-1CFDDC78A759}
		{05A4C8E5-4861-3591-8C53-3D3FD323D9C3} = {05A4C8E5-4861-3591-8C53-3D3FD323D9C3}
	EndProjectSection
EndProject
Project("{8BC9CEB8-8B4A-11D0-8D11-00A0C91BC942}") = "uninstall", "external\glfw-3.1.2\uninstall.vcxproj", "{D8C17DEC-0B30-3ECB-B607-6EB3945B9BF2}"
	ProjectSection(ProjectDependencies) = postProject
		{71580248-2649-37BE-990A-1CFDDC78A759} = {71580248-2649-37BE-990A-1CFDDC78A759}
	EndProjectSection
EndProject
Project("{8BC9CEB8-8B4A-11D0-8D11-00A0C91BC942}") = "wave", "external\glfw-3.1.2\examples\wave.vcxproj", "{D7C57BD7-371F-399D-9C5E-588DBAE115D4}"
	ProjectSection(ProjectDependencies) = postProject
		{71580248-2649-37BE-990A-1CFDDC78A759} = {71580248-2649-37BE-990A-1CFDDC78A759}
		{05A4C8E5-4861-3591-8C53-3D3FD323D9C3} = {05A4C8E5-4861-3591-8C53-3D3FD323D9C3}
	EndProjectSection
EndProject
Project("{8BC9CEB8-8B4A-11D0-8D11-00A0C91BC942}") = "windows", "external\glfw-3.1.2\tests\windows.vcxproj", "{3A7C9240-CA31-36FC-8A2D-86C677227AA0}"
	ProjectSection(ProjectDependencies) = postProject
		{71580248-2649-37BE-990A-1CFDDC78A759} = {71580248-2649-37BE-990A-1CFDDC78A759}
		{05A4C8E5-4861-3591-8C53-3D3FD323D9C3} = {05A4C8E5-4861-3591-8C53-3D3FD323D9C3}
	EndProjectSection
EndProject
Project("{8BC9CEB8-8B4A-11D0-8D11-00A0C91BC942}") = "zlib", "external\assimp-3.0.1270\contrib\zlib\zlib.vcxproj", "{91F1DF05-7F5D-39D6-9222-FDC0941A7973}"
	ProjectSection(ProjectDependencies) = postProject
		{71580248-2649-37BE-990A-1CFDDC78A759} = {71580248-2649-37BE-990A-1CFDDC78A759}
	EndProjectSection
EndProject
Global
	GlobalSection(SolutionConfigurationPlatforms) = preSolution
		Debug|Win32 = Debug|Win32
		Release|Win32 = Release|Win32
		MinSizeRel|Win32 = MinSizeRel|Win32
		RelWithDebInfo|Win32 = RelWithDebInfo|Win32
	EndGlobalSection
	GlobalSection(ProjectConfigurationPlatforms) = postSolution
		{D0650E9E-B726-3596-9E2E-8A8CA1392A3C}.Debug|Win32.ActiveCfg = Debug|Win32
		{D0650E9E-B726-3596-9E2E-8A8CA1392A3C}.Debug|Win32.Build.0 = Debug|Win32
		{D0650E9E-B726-3596-9E2E-8A8CA1392A3C}.Release|Win32.ActiveCfg = Release|Win32
		{D0650E9E-B726-3596-9E2E-8A8CA1392A3C}.Release|Win32.Build.0 = Release|Win32
		{D0650E9E-B726-3596-9E2E-8A8CA1392A3C}.MinSizeRel|Win32.ActiveCfg = MinSizeRel|Win32
		{D0650E9E-B726-3596-9E2E-8A8CA1392A3C}.MinSizeRel|Win32.Build.0 = MinSizeRel|Win32
		{D0650E9E-B726-3596-9E2E-8A8CA1392A3C}.RelWithDebInfo|Win32.ActiveCfg = RelWithDebInfo|Win32
		{D0650E9E-B726-3596-9E2E-8A8CA1392A3C}.RelWithDebInfo|Win32.Build.0 = RelWithDebInfo|Win32
		{498B175F-C912-37F2-A654-C8F50335087F}.Debug|Win32.ActiveCfg = Debug|Win32
		{498B175F-C912-37F2-A654-C8F50335087F}.Debug|Win32.Build.0 = Debug|Win32
		{498B175F-C912-37F2-A654-C8F50335087F}.Release|Win32.ActiveCfg = Release|Win32
		{498B175F-C912-37F2-A654-C8F50335087F}.Release|Win32.Build.0 = Release|Win32
		{498B175F-C912-37F2-A654-C8F50335087F}.MinSizeRel|Win32.ActiveCfg = MinSizeRel|Win32
		{498B175F-C912-37F2-A654-C8F50335087F}.MinSizeRel|Win32.Build.0 = MinSizeRel|Win32
		{498B175F-C912-37F2-A654-C8F50335087F}.RelWithDebInfo|Win32.ActiveCfg = RelWithDebInfo|Win32
		{498B175F-C912-37F2-A654-C8F50335087F}.RelWithDebInfo|Win32.Build.0 = RelWithDebInfo|Win32
		{CF76F2B2-21A9-38EB-BCFF-766B050279F7}.Debug|Win32.ActiveCfg = Debug|Win32
		{CF76F2B2-21A9-38EB-BCFF-766B050279F7}.Debug|Win32.Build.0 = Debug|Win32
		{CF76F2B2-21A9-38EB-BCFF-766B050279F7}.Release|Win32.ActiveCfg = Release|Win32
		{CF76F2B2-21A9-38EB-BCFF-766B050279F7}.Release|Win32.Build.0 = Release|Win32
		{CF76F2B2-21A9-38EB-BCFF-766B050279F7}.MinSizeRel|Win32.ActiveCfg = MinSizeRel|Win32
		{CF76F2B2-21A9-38EB-BCFF-766B050279F7}.MinSizeRel|Win32.Build.0 = MinSizeRel|Win32
		{CF76F2B2-21A9-38EB-BCFF-766B050279F7}.RelWithDebInfo|Win32.ActiveCfg = RelWithDebInfo|Win32
		{CF76F2B2-21A9-38EB-BCFF-766B050279F7}.RelWithDebInfo|Win32.Build.0 = RelWithDebInfo|Win32
		{D47D2B6D-50F6-317D-A883-13E9669ABCEB}.Debug|Win32.ActiveCfg = Debug|Win32
		{D47D2B6D-50F6-317D-A883-13E9669ABCEB}.Debug|Win32.Build.0 = Debug|Win32
		{D47D2B6D-50F6-317D-A883-13E9669ABCEB}.Release|Win32.ActiveCfg = Release|Win32
		{D47D2B6D-50F6-317D-A883-13E9669ABCEB}.Release|Win32.Build.0 = Release|Win32
		{D47D2B6D-50F6-317D-A883-13E9669ABCEB}.MinSizeRel|Win32.ActiveCfg = MinSizeRel|Win32
		{D47D2B6D-50F6-317D-A883-13E9669ABCEB}.MinSizeRel|Win32.Build.0 = MinSizeRel|Win32
		{D47D2B6D-50F6-317D-A883-13E9669ABCEB}.RelWithDebInfo|Win32.ActiveCfg = RelWithDebInfo|Win32
		{D47D2B6D-50F6-317D-A883-13E9669ABCEB}.RelWithDebInfo|Win32.Build.0 = RelWithDebInfo|Win32
		{77F67C93-AEEC-3094-A144-F9B8E9A33D42}.Debug|Win32.ActiveCfg = Debug|Win32
		{77F67C93-AEEC-3094-A144-F9B8E9A33D42}.Debug|Win32.Build.0 = Debug|Win32
		{77F67C93-AEEC-3094-A144-F9B8E9A33D42}.Release|Win32.ActiveCfg = Release|Win32
		{77F67C93-AEEC-3094-A144-F9B8E9A33D42}.Release|Win32.Build.0 = Release|Win32
		{77F67C93-AEEC-3094-A144-F9B8E9A33D42}.MinSizeRel|Win32.ActiveCfg = MinSizeRel|Win32
		{77F67C93-AEEC-3094-A144-F9B8E9A33D42}.MinSizeRel|Win32.Build.0 = MinSizeRel|Win32
		{77F67C93-AEEC-3094-A144-F9B8E9A33D42}.RelWithDebInfo|Win32.ActiveCfg = RelWithDebInfo|Win32
		{77F67C93-AEEC-3094-A144-F9B8E9A33D42}.RelWithDebInfo|Win32.Build.0 = RelWithDebInfo|Win32
		{148E20A7-967F-3EEE-951E-1CE1119ED6B5}.Debug|Win32.ActiveCfg = Debug|Win32
		{148E20A7-967F-3EEE-951E-1CE1119ED6B5}.Debug|Win32.Build.0 = Debug|Win32
		{148E20A7-967F-3EEE-951E-1CE1119ED6B5}.Release|Win32.ActiveCfg = Release|Win32
		{148E20A7-967F-3EEE-951E-1CE1119ED6B5}.Release|Win32.Build.0 = Release|Win32
		{148E20A7-967F-3EEE-951E-1CE1119ED6B5}.MinSizeRel|Win32.ActiveCfg = MinSizeRel|Win32
		{148E20A7-967F-3EEE-951E-1CE1119ED6B5}.MinSizeRel|Win32.Build.0 = MinSizeRel|Win32
		{148E20A7-967F-3EEE-951E-1CE1119ED6B5}.RelWithDebInfo|Win32.ActiveCfg = RelWithDebInfo|Win32
		{148E20A7-967F-3EEE-951E-1CE1119ED6B5}.RelWithDebInfo|Win32.Build.0 = RelWithDebInfo|Win32
		{6A6424CC-2EEB-3A76-827C-71464FE0D067}.Debug|Win32.ActiveCfg = Debug|Win32
		{6A6424CC-2EEB-3A76-827C-71464FE0D067}.Release|Win32.ActiveCfg = Release|Win32
		{6A6424CC-2EEB-3A76-827C-71464FE0D067}.MinSizeRel|Win32.ActiveCfg = MinSizeRel|Win32
		{6A6424CC-2EEB-3A76-827C-71464FE0D067}.RelWithDebInfo|Win32.ActiveCfg = RelWithDebInfo|Win32
		{B7FB51E0-D592-3017-ACF4-8EEB7FAFBFF0}.Debug|Win32.ActiveCfg = Debug|Win32
		{B7FB51E0-D592-3017-ACF4-8EEB7FAFBFF0}.Debug|Win32.Build.0 = Debug|Win32
		{B7FB51E0-D592-3017-ACF4-8EEB7FAFBFF0}.Release|Win32.ActiveCfg = Release|Win32
		{B7FB51E0-D592-3017-ACF4-8EEB7FAFBFF0}.Release|Win32.Build.0 = Release|Win32
		{B7FB51E0-D592-3017-ACF4-8EEB7FAFBFF0}.MinSizeRel|Win32.ActiveCfg = MinSizeRel|Win32
		{B7FB51E0-D592-3017-ACF4-8EEB7FAFBFF0}.MinSizeRel|Win32.Build.0 = MinSizeRel|Win32
		{B7FB51E0-D592-3017-ACF4-8EEB7FAFBFF0}.RelWithDebInfo|Win32.ActiveCfg = RelWithDebInfo|Win32
		{B7FB51E0-D592-3017-ACF4-8EEB7FAFBFF0}.RelWithDebInfo|Win32.Build.0 = RelWithDebInfo|Win32
		{71580248-2649-37BE-990A-1CFDDC78A759}.Debug|Win32.ActiveCfg = Debug|Win32
		{71580248-2649-37BE-990A-1CFDDC78A759}.Debug|Win32.Build.0 = Debug|Win32
		{71580248-2649-37BE-990A-1CFDDC78A759}.Release|Win32.ActiveCfg = Release|Win32
		{71580248-2649-37BE-990A-1CFDDC78A759}.Release|Win32.Build.0 = Release|Win32
		{71580248-2649-37BE-990A-1CFDDC78A759}.MinSizeRel|Win32.ActiveCfg = MinSizeRel|Win32
		{71580248-2649-37BE-990A-1CFDDC78A759}.MinSizeRel|Win32.Build.0 = MinSizeRel|Win32
		{71580248-2649-37BE-990A-1CFDDC78A759}.RelWithDebInfo|Win32.ActiveCfg = RelWithDebInfo|Win32
		{71580248-2649-37BE-990A-1CFDDC78A759}.RelWithDebInfo|Win32.Build.0 = RelWithDebInfo|Win32
		{081E7D4E-C933-3C9E-BAC9-D7A5294F7AA3}.Debug|Win32.ActiveCfg = Debug|Win32
		{081E7D4E-C933-3C9E-BAC9-D7A5294F7AA3}.Debug|Win32.Build.0 = Debug|Win32
		{081E7D4E-C933-3C9E-BAC9-D7A5294F7AA3}.Release|Win32.ActiveCfg = Release|Win32
		{081E7D4E-C933-3C9E-BAC9-D7A5294F7AA3}.Release|Win32.Build.0 = Release|Win32
		{081E7D4E-C933-3C9E-BAC9-D7A5294F7AA3}.MinSizeRel|Win32.ActiveCfg = MinSizeRel|Win32
		{081E7D4E-C933-3C9E-BAC9-D7A5294F7AA3}.MinSizeRel|Win32.Build.0 = MinSizeRel|Win32
		{081E7D4E-C933-3C9E-BAC9-D7A5294F7AA3}.RelWithDebInfo|Win32.ActiveCfg = RelWithDebInfo|Win32
		{081E7D4E-C933-3C9E-BAC9-D7A5294F7AA3}.RelWithDebInfo|Win32.Build.0 = RelWithDebInfo|Win32
		{3C20A44A-92E4-39AB-A84D-F3CADF8B9D1B}.Debug|Win32.ActiveCfg = Debug|Win32
		{3C20A44A-92E4-39AB-A84D-F3CADF8B9D1B}.Debug|Win32.Build.0 = Debug|Win32
		{3C20A44A-92E4-39AB-A84D-F3CADF8B9D1B}.Release|Win32.ActiveCfg = Release|Win32
		{3C20A44A-92E4-39AB-A84D-F3CADF8B9D1B}.Release|Win32.Build.0 = Release|Win32
		{3C20A44A-92E4-39AB-A84D-F3CADF8B9D1B}.MinSizeRel|Win32.ActiveCfg = MinSizeRel|Win32
		{3C20A44A-92E4-39AB-A84D-F3CADF8B9D1B}.MinSizeRel|Win32.Build.0 = MinSizeRel|Win32
		{3C20A44A-92E4-39AB-A84D-F3CADF8B9D1B}.RelWithDebInfo|Win32.ActiveCfg = RelWithDebInfo|Win32
		{3C20A44A-92E4-39AB-A84D-F3CADF8B9D1B}.RelWithDebInfo|Win32.Build.0 = RelWithDebInfo|Win32
		{F0F28109-7053-30FF-AE99-C3E7CFE6936E}.Debug|Win32.ActiveCfg = Debug|Win32
		{F0F28109-7053-30FF-AE99-C3E7CFE6936E}.Debug|Win32.Build.0 = Debug|Win32
		{F0F28109-7053-30FF-AE99-C3E7CFE6936E}.Release|Win32.ActiveCfg = Release|Win32
		{F0F28109-7053-30FF-AE99-C3E7CFE6936E}.Release|Win32.Build.0 = Release|Win32
		{F0F28109-7053-30FF-AE99-C3E7CFE6936E}.MinSizeRel|Win32.ActiveCfg = MinSizeRel|Win32
		{F0F28109-7053-30FF-AE99-C3E7CFE6936E}.MinSizeRel|Win32.Build.0 = MinSizeRel|Win32
		{F0F28109-7053-30FF-AE99-C3E7CFE6936E}.RelWithDebInfo|Win32.ActiveCfg = RelWithDebInfo|Win32
		{F0F28109-7053-30FF-AE99-C3E7CFE6936E}.RelWithDebInfo|Win32.Build.0 = RelWithDebInfo|Win32
		{E985FC23-ABC9-38F6-95CB-CCC7D978E38E}.Debug|Win32.ActiveCfg = Debug|Win32
		{E985FC23-ABC9-38F6-95CB-CCC7D978E38E}.Debug|Win32.Build.0 = Debug|Win32
		{E985FC23-ABC9-38F6-95CB-CCC7D978E38E}.Release|Win32.ActiveCfg = Release|Win32
		{E985FC23-ABC9-38F6-95CB-CCC7D978E38E}.Release|Win32.Build.0 = Release|Win32
		{E985FC23-ABC9-38F6-95CB-CCC7D978E38E}.MinSizeRel|Win32.ActiveCfg = MinSizeRel|Win32
		{E985FC23-ABC9-38F6-95CB-CCC7D978E38E}.MinSizeRel|Win32.Build.0 = MinSizeRel|Win32
		{E985FC23-ABC9-38F6-95CB-CCC7D978E38E}.RelWithDebInfo|Win32.ActiveCfg = RelWithDebInfo|Win32
		{E985FC23-ABC9-38F6-95CB-CCC7D978E38E}.RelWithDebInfo|Win32.Build.0 = RelWithDebInfo|Win32
		{335181A9-070D-34F5-A0D8-C1B258A8E18E}.Debug|Win32.ActiveCfg = Debug|Win32
		{335181A9-070D-34F5-A0D8-C1B258A8E18E}.Debug|Win32.Build.0 = Debug|Win32
		{335181A9-070D-34F5-A0D8-C1B258A8E18E}.Release|Win32.ActiveCfg = Release|Win32
		{335181A9-070D-34F5-A0D8-C1B258A8E18E}.Release|Win32.Build.0 = Release|Win32
		{335181A9-070D-34F5-A0D8-C1B258A8E18E}.MinSizeRel|Win32.ActiveCfg = MinSizeRel|Win32
		{335181A9-070D-34F5-A0D8-C1B258A8E18E}.MinSizeRel|Win32.Build.0 = MinSizeRel|Win32
		{335181A9-070D-34F5-A0D8-C1B258A8E18E}.RelWithDebInfo|Win32.ActiveCfg = RelWithDebInfo|Win32
		{335181A9-070D-34F5-A0D8-C1B258A8E18E}.RelWithDebInfo|Win32.Build.0 = RelWithDebInfo|Win32
		{31D22394-1E51-3E08-8F22-8ECC1B9CBAD3}.Debug|Win32.ActiveCfg = Debug|Win32
		{31D22394-1E51-3E08-8F22-8ECC1B9CBAD3}.Debug|Win32.Build.0 = Debug|Win32
		{31D22394-1E51-3E08-8F22-8ECC1B9CBAD3}.Release|Win32.ActiveCfg = Release|Win32
		{31D22394-1E51-3E08-8F22-8ECC1B9CBAD3}.Release|Win32.Build.0 = Release|Win32
		{31D22394-1E51-3E08-8F22-8ECC1B9CBAD3}.MinSizeRel|Win32.ActiveCfg = MinSizeRel|Win32
		{31D22394-1E51-3E08-8F22-8ECC1B9CBAD3}.MinSizeRel|Win32.Build.0 = MinSizeRel|Win32
		{31D22394-1E51-3E08-8F22-8ECC1B9CBAD3}.RelWithDebInfo|Win32.ActiveCfg = RelWithDebInfo|Win32
		{31D22394-1E51-3E08-8F22-8ECC1B9CBAD3}.RelWithDebInfo|Win32.Build.0 = RelWithDebInfo|Win32
		{D1AB34E1-1407-36AD-A0E8-982D77E48E8A}.Debug|Win32.ActiveCfg = Debug|Win32
		{D1AB34E1-1407-36AD-A0E8-982D77E48E8A}.Debug|Win32.Build.0 = Debug|Win32
		{D1AB34E1-1407-36AD-A0E8-982D77E48E8A}.Release|Win32.ActiveCfg = Release|Win32
		{D1AB34E1-1407-36AD-A0E8-982D77E48E8A}.Release|Win32.Build.0 = Release|Win32
		{D1AB34E1-1407-36AD-A0E8-982D77E48E8A}.MinSizeRel|Win32.ActiveCfg = MinSizeRel|Win32
		{D1AB34E1-1407-36AD-A0E8-982D77E48E8A}.MinSizeRel|Win32.Build.0 = MinSizeRel|Win32
		{D1AB34E1-1407-36AD-A0E8-982D77E48E8A}.RelWithDebInfo|Win32.ActiveCfg = RelWithDebInfo|Win32
		{D1AB34E1-1407-36AD-A0E8-982D77E48E8A}.RelWithDebInfo|Win32.Build.0 = RelWithDebInfo|Win32
		{9F152256-27FE-393E-B6AC-588B3018EC98}.Debug|Win32.ActiveCfg = Debug|Win32
		{9F152256-27FE-393E-B6AC-588B3018EC98}.Debug|Win32.Build.0 = Debug|Win32
		{9F152256-27FE-393E-B6AC-588B3018EC98}.Release|Win32.ActiveCfg = Release|Win32
		{9F152256-27FE-393E-B6AC-588B3018EC98}.Release|Win32.Build.0 = Release|Win32
		{9F152256-27FE-393E-B6AC-588B3018EC98}.MinSizeRel|Win32.ActiveCfg = MinSizeRel|Win32
		{9F152256-27FE-393E-B6AC-588B3018EC98}.MinSizeRel|Win32.Build.0 = MinSizeRel|Win32
		{9F152256-27FE-393E-B6AC-588B3018EC98}.RelWithDebInfo|Win32.ActiveCfg = RelWithDebInfo|Win32
		{9F152256-27FE-393E-B6AC-588B3018EC98}.RelWithDebInfo|Win32.Build.0 = RelWithDebInfo|Win32
		{05A4C8E5-4861-3591-8C53-3D3FD323D9C3}.Debug|Win32.ActiveCfg = Debug|Win32
		{05A4C8E5-4861-3591-8C53-3D3FD323D9C3}.Debug|Win32.Build.0 = Debug|Win32
		{05A4C8E5-4861-3591-8C53-3D3FD323D9C3}.Release|Win32.ActiveCfg = Release|Win32
		{05A4C8E5-4861-3591-8C53-3D3FD323D9C3}.Release|Win32.Build.0 = Release|Win32
		{05A4C8E5-4861-3591-8C53-3D3FD323D9C3}.MinSizeRel|Win32.ActiveCfg = MinSizeRel|Win32
		{05A4C8E5-4861-3591-8C53-3D3FD323D9C3}.MinSizeRel|Win32.Build.0 = MinSizeRel|Win32
		{05A4C8E5-4861-3591-8C53-3D3FD323D9C3}.RelWithDebInfo|Win32.ActiveCfg = RelWithDebInfo|Win32
		{05A4C8E5-4861-3591-8C53-3D3FD323D9C3}.RelWithDebInfo|Win32.Build.0 = RelWithDebInfo|Win32
		{EDC780A4-EB6D-3C47-A984-6C3B9AF7E018}.Debug|Win32.ActiveCfg = Debug|Win32
		{EDC780A4-EB6D-3C47-A984-6C3B9AF7E018}.Debug|Win32.Build.0 = Debug|Win32
		{EDC780A4-EB6D-3C47-A984-6C3B9AF7E018}.Release|Win32.ActiveCfg = Release|Win32
		{EDC780A4-EB6D-3C47-A984-6C3B9AF7E018}.Release|Win32.Build.0 = Release|Win32
		{EDC780A4-EB6D-3C47-A984-6C3B9AF7E018}.MinSizeRel|Win32.ActiveCfg = MinSizeRel|Win32
		{EDC780A4-EB6D-3C47-A984-6C3B9AF7E018}.MinSizeRel|Win32.Build.0 = MinSizeRel|Win32
		{EDC780A4-EB6D-3C47-A984-6C3B9AF7E018}.RelWithDebInfo|Win32.ActiveCfg = RelWithDebInfo|Win32
		{EDC780A4-EB6D-3C47-A984-6C3B9AF7E018}.RelWithDebInfo|Win32.Build.0 = RelWithDebInfo|Win32
		{213E6563-55F8-317B-B2B1-9A2FDF9E9014}.Debug|Win32.ActiveCfg = Debug|Win32
		{213E6563-55F8-317B-B2B1-9A2FDF9E9014}.Debug|Win32.Build.0 = Debug|Win32
		{213E6563-55F8-317B-B2B1-9A2FDF9E9014}.Release|Win32.ActiveCfg = Release|Win32
		{213E6563-55F8-317B-B2B1-9A2FDF9E9014}.Release|Win32.Build.0 = Release|Win32
		{213E6563-55F8-317B-B2B1-9A2FDF9E9014}.MinSizeRel|Win32.ActiveCfg = MinSizeRel|Win32
		{213E6563-55F8-317B-B2B1-9A2FDF9E9014}.MinSizeRel|Win32.Build.0 = MinSizeRel|Win32
		{213E6563-55F8-317B-B2B1-9A2FDF9E9014}.RelWithDebInfo|Win32.ActiveCfg = RelWithDebInfo|Win32
		{213E6563-55F8-317B-B2B1-9A2FDF9E9014}.RelWithDebInfo|Win32.Build.0 = RelWithDebInfo|Win32
		{325ADA35-94AF-3DB1-B4C9-C1271EB720F0}.Debug|Win32.ActiveCfg = Debug|Win32
		{325ADA35-94AF-3DB1-B4C9-C1271EB720F0}.Debug|Win32.Build.0 = Debug|Win32
		{325ADA35-94AF-3DB1-B4C9-C1271EB720F0}.Release|Win32.ActiveCfg = Release|Win32
		{325ADA35-94AF-3DB1-B4C9-C1271EB720F0}.Release|Win32.Build.0 = Release|Win32
		{325ADA35-94AF-3DB1-B4C9-C1271EB720F0}.MinSizeRel|Win32.ActiveCfg = MinSizeRel|Win32
		{325ADA35-94AF-3DB1-B4C9-C1271EB720F0}.MinSizeRel|Win32.Build.0 = MinSizeRel|Win32
		{325ADA35-94AF-3DB1-B4C9-C1271EB720F0}.RelWithDebInfo|Win32.ActiveCfg = RelWithDebInfo|Win32
		{325ADA35-94AF-3DB1-B4C9-C1271EB720F0}.RelWithDebInfo|Win32.Build.0 = RelWithDebInfo|Win32
		{A2363FB8-B851-3411-B114-70B8F7BE6072}.Debug|Win32.ActiveCfg = Debug|Win32
		{A2363FB8-B851-3411-B114-70B8F7BE6072}.Debug|Win32.Build.0 = Debug|Win32
		{A2363FB8-B851-3411-B114-70B8F7BE6072}.Release|Win32.ActiveCfg = Release|Win32
		{A2363FB8-B851-3411-B114-70B8F7BE6072}.Release|Win32.Build.0 = Release|Win32
		{A2363FB8-B851-3411-B114-70B8F7BE6072}.MinSizeRel|Win32.ActiveCfg = MinSizeRel|Win32
		{A2363FB8-B851-3411-B114-70B8F7BE6072}.MinSizeRel|Win32.Build.0 = MinSizeRel|Win32
		{A2363FB8-B851-3411-B114-70B8F7BE6072}.RelWithDebInfo|Win32.ActiveCfg = RelWithDebInfo|Win32
		{A2363FB8-B851-3411-B114-70B8F7BE6072}.RelWithDebInfo|Win32.Build.0 = RelWithDebInfo|Win32
		{7DE59F76-40B3-3B7C-A55D-6B063BA7B2EE}.Debug|Win32.ActiveCfg = Debug|Win32
		{7DE59F76-40B3-3B7C-A55D-6B063BA7B2EE}.Debug|Win32.Build.0 = Debug|Win32
		{7DE59F76-40B3-3B7C-A55D-6B063BA7B2EE}.Release|Win32.ActiveCfg = Release|Win32
		{7DE59F76-40B3-3B7C-A55D-6B063BA7B2EE}.Release|Win32.Build.0 = Release|Win32
		{7DE59F76-40B3-3B7C-A55D-6B063BA7B2EE}.MinSizeRel|Win32.ActiveCfg = MinSizeRel|Win32
		{7DE59F76-40B3-3B7C-A55D-6B063BA7B2EE}.MinSizeRel|Win32.Build.0 = MinSizeRel|Win32
		{7DE59F76-40B3-3B7C-A55D-6B063BA7B2EE}.RelWithDebInfo|Win32.ActiveCfg = RelWithDebInfo|Win32
		{7DE59F76-40B3-3B7C-A55D-6B063BA7B2EE}.RelWithDebInfo|Win32.Build.0 = RelWithDebInfo|Win32
		{5CE0CD11-49D6-3EA5-8DC0-F15E72EC5254}.Debug|Win32.ActiveCfg = Debug|Win32
		{5CE0CD11-49D6-3EA5-8DC0-F15E72EC5254}.Debug|Win32.Build.0 = Debug|Win32
		{5CE0CD11-49D6-3EA5-8DC0-F15E72EC5254}.Release|Win32.ActiveCfg = Release|Win32
		{5CE0CD11-49D6-3EA5-8DC0-F15E72EC5254}.Release|Win32.Build.0 = Release|Win32
		{5CE0CD11-49D6-3EA5-8DC0-F15E72EC5254}.MinSizeRel|Win32.ActiveCfg = MinSizeRel|Win32
		{5CE0CD11-49D6-3EA5-8DC0-F15E72EC5254}.MinSizeRel|Win32.Build.0 = MinSizeRel|Win32
		{5CE0CD11-49D6-3EA5-8DC0-F15E72EC5254}.RelWithDebInfo|Win32.ActiveCfg = RelWithDebInfo|Win32
		{5CE0CD11-49D6-3EA5-8DC0-F15E72EC5254}.RelWithDebInfo|Win32.Build.0 = RelWithDebInfo|Win32
		{0953F9CC-5B4D-37B2-8337-7EA94F43F487}.Debug|Win32.ActiveCfg = Debug|Win32
		{0953F9CC-5B4D-37B2-8337-7EA94F43F487}.Debug|Win32.Build.0 = Debug|Win32
		{0953F9CC-5B4D-37B2-8337-7EA94F43F487}.Release|Win32.ActiveCfg = Release|Win32
		{0953F9CC-5B4D-37B2-8337-7EA94F43F487}.Release|Win32.Build.0 = Release|Win32
		{0953F9CC-5B4D-37B2-8337-7EA94F43F487}.MinSizeRel|Win32.ActiveCfg = MinSizeRel|Win32
		{0953F9CC-5B4D-37B2-8337-7EA94F43F487}.MinSizeRel|Win32.Build.0 = MinSizeRel|Win32
		{0953F9CC-5B4D-37B2-8337-7EA94F43F487}.RelWithDebInfo|Win32.ActiveCfg = RelWithDebInfo|Win32
		{0953F9CC-5B4D-37B2-8337-7EA94F43F487}.RelWithDebInfo|Win32.Build.0 = RelWithDebInfo|Win32
		{44796FEA-CE3D-35AF-BF94-3A36A20146D4}.Debug|Win32.ActiveCfg = Debug|Win32
		{44796FEA-CE3D-35AF-BF94-3A36A20146D4}.Debug|Win32.Build.0 = Debug|Win32
		{44796FEA-CE3D-35AF-BF94-3A36A20146D4}.Release|Win32.ActiveCfg = Release|Win32
		{44796FEA-CE3D-35AF-BF94-3A36A20146D4}.Release|Win32.Build.0 = Release|Win32
		{44796FEA-CE3D-35AF-BF94-3A36A20146D4}.MinSizeRel|Win32.ActiveCfg = MinSizeRel|Win32
		{44796FEA-CE3D-35AF-BF94-3A36A20146D4}.MinSizeRel|Win32.Build.0 = MinSizeRel|Win32
		{44796FEA-CE3D-35AF-BF94-3A36A20146D4}.RelWithDebInfo|Win32.ActiveCfg = RelWithDebInfo|Win32
		{44796FEA-CE3D-35AF-BF94-3A36A20146D4}.RelWithDebInfo|Win32.Build.0 = RelWithDebInfo|Win32
		{3AF26A3C-5939-3FC3-8623-1E0E913B76C2}.Debug|Win32.ActiveCfg = Debug|Win32
		{3AF26A3C-5939-3FC3-8623-1E0E913B76C2}.Debug|Win32.Build.0 = Debug|Win32
		{3AF26A3C-5939-3FC3-8623-1E0E913B76C2}.Release|Win32.ActiveCfg = Release|Win32
		{3AF26A3C-5939-3FC3-8623-1E0E913B76C2}.Release|Win32.Build.0 = Release|Win32
		{3AF26A3C-5939-3FC3-8623-1E0E913B76C2}.MinSizeRel|Win32.ActiveCfg = MinSizeRel|Win32
		{3AF26A3C-5939-3FC3-8623-1E0E913B76C2}.MinSizeRel|Win32.Build.0 = MinSizeRel|Win32
		{3AF26A3C-5939-3FC3-8623-1E0E913B76C2}.RelWithDebInfo|Win32.ActiveCfg = RelWithDebInfo|Win32
		{3AF26A3C-5939-3FC3-8623-1E0E913B76C2}.RelWithDebInfo|Win32.Build.0 = RelWithDebInfo|Win32
		{360BAEBC-6192-38CA-BAA4-7736C230D1A4}.Debug|Win32.ActiveCfg = Debug|Win32
		{360BAEBC-6192-38CA-BAA4-7736C230D1A4}.Debug|Win32.Build.0 = Debug|Win32
		{360BAEBC-6192-38CA-BAA4-7736C230D1A4}.Release|Win32.ActiveCfg = Release|Win32
		{360BAEBC-6192-38CA-BAA4-7736C230D1A4}.Release|Win32.Build.0 = Release|Win32
		{360BAEBC-6192-38CA-BAA4-7736C230D1A4}.MinSizeRel|Win32.ActiveCfg = MinSizeRel|Win32
		{360BAEBC-6192-38CA-BAA4-7736C230D1A4}.MinSizeRel|Win32.Build.0 = MinSizeRel|Win32
		{360BAEBC-6192-38CA-BAA4-7736C230D1A4}.RelWithDebInfo|Win32.ActiveCfg = RelWithDebInfo|Win32
		{360BAEBC-6192-38CA-BAA4-7736C230D1A4}.RelWithDebInfo|Win32.Build.0 = RelWithDebInfo|Win32
		{4B25CBEB-23AC-32F7-845E-1D69CED6A6C2}.Debug|Win32.ActiveCfg = Debug|Win32
		{4B25CBEB-23AC-32F7-845E-1D69CED6A6C2}.Debug|Win32.Build.0 = Debug|Win32
		{4B25CBEB-23AC-32F7-845E-1D69CED6A6C2}.Release|Win32.ActiveCfg = Release|Win32
		{4B25CBEB-23AC-32F7-845E-1D69CED6A6C2}.Release|Win32.Build.0 = Release|Win32
		{4B25CBEB-23AC-32F7-845E-1D69CED6A6C2}.MinSizeRel|Win32.ActiveCfg = MinSizeRel|Win32
		{4B25CBEB-23AC-32F7-845E-1D69CED6A6C2}.MinSizeRel|Win32.Build.0 = MinSizeRel|Win32
		{4B25CBEB-23AC-32F7-845E-1D69CED6A6C2}.RelWithDebInfo|Win32.ActiveCfg = RelWithDebInfo|Win32
		{4B25CBEB-23AC-32F7-845E-1D69CED6A6C2}.RelWithDebInfo|Win32.Build.0 = RelWithDebInfo|Win32
		{4649088A-D62C-3847-8DCD-99D566AA5DD7}.Debug|Win32.ActiveCfg = Debug|Win32
		{4649088A-D62C-3847-8DCD-99D566AA5DD7}.Debug|Win32.Build.0 = Debug|Win32
		{4649088A-D62C-3847-8DCD-99D566AA5DD7}.Release|Win32.ActiveCfg = Release|Win32
		{4649088A-D62C-3847-8DCD-99D566AA5DD7}.Release|Win32.Build.0 = Release|Win32
		{4649088A-D62C-3847-8DCD-99D566AA5DD7}.MinSizeRel|Win32.ActiveCfg = MinSizeRel|Win32
		{4649088A-D62C-3847-8DCD-99D566AA5DD7}.MinSizeRel|Win32.Build.0 = MinSizeRel|Win32
		{4649088A-D62C-3847-8DCD-99D566AA5DD7}.RelWithDebInfo|Win32.ActiveCfg = RelWithDebInfo|Win32
		{4649088A-D62C-3847-8DCD-99D566AA5DD7}.RelWithDebInfo|Win32.Build.0 = RelWithDebInfo|Win32
		{C0FBFD8E-636B-39F9-A7A9-6DE38C894104}.Debug|Win32.ActiveCfg = Debug|Win32
		{C0FBFD8E-636B-39F9-A7A9-6DE38C894104}.Debug|Win32.Build.0 = Debug|Win32
		{C0FBFD8E-636B-39F9-A7A9-6DE38C894104}.Release|Win32.ActiveCfg = Release|Win32
		{C0FBFD8E-636B-39F9-A7A9-6DE38C894104}.Release|Win32.Build.0 = Release|Win32
		{C0FBFD8E-636B-39F9-A7A9-6DE38C894104}.MinSizeRel|Win32.ActiveCfg = MinSizeRel|Win32
		{C0FBFD8E-636B-39F9-A7A9-6DE38C894104}.MinSizeRel|Win32.Build.0 = MinSizeRel|Win32
		{C0FBFD8E-636B-39F9-A7A9-6DE38C894104}.RelWithDebInfo|Win32.ActiveCfg = RelWithDebInfo|Win32
		{C0FBFD8E-636B-39F9-A7A9-6DE38C894104}.RelWithDebInfo|Win32.Build.0 = RelWithDebInfo|Win32
		{A565DAEE-7A67-35AF-AF86-9C820EB84BFA}.Debug|Win32.ActiveCfg = Debug|Win32
		{A565DAEE-7A67-35AF-AF86-9C820EB84BFA}.Debug|Win32.Build.0 = Debug|Win32
		{A565DAEE-7A67-35AF-AF86-9C820EB84BFA}.Release|Win32.ActiveCfg = Release|Win32
		{A565DAEE-7A67-35AF-AF86-9C820EB84BFA}.Release|Win32.Build.0 = Release|Win32
		{A565DAEE-7A67-35AF-AF86-9C820EB84BFA}.MinSizeRel|Win32.ActiveCfg = MinSizeRel|Win32
		{A565DAEE-7A67-35AF-AF86-9C820EB84BFA}.MinSizeRel|Win32.Build.0 = MinSizeRel|Win32
		{A565DAEE-7A67-35AF-AF86-9C820EB84BFA}.RelWithDebInfo|Win32.ActiveCfg = RelWithDebInfo|Win32
		{A565DAEE-7A67-35AF-AF86-9C820EB84BFA}.RelWithDebInfo|Win32.Build.0 = RelWithDebInfo|Win32
		{A0C94DFB-1DEB-3ADB-8E33-A90DDB50AB08}.Debug|Win32.ActiveCfg = Debug|Win32
		{A0C94DFB-1DEB-3ADB-8E33-A90DDB50AB08}.Debug|Win32.Build.0 = Debug|Win32
		{A0C94DFB-1DEB-3ADB-8E33-A90DDB50AB08}.Release|Win32.ActiveCfg = Release|Win32
		{A0C94DFB-1DEB-3ADB-8E33-A90DDB50AB08}.Release|Win32.Build.0 = Release|Win32
		{A0C94DFB-1DEB-3ADB-8E33-A90DDB50AB08}.MinSizeRel|Win32.ActiveCfg = MinSizeRel|Win32
		{A0C94DFB-1DEB-3ADB-8E33-A90DDB50AB08}.MinSizeRel|Win32.Build.0 = MinSizeRel|Win32
		{A0C94DFB-1DEB-3ADB-8E33-A90DDB50AB08}.RelWithDebInfo|Win32.ActiveCfg = RelWithDebInfo|Win32
		{A0C94DFB-1DEB-3ADB-8E33-A90DDB50AB08}.RelWithDebInfo|Win32.Build.0 = RelWithDebInfo|Win32
		{4747A574-104C-312D-8B0F-E8CBEDB6A5DF}.Debug|Win32.ActiveCfg = Debug|Win32
		{4747A574-104C-312D-8B0F-E8CBEDB6A5DF}.Debug|Win32.Build.0 = Debug|Win32
		{4747A574-104C-312D-8B0F-E8CBEDB6A5DF}.Release|Win32.ActiveCfg = Release|Win32
		{4747A574-104C-312D-8B0F-E8CBEDB6A5DF}.Release|Win32.Build.0 = Release|Win32
		{4747A574-104C-312D-8B0F-E8CBEDB6A5DF}.MinSizeRel|Win32.ActiveCfg = MinSizeRel|Win32
		{4747A574-104C-312D-8B0F-E8CBEDB6A5DF}.MinSizeRel|Win32.Build.0 = MinSizeRel|Win32
		{4747A574-104C-312D-8B0F-E8CBEDB6A5DF}.RelWithDebInfo|Win32.ActiveCfg = RelWithDebInfo|Win32
		{4747A574-104C-312D-8B0F-E8CBEDB6A5DF}.RelWithDebInfo|Win32.Build.0 = RelWithDebInfo|Win32
		{3BEF1E13-7354-3FEA-9FE2-06F361D55F14}.Debug|Win32.ActiveCfg = Debug|Win32
		{3BEF1E13-7354-3FEA-9FE2-06F361D55F14}.Debug|Win32.Build.0 = Debug|Win32
		{3BEF1E13-7354-3FEA-9FE2-06F361D55F14}.Release|Win32.ActiveCfg = Release|Win32
		{3BEF1E13-7354-3FEA-9FE2-06F361D55F14}.Release|Win32.Build.0 = Release|Win32
		{3BEF1E13-7354-3FEA-9FE2-06F361D55F14}.MinSizeRel|Win32.ActiveCfg = MinSizeRel|Win32
		{3BEF1E13-7354-3FEA-9FE2-06F361D55F14}.MinSizeRel|Win32.Build.0 = MinSizeRel|Win32
		{3BEF1E13-7354-3FEA-9FE2-06F361D55F14}.RelWithDebInfo|Win32.ActiveCfg = RelWithDebInfo|Win32
		{3BEF1E13-7354-3FEA-9FE2-06F361D55F14}.RelWithDebInfo|Win32.Build.0 = RelWithDebInfo|Win32
		{6B2DBE64-C66E-3ADC-B5C6-CFDF1B86C2BE}.Debug|Win32.ActiveCfg = Debug|Win32
		{6B2DBE64-C66E-3ADC-B5C6-CFDF1B86C2BE}.Debug|Win32.Build.0 = Debug|Win32
		{6B2DBE64-C66E-3ADC-B5C6-CFDF1B86C2BE}.Release|Win32.ActiveCfg = Release|Win32
		{6B2DBE64-C66E-3ADC-B5C6-CFDF1B86C2BE}.Release|Win32.Build.0 = Release|Win32
		{6B2DBE64-C66E-3ADC-B5C6-CFDF1B86C2BE}.MinSizeRel|Win32.ActiveCfg = MinSizeRel|Win32
		{6B2DBE64-C66E-3ADC-B5C6-CFDF1B86C2BE}.MinSizeRel|Win32.Build.0 = MinSizeRel|Win32
		{6B2DBE64-C66E-3ADC-B5C6-CFDF1B86C2BE}.RelWithDebInfo|Win32.ActiveCfg = RelWithDebInfo|Win32
		{6B2DBE64-C66E-3ADC-B5C6-CFDF1B86C2BE}.RelWithDebInfo|Win32.Build.0 = RelWithDebInfo|Win32
		{7D83D9C0-A167-303A-A2C1-0A9AD326EB88}.Debug|Win32.ActiveCfg = Debug|Win32
		{7D83D9C0-A167-303A-A2C1-0A9AD326EB88}.Debug|Win32.Build.0 = Debug|Win32
		{7D83D9C0-A167-303A-A2C1-0A9AD326EB88}.Release|Win32.ActiveCfg = Release|Win32
		{7D83D9C0-A167-303A-A2C1-0A9AD326EB88}.Release|Win32.Build.0 = Release|Win32
		{7D83D9C0-A167-303A-A2C1-0A9AD326EB88}.MinSizeRel|Win32.ActiveCfg = MinSizeRel|Win32
		{7D83D9C0-A167-303A-A2C1-0A9AD326EB88}.MinSizeRel|Win32.Build.0 = MinSizeRel|Win32
		{7D83D9C0-A167-303A-A2C1-0A9AD326EB88}.RelWithDebInfo|Win32.ActiveCfg = RelWithDebInfo|Win32
		{7D83D9C0-A167-303A-A2C1-0A9AD326EB88}.RelWithDebInfo|Win32.Build.0 = RelWithDebInfo|Win32
		{5C166A48-86D8-314C-99D3-542AB55A2C4B}.Debug|Win32.ActiveCfg = Debug|Win32
		{5C166A48-86D8-314C-99D3-542AB55A2C4B}.Debug|Win32.Build.0 = Debug|Win32
		{5C166A48-86D8-314C-99D3-542AB55A2C4B}.Release|Win32.ActiveCfg = Release|Win32
		{5C166A48-86D8-314C-99D3-542AB55A2C4B}.Release|Win32.Build.0 = Release|Win32
		{5C166A48-86D8-314C-99D3-542AB55A2C4B}.MinSizeRel|Win32.ActiveCfg = MinSizeRel|Win32
		{5C166A48-86D8-314C-99D3-542AB55A2C4B}.MinSizeRel|Win32.Build.0 = MinSizeRel|Win32
		{5C166A48-86D8-314C-99D3-542AB55A2C4B}.RelWithDebInfo|Win32.ActiveCfg = RelWithDebInfo|Win32
		{5C166A48-86D8-314C-99D3-542AB55A2C4B}.RelWithDebInfo|Win32.Build.0 = RelWithDebInfo|Win32
		{F7E01C79-9DBE-3B5B-80DC-18F9BDFD2B41}.Debug|Win32.ActiveCfg = Debug|Win32
		{F7E01C79-9DBE-3B5B-80DC-18F9BDFD2B41}.Debug|Win32.Build.0 = Debug|Win32
		{F7E01C79-9DBE-3B5B-80DC-18F9BDFD2B41}.Release|Win32.ActiveCfg = Release|Win32
		{F7E01C79-9DBE-3B5B-80DC-18F9BDFD2B41}.Release|Win32.Build.0 = Release|Win32
		{F7E01C79-9DBE-3B5B-80DC-18F9BDFD2B41}.MinSizeRel|Win32.ActiveCfg = MinSizeRel|Win32
		{F7E01C79-9DBE-3B5B-80DC-18F9BDFD2B41}.MinSizeRel|Win32.Build.0 = MinSizeRel|Win32
		{F7E01C79-9DBE-3B5B-80DC-18F9BDFD2B41}.RelWithDebInfo|Win32.ActiveCfg = RelWithDebInfo|Win32
		{F7E01C79-9DBE-3B5B-80DC-18F9BDFD2B41}.RelWithDebInfo|Win32.Build.0 = RelWithDebInfo|Win32
		{26A363F6-84A1-3EC0-9725-E25B3E2DAABB}.Debug|Win32.ActiveCfg = Debug|Win32
		{26A363F6-84A1-3EC0-9725-E25B3E2DAABB}.Debug|Win32.Build.0 = Debug|Win32
		{26A363F6-84A1-3EC0-9725-E25B3E2DAABB}.Release|Win32.ActiveCfg = Release|Win32
		{26A363F6-84A1-3EC0-9725-E25B3E2DAABB}.Release|Win32.Build.0 = Release|Win32
		{26A363F6-84A1-3EC0-9725-E25B3E2DAABB}.MinSizeRel|Win32.ActiveCfg = MinSizeRel|Win32
		{26A363F6-84A1-3EC0-9725-E25B3E2DAABB}.MinSizeRel|Win32.Build.0 = MinSizeRel|Win32
		{26A363F6-84A1-3EC0-9725-E25B3E2DAABB}.RelWithDebInfo|Win32.ActiveCfg = RelWithDebInfo|Win32
		{26A363F6-84A1-3EC0-9725-E25B3E2DAABB}.RelWithDebInfo|Win32.Build.0 = RelWithDebInfo|Win32
		{C3B0AF79-8FA5-314A-83A4-716222A99FE3}.Debug|Win32.ActiveCfg = Debug|Win32
		{C3B0AF79-8FA5-314A-83A4-716222A99FE3}.Debug|Win32.Build.0 = Debug|Win32
		{C3B0AF79-8FA5-314A-83A4-716222A99FE3}.Release|Win32.ActiveCfg = Release|Win32
		{C3B0AF79-8FA5-314A-83A4-716222A99FE3}.Release|Win32.Build.0 = Release|Win32
		{C3B0AF79-8FA5-314A-83A4-716222A99FE3}.MinSizeRel|Win32.ActiveCfg = MinSizeRel|Win32
		{C3B0AF79-8FA5-314A-83A4-716222A99FE3}.MinSizeRel|Win32.Build.0 = MinSizeRel|Win32
		{C3B0AF79-8FA5-314A-83A4-716222A99FE3}.RelWithDebInfo|Win32.ActiveCfg = RelWithDebInfo|Win32
		{C3B0AF79-8FA5-314A-83A4-716222A99FE3}.RelWithDebInfo|Win32.Build.0 = RelWithDebInfo|Win32
		{4F20E38F-5661-37C3-948A-3448A8E10AB6}.Debug|Win32.ActiveCfg = Debug|Win32
		{4F20E38F-5661-37C3-948A-3448A8E10AB6}.Debug|Win32.Build.0 = Debug|Win32
		{4F20E38F-5661-37C3-948A-3448A8E10AB6}.Release|Win32.ActiveCfg = Release|Win32
		{4F20E38F-5661-37C3-948A-3448A8E10AB6}.Release|Win32.Build.0 = Release|Win32
		{4F20E38F-5661-37C3-948A-3448A8E10AB6}.MinSizeRel|Win32.ActiveCfg = MinSizeRel|Win32
		{4F20E38F-5661-37C3-948A-3448A8E10AB6}.MinSizeRel|Win32.Build.0 = MinSizeRel|Win32
		{4F20E38F-5661-37C3-948A-3448A8E10AB6}.RelWithDebInfo|Win32.ActiveCfg = RelWithDebInfo|Win32
		{4F20E38F-5661-37C3-948A-3448A8E10AB6}.RelWithDebInfo|Win32.Build.0 = RelWithDebInfo|Win32
		{E3A3475D-CABB-3EF8-9E11-BFC31CFDA122}.Debug|Win32.ActiveCfg = Debug|Win32
		{E3A3475D-CABB-3EF8-9E11-BFC31CFDA122}.Debug|Win32.Build.0 = Debug|Win32
		{E3A3475D-CABB-3EF8-9E11-BFC31CFDA122}.Release|Win32.ActiveCfg = Release|Win32
		{E3A3475D-CABB-3EF8-9E11-BFC31CFDA122}.Release|Win32.Build.0 = Release|Win32
		{E3A3475D-CABB-3EF8-9E11-BFC31CFDA122}.MinSizeRel|Win32.ActiveCfg = MinSizeRel|Win32
		{E3A3475D-CABB-3EF8-9E11-BFC31CFDA122}.MinSizeRel|Win32.Build.0 = MinSizeRel|Win32
		{E3A3475D-CABB-3EF8-9E11-BFC31CFDA122}.RelWithDebInfo|Win32.ActiveCfg = RelWithDebInfo|Win32
		{E3A3475D-CABB-3EF8-9E11-BFC31CFDA122}.RelWithDebInfo|Win32.Build.0 = RelWithDebInfo|Win32
		{D0F2C82B-D855-3F8C-9925-F7A70C5D441C}.Debug|Win32.ActiveCfg = Debug|Win32
		{D0F2C82B-D855-3F8C-9925-F7A70C5D441C}.Debug|Win32.Build.0 = Debug|Win32
		{D0F2C82B-D855-3F8C-9925-F7A70C5D441C}.Release|Win32.ActiveCfg = Release|Win32
		{D0F2C82B-D855-3F8C-9925-F7A70C5D441C}.Release|Win32.Build.0 = Release|Win32
		{D0F2C82B-D855-3F8C-9925-F7A70C5D441C}.MinSizeRel|Win32.ActiveCfg = MinSizeRel|Win32
		{D0F2C82B-D855-3F8C-9925-F7A70C5D441C}.MinSizeRel|Win32.Build.0 = MinSizeRel|Win32
		{D0F2C82B-D855-3F8C-9925-F7A70C5D441C}.RelWithDebInfo|Win32.ActiveCfg = RelWithDebInfo|Win32
		{D0F2C82B-D855-3F8C-9925-F7A70C5D441C}.RelWithDebInfo|Win32.Build.0 = RelWithDebInfo|Win32
		{82C68C0E-0A2D-37BA-84DD-F4D6DE566028}.Debug|Win32.ActiveCfg = Debug|Win32
		{82C68C0E-0A2D-37BA-84DD-F4D6DE566028}.Debug|Win32.Build.0 = Debug|Win32
		{82C68C0E-0A2D-37BA-84DD-F4D6DE566028}.Release|Win32.ActiveCfg = Release|Win32
		{82C68C0E-0A2D-37BA-84DD-F4D6DE566028}.Release|Win32.Build.0 = Release|Win32
		{82C68C0E-0A2D-37BA-84DD-F4D6DE566028}.MinSizeRel|Win32.ActiveCfg = MinSizeRel|Win32
		{82C68C0E-0A2D-37BA-84DD-F4D6DE566028}.MinSizeRel|Win32.Build.0 = MinSizeRel|Win32
		{82C68C0E-0A2D-37BA-84DD-F4D6DE566028}.RelWithDebInfo|Win32.ActiveCfg = RelWithDebInfo|Win32
		{82C68C0E-0A2D-37BA-84DD-F4D6DE566028}.RelWithDebInfo|Win32.Build.0 = RelWithDebInfo|Win32
		{92261103-921E-381C-9C4F-A37B1E077357}.Debug|Win32.ActiveCfg = Debug|Win32
		{92261103-921E-381C-9C4F-A37B1E077357}.Debug|Win32.Build.0 = Debug|Win32
		{92261103-921E-381C-9C4F-A37B1E077357}.Release|Win32.ActiveCfg = Release|Win32
		{92261103-921E-381C-9C4F-A37B1E077357}.Release|Win32.Build.0 = Release|Win32
		{92261103-921E-381C-9C4F-A37B1E077357}.MinSizeRel|Win32.ActiveCfg = MinSizeRel|Win32
		{92261103-921E-381C-9C4F-A37B1E077357}.MinSizeRel|Win32.Build.0 = MinSizeRel|Win32
		{92261103-921E-381C-9C4F-A37B1E077357}.RelWithDebInfo|Win32.ActiveCfg = RelWithDebInfo|Win32
		{92261103-921E-381C-9C4F-A37B1E077357}.RelWithDebInfo|Win32.Build.0 = RelWithDebInfo|Win32
		{FBE4BD2B-74B0-3F88-BEF4-F20DEA03FAC6}.Debug|Win32.ActiveCfg = Debug|Win32
		{FBE4BD2B-74B0-3F88-BEF4-F20DEA03FAC6}.Debug|Win32.Build.0 = Debug|Win32
		{FBE4BD2B-74B0-3F88-BEF4-F20DEA03FAC6}.Release|Win32.ActiveCfg = Release|Win32
		{FBE4BD2B-74B0-3F88-BEF4-F20DEA03FAC6}.Release|Win32.Build.0 = Release|Win32
		{FBE4BD2B-74B0-3F88-BEF4-F20DEA03FAC6}.MinSizeRel|Win32.ActiveCfg = MinSizeRel|Win32
		{FBE4BD2B-74B0-3F88-BEF4-F20DEA03FAC6}.MinSizeRel|Win32.Build.0 = MinSizeRel|Win32
		{FBE4BD2B-74B0-3F88-BEF4-F20DEA03FAC6}.RelWithDebInfo|Win32.ActiveCfg = RelWithDebInfo|Win32
		{FBE4BD2B-74B0-3F88-BEF4-F20DEA03FAC6}.RelWithDebInfo|Win32.Build.0 = RelWithDebInfo|Win32
		{13A2E90A-9267-3220-A5B4-97B57C55BE2D}.Debug|Win32.ActiveCfg = Debug|Win32
		{13A2E90A-9267-3220-A5B4-97B57C55BE2D}.Debug|Win32.Build.0 = Debug|Win32
		{13A2E90A-9267-3220-A5B4-97B57C55BE2D}.Release|Win32.ActiveCfg = Release|Win32
		{13A2E90A-9267-3220-A5B4-97B57C55BE2D}.Release|Win32.Build.0 = Release|Win32
		{13A2E90A-9267-3220-A5B4-97B57C55BE2D}.MinSizeRel|Win32.ActiveCfg = MinSizeRel|Win32
		{13A2E90A-9267-3220-A5B4-97B57C55BE2D}.MinSizeRel|Win32.Build.0 = MinSizeRel|Win32
		{13A2E90A-9267-3220-A5B4-97B57C55BE2D}.RelWithDebInfo|Win32.ActiveCfg = RelWithDebInfo|Win32
		{13A2E90A-9267-3220-A5B4-97B57C55BE2D}.RelWithDebInfo|Win32.Build.0 = RelWithDebInfo|Win32
		{4C040FE4-36A3-30F7-910C-CD056B71026A}.Debug|Win32.ActiveCfg = Debug|Win32
		{4C040FE4-36A3-30F7-910C-CD056B71026A}.Debug|Win32.Build.0 = Debug|Win32
		{4C040FE4-36A3-30F7-910C-CD056B71026A}.Release|Win32.ActiveCfg = Release|Win32
		{4C040FE4-36A3-30F7-910C-CD056B71026A}.Release|Win32.Build.0 = Release|Win32
		{4C040FE4-36A3-30F7-910C-CD056B71026A}.MinSizeRel|Win32.ActiveCfg = MinSizeRel|Win32
		{4C040FE4-36A3-30F7-910C-CD056B71026A}.MinSizeRel|Win32.Build.0 = MinSizeRel|Win32
		{4C040FE4-36A3-30F7-910C-CD056B71026A}.RelWithDebInfo|Win32.ActiveCfg = RelWithDebInfo|Win32
		{4C040FE4-36A3-30F7-910C-CD056B71026A}.RelWithDebInfo|Win32.Build.0 = RelWithDebInfo|Win32
		{E70E3262-D364-3DD8-B306-B272ECE3B996}.Debug|Win32.ActiveCfg = Debug|Win32
		{E70E3262-D364-3DD8-B306-B272ECE3B996}.Debug|Win32.Build.0 = Debug|Win32
		{E70E3262-D364-3DD8-B306-B272ECE3B996}.Release|Win32.ActiveCfg = Release|Win32
		{E70E3262-D364-3DD8-B306-B272ECE3B996}.Release|Win32.Build.0 = Release|Win32
		{E70E3262-D364-3DD8-B306-B272ECE3B996}.MinSizeRel|Win32.ActiveCfg = MinSizeRel|Win32
		{E70E3262-D364-3DD8-B306-B272ECE3B996}.MinSizeRel|Win32.Build.0 = MinSizeRel|Win32
		{E70E3262-D364-3DD8-B306-B272ECE3B996}.RelWithDebInfo|Win32.ActiveCfg = RelWithDebInfo|Win32
		{E70E3262-D364-3DD8-B306-B272ECE3B996}.RelWithDebInfo|Win32.Build.0 = RelWithDebInfo|Win32
		{2A13B38D-8EA2-31C0-898F-1CDDE9861562}.Debug|Win32.ActiveCfg = Debug|Win32
		{2A13B38D-8EA2-31C0-898F-1CDDE9861562}.Debug|Win32.Build.0 = Debug|Win32
		{2A13B38D-8EA2-31C0-898F-1CDDE9861562}.Release|Win32.ActiveCfg = Release|Win32
		{2A13B38D-8EA2-31C0-898F-1CDDE9861562}.Release|Win32.Build.0 = Release|Win32
		{2A13B38D-8EA2-31C0-898F-1CDDE9861562}.MinSizeRel|Win32.ActiveCfg = MinSizeRel|Win32
		{2A13B38D-8EA2-31C0-898F-1CDDE9861562}.MinSizeRel|Win32.Build.0 = MinSizeRel|Win32
		{2A13B38D-8EA2-31C0-898F-1CDDE9861562}.RelWithDebInfo|Win32.ActiveCfg = RelWithDebInfo|Win32
		{2A13B38D-8EA2-31C0-898F-1CDDE9861562}.RelWithDebInfo|Win32.Build.0 = RelWithDebInfo|Win32
		{1ACFEB5B-1ADB-367F-B9FE-7FC02C570D8A}.Debug|Win32.ActiveCfg = Debug|Win32
		{1ACFEB5B-1ADB-367F-B9FE-7FC02C570D8A}.Debug|Win32.Build.0 = Debug|Win32
		{1ACFEB5B-1ADB-367F-B9FE-7FC02C570D8A}.Release|Win32.ActiveCfg = Release|Win32
		{1ACFEB5B-1ADB-367F-B9FE-7FC02C570D8A}.Release|Win32.Build.0 = Release|Win32
		{1ACFEB5B-1ADB-367F-B9FE-7FC02C570D8A}.MinSizeRel|Win32.ActiveCfg = MinSizeRel|Win32
		{1ACFEB5B-1ADB-367F-B9FE-7FC02C570D8A}.MinSizeRel|Win32.Build.0 = MinSizeRel|Win32
		{1ACFEB5B-1ADB-367F-B9FE-7FC02C570D8A}.RelWithDebInfo|Win32.ActiveCfg = RelWithDebInfo|Win32
		{1ACFEB5B-1ADB-367F-B9FE-7FC02C570D8A}.RelWithDebInfo|Win32.Build.0 = RelWithDebInfo|Win32
		{FD1D4A7F-5757-367D-A802-E7D21DACBC31}.Debug|Win32.ActiveCfg = Debug|Win32
		{FD1D4A7F-5757-367D-A802-E7D21DACBC31}.Debug|Win32.Build.0 = Debug|Win32
		{FD1D4A7F-5757-367D-A802-E7D21DACBC31}.Release|Win32.ActiveCfg = Release|Win32
		{FD1D4A7F-5757-367D-A802-E7D21DACBC31}.Release|Win32.Build.0 = Release|Win32
		{FD1D4A7F-5757-367D-A802-E7D21DACBC31}.MinSizeRel|Win32.ActiveCfg = MinSizeRel|Win32
		{FD1D4A7F-5757-367D-A802-E7D21DACBC31}.MinSizeRel|Win32.Build.0 = MinSizeRel|Win32
		{FD1D4A7F-5757-367D-A802-E7D21DACBC31}.RelWithDebInfo|Win32.ActiveCfg = RelWithDebInfo|Win32
		{FD1D4A7F-5757-367D-A802-E7D21DACBC31}.RelWithDebInfo|Win32.Build.0 = RelWithDebInfo|Win32
		{8F9884F2-C9B7-347B-B519-22CD1ECF596A}.Debug|Win32.ActiveCfg = Debug|Win32
		{8F9884F2-C9B7-347B-B519-22CD1ECF596A}.Debug|Win32.Build.0 = Debug|Win32
		{8F9884F2-C9B7-347B-B519-22CD1ECF596A}.Release|Win32.ActiveCfg = Release|Win32
		{8F9884F2-C9B7-347B-B519-22CD1ECF596A}.Release|Win32.Build.0 = Release|Win32
		{8F9884F2-C9B7-347B-B519-22CD1ECF596A}.MinSizeRel|Win32.ActiveCfg = MinSizeRel|Win32
		{8F9884F2-C9B7-347B-B519-22CD1ECF596A}.MinSizeRel|Win32.Build.0 = MinSizeRel|Win32
		{8F9884F2-C9B7-347B-B519-22CD1ECF596A}.RelWithDebInfo|Win32.ActiveCfg = RelWithDebInfo|Win32
		{8F9884F2-C9B7-347B-B519-22CD1ECF596A}.RelWithDebInfo|Win32.Build.0 = RelWithDebInfo|Win32
		{3CB589DA-26B3-3639-8744-8B85A8BECBE6}.Debug|Win32.ActiveCfg = Debug|Win32
		{3CB589DA-26B3-3639-8744-8B85A8BECBE6}.Debug|Win32.Build.0 = Debug|Win32
		{3CB589DA-26B3-3639-8744-8B85A8BECBE6}.Release|Win32.ActiveCfg = Release|Win32
		{3CB589DA-26B3-3639-8744-8B85A8BECBE6}.Release|Win32.Build.0 = Release|Win32
		{3CB589DA-26B3-3639-8744-8B85A8BECBE6}.MinSizeRel|Win32.ActiveCfg = MinSizeRel|Win32
		{3CB589DA-26B3-3639-8744-8B85A8BECBE6}.MinSizeRel|Win32.Build.0 = MinSizeRel|Win32
		{3CB589DA-26B3-3639-8744-8B85A8BECBE6}.RelWithDebInfo|Win32.ActiveCfg = RelWithDebInfo|Win32
		{3CB589DA-26B3-3639-8744-8B85A8BECBE6}.RelWithDebInfo|Win32.Build.0 = RelWithDebInfo|Win32
		{353E9AD4-9E4B-3397-BF60-6EC7E0CD4ADF}.Debug|Win32.ActiveCfg = Debug|Win32
		{353E9AD4-9E4B-3397-BF60-6EC7E0CD4ADF}.Debug|Win32.Build.0 = Debug|Win32
		{353E9AD4-9E4B-3397-BF60-6EC7E0CD4ADF}.Release|Win32.ActiveCfg = Release|Win32
		{353E9AD4-9E4B-3397-BF60-6EC7E0CD4ADF}.Release|Win32.Build.0 = Release|Win32
		{353E9AD4-9E4B-3397-BF60-6EC7E0CD4ADF}.MinSizeRel|Win32.ActiveCfg = MinSizeRel|Win32
		{353E9AD4-9E4B-3397-BF60-6EC7E0CD4ADF}.MinSizeRel|Win32.Build.0 = MinSizeRel|Win32
		{353E9AD4-9E4B-3397-BF60-6EC7E0CD4ADF}.RelWithDebInfo|Win32.ActiveCfg = RelWithDebInfo|Win32
		{353E9AD4-9E4B-3397-BF60-6EC7E0CD4ADF}.RelWithDebInfo|Win32.Build.0 = RelWithDebInfo|Win32
		{037139FB-C0FC-3D8D-8A03-48F1DA2B5468}.Debug|Win32.ActiveCfg = Debug|Win32
		{037139FB-C0FC-3D8D-8A03-48F1DA2B5468}.Debug|Win32.Build.0 = Debug|Win32
		{037139FB-C0FC-3D8D-8A03-48F1DA2B5468}.Release|Win32.ActiveCfg = Release|Win32
		{037139FB-C0FC-3D8D-8A03-48F1DA2B5468}.Release|Win32.Build.0 = Release|Win32
		{037139FB-C0FC-3D8D-8A03-48F1DA2B5468}.MinSizeRel|Win32.ActiveCfg = MinSizeRel|Win32
		{037139FB-C0FC-3D8D-8A03-48F1DA2B5468}.MinSizeRel|Win32.Build.0 = MinSizeRel|Win32
		{037139FB-C0FC-3D8D-8A03-48F1DA2B5468}.RelWithDebInfo|Win32.ActiveCfg = RelWithDebInfo|Win32
		{037139FB-C0FC-3D8D-8A03-48F1DA2B5468}.RelWithDebInfo|Win32.Build.0 = RelWithDebInfo|Win32
		{D56E70E2-3A28-374A-BFF9-70320808B9FA}.Debug|Win32.ActiveCfg = Debug|Win32
		{D56E70E2-3A28-374A-BFF9-70320808B9FA}.Debug|Win32.Build.0 = Debug|Win32
		{D56E70E2-3A28-374A-BFF9-70320808B9FA}.Release|Win32.ActiveCfg = Release|Win32
		{D56E70E2-3A28-374A-BFF9-70320808B9FA}.Release|Win32.Build.0 = Release|Win32
		{D56E70E2-3A28-374A-BFF9-70320808B9FA}.MinSizeRel|Win32.ActiveCfg = MinSizeRel|Win32
		{D56E70E2-3A28-374A-BFF9-70320808B9FA}.MinSizeRel|Win32.Build.0 = MinSizeRel|Win32
		{D56E70E2-3A28-374A-BFF9-70320808B9FA}.RelWithDebInfo|Win32.ActiveCfg = RelWithDebInfo|Win32
		{D56E70E2-3A28-374A-BFF9-70320808B9FA}.RelWithDebInfo|Win32.Build.0 = RelWithDebInfo|Win32
		{D8C17DEC-0B30-3ECB-B607-6EB3945B9BF2}.Debug|Win32.ActiveCfg = Debug|Win32
		{D8C17DEC-0B30-3ECB-B607-6EB3945B9BF2}.Release|Win32.ActiveCfg = Release|Win32
		{D8C17DEC-0B30-3ECB-B607-6EB3945B9BF2}.MinSizeRel|Win32.ActiveCfg = MinSizeRel|Win32
		{D8C17DEC-0B30-3ECB-B607-6EB3945B9BF2}.RelWithDebInfo|Win32.ActiveCfg = RelWithDebInfo|Win32
		{D7C57BD7-371F-399D-9C5E-588DBAE115D4}.Debug|Win32.ActiveCfg = Debug|Win32
		{D7C57BD7-371F-399D-9C5E-588DBAE115D4}.Debug|Win32.Build.0 = Debug|Win32
		{D7C57BD7-371F-399D-9C5E-588DBAE115D4}.Release|Win32.ActiveCfg = Release|Win32
		{D7C57BD7-371F-399D-9C5E-588DBAE115D4}.Release|Win32.Build.0 = Release|Win32
		{D7C57BD7-371F-399D-9C5E-588DBAE115D4}.MinSizeRel|Win32.ActiveCfg = MinSizeRel|Win32
		{D7C57BD7-371F-399D-9C5E-588DBAE115D4}.MinSizeRel|Win32.Build.0 = MinSizeRel|Win32
		{D7C57BD7-371F-399D-9C5E-588DBAE115D4}.RelWithDebInfo|Win32.ActiveCfg = RelWithDebInfo|Win32
		{D7C57BD7-371F-399D-9C5E-588DBAE115D4}.RelWithDebInfo|Win32.Build.0 = RelWithDebInfo|Win32
		{3A7C9240-CA31-36FC-8A2D-86C677227AA0}.Debug|Win32.ActiveCfg = Debug|Win32
		{3A7C9240-CA31-36FC-8A2D-86C677227AA0}.Debug|Win32.Build.0 = Debug|Win32
		{3A7C9240-CA31-36FC-8A2D-86C677227AA0}.Release|Win32.ActiveCfg = Release|Win32
		{3A7C9240-CA31-36FC-8A2D-86C677227AA0}.Release|Win32.Build.0 = Release|Win32
		{3A7C9240-CA31-36FC-8A2D-86C677227AA0}.MinSizeRel|Win32.ActiveCfg = MinSizeRel|Win32
		{3A7C9240-CA31-36FC-8A2D-86C677227AA0}.MinSizeRel|Win32.Build.0 = MinSizeRel|Win32
		{3A7C9240-CA31-36FC-8A2D-86C677227AA0}.RelWithDebInfo|Win32.ActiveCfg = RelWithDebInfo|Win32
		{3A7C9240-CA31-36FC-8A2D-86C677227AA0}.RelWithDebInfo|Win32.Build.0 = RelWithDebInfo|Win32
		{91F1DF05-7F5D-39D6-9222-FDC0941A7973}.Debug|Win32.ActiveCfg = Debug|Win32
		{91F1DF05-7F5D-39D6-9222-FDC0941A7973}.Debug|Win32.Build.0 = Debug|Win32
		{91F1DF05-7F5D-39D6-9222-FDC0941A7973}.Release|Win32.ActiveCfg = Release|Win32
		{91F1DF05-7F5D-39D6-9222-FDC0941A7973}.Release|Win32.Build.0 = Release|Win32
		{91F1DF05-7F5D-39D6-9222-FDC0941A7973}.MinSizeRel|Win32.ActiveCfg = MinSizeRel|Win32
		{91F1DF05-7F5D-39D6-9222-FDC0941A7973}.MinSizeRel|Win32.Build.0 = MinSizeRel|Win32
		{91F1DF05-7F5D-39D6-9222-FDC0941A7973}.RelWithDebInfo|Win32.ActiveCfg = RelWithDebInfo|Win32
		{91F1DF05-7F5D-39D6-9222-FDC0941A7973}.RelWithDebInfo|Win32.Build.0 = RelWithDebInfo|Win32
	EndGlobalSection
	GlobalSection(NestedProjects) = preSolution
		{D0650E9E-B726-3596-9E2E-8A8CA1392A3C} = {D2E55899-48EE-3BF3-BE4B-DAA2C87AFDB7}
		{6A6424CC-2EEB-3A76-827C-71464FE0D067} = {D2E55899-48EE-3BF3-BE4B-DAA2C87AFDB7}
		{71580248-2649-37BE-990A-1CFDDC78A759} = {D2E55899-48EE-3BF3-BE4B-DAA2C87AFDB7}
		{5C7D4B25-0F62-382F-94DF-5E438BF62B7F} = {8BF0A73E-7D57-3ADD-9909-F26544F8BC85}
		{C95DE390-9F83-3D46-9040-02AC0D059F45} = {8BF0A73E-7D57-3ADD-9909-F26544F8BC85}
		{05A4C8E5-4861-3591-8C53-3D3FD323D9C3} = {8BF0A73E-7D57-3ADD-9909-F26544F8BC85}
		{3C20A44A-92E4-39AB-A84D-F3CADF8B9D1B} = {5C7D4B25-0F62-382F-94DF-5E438BF62B7F}
		{9F152256-27FE-393E-B6AC-588B3018EC98} = {5C7D4B25-0F62-382F-94DF-5E438BF62B7F}
		{213E6563-55F8-317B-B2B1-9A2FDF9E9014} = {5C7D4B25-0F62-382F-94DF-5E438BF62B7F}
		{360BAEBC-6192-38CA-BAA4-7736C230D1A4} = {5C7D4B25-0F62-382F-94DF-5E438BF62B7F}
		{A565DAEE-7A67-35AF-AF86-9C820EB84BFA} = {5C7D4B25-0F62-382F-94DF-5E438BF62B7F}
		{A0C94DFB-1DEB-3ADB-8E33-A90DDB50AB08} = {5C7D4B25-0F62-382F-94DF-5E438BF62B7F}
		{D7C57BD7-371F-399D-9C5E-588DBAE115D4} = {5C7D4B25-0F62-382F-94DF-5E438BF62B7F}
		{F0F28109-7053-30FF-AE99-C3E7CFE6936E} = {C95DE390-9F83-3D46-9040-02AC0D059F45}
		{E985FC23-ABC9-38F6-95CB-CCC7D978E38E} = {C95DE390-9F83-3D46-9040-02AC0D059F45}
		{335181A9-070D-34F5-A0D8-C1B258A8E18E} = {C95DE390-9F83-3D46-9040-02AC0D059F45}
		{31D22394-1E51-3E08-8F22-8ECC1B9CBAD3} = {C95DE390-9F83-3D46-9040-02AC0D059F45}
		{D1AB34E1-1407-36AD-A0E8-982D77E48E8A} = {C95DE390-9F83-3D46-9040-02AC0D059F45}
		{EDC780A4-EB6D-3C47-A984-6C3B9AF7E018} = {C95DE390-9F83-3D46-9040-02AC0D059F45}
		{325ADA35-94AF-3DB1-B4C9-C1271EB720F0} = {C95DE390-9F83-3D46-9040-02AC0D059F45}
		{A2363FB8-B851-3411-B114-70B8F7BE6072} = {C95DE390-9F83-3D46-9040-02AC0D059F45}
		{44796FEA-CE3D-35AF-BF94-3A36A20146D4} = {C95DE390-9F83-3D46-9040-02AC0D059F45}
		{3AF26A3C-5939-3FC3-8623-1E0E913B76C2} = {C95DE390-9F83-3D46-9040-02AC0D059F45}
		{4649088A-D62C-3847-8DCD-99D566AA5DD7} = {C95DE390-9F83-3D46-9040-02AC0D059F45}
		{C0FBFD8E-636B-39F9-A7A9-6DE38C894104} = {C95DE390-9F83-3D46-9040-02AC0D059F45}
		{4747A574-104C-312D-8B0F-E8CBEDB6A5DF} = {C95DE390-9F83-3D46-9040-02AC0D059F45}
		{3BEF1E13-7354-3FEA-9FE2-06F361D55F14} = {C95DE390-9F83-3D46-9040-02AC0D059F45}
		{6B2DBE64-C66E-3ADC-B5C6-CFDF1B86C2BE} = {C95DE390-9F83-3D46-9040-02AC0D059F45}
		{3A7C9240-CA31-36FC-8A2D-86C677227AA0} = {C95DE390-9F83-3D46-9040-02AC0D059F45}
	EndGlobalSection
	GlobalSection(ExtensibilityGlobals) = postSolution
		SolutionGuid = {09462B22-9B00-35D2-BC1B-CE146273C2F6}
	EndGlobalSection
	GlobalSection(ExtensibilityAddIns) = postSolution
	EndGlobalSection
EndGlobal
