<?xml version="1.0" encoding="utf-8"?>
<Project ToolsVersion="4.0" xmlns="http://schemas.microsoft.com/developer/msbuild/2003">
  <ItemGroup>
    <Filter Include="__GENERAL__">
      <UniqueIdentifier>{ed654202-7c0a-4896-8321-4c016267a521}</UniqueIdentifier>
    </Filter>
    <Filter Include="__RESOURCE__">
      <UniqueIdentifier>{c624f7f3-12e5-4cd1-ac33-3e7573ffe5da}</UniqueIdentifier>
    </Filter>
    <Filter Include="DATABASE">
      <UniqueIdentifier>{7a5e3271-ce08-4a79-9d3a-da39806094ee}</UniqueIdentifier>
    </Filter>
    <Filter Include="DATABASE\Box">
      <UniqueIdentifier>{e805c63a-71ce-4b42-9add-c8da476f5981}</UniqueIdentifier>
    </Filter>
    <Filter Include="DATABASE\Geometry">
      <UniqueIdentifier>{83730f3f-1651-4b04-b8d4-ae7355c66e70}</UniqueIdentifier>
    </Filter>
    <Filter Include="DATABASE\Light">
      <UniqueIdentifier>{edf87d5c-5895-4c30-ab4f-0ba23ad51f88}</UniqueIdentifier>
    </Filter>
    <Filter Include="__RESOURCE__\file">
      <UniqueIdentifier>{eecf549a-0b08-4505-b250-8c03612d8eea}</UniqueIdentifier>
    </Filter>
    <Filter Include="__GENERAL__\Linker">
      <UniqueIdentifier>{1af43332-4e55-4402-a469-dbc5db3df673}</UniqueIdentifier>
    </Filter>
    <Filter Include="DATABASE\Ground">
      <UniqueIdentifier>{8d55aac1-8944-4bad-8e3c-76d0fc1360a2}</UniqueIdentifier>
    </Filter>
    <Filter Include="DATABASE\Mesh">
      <UniqueIdentifier>{caceb888-38e3-4787-8a47-9fa63581ff2d}</UniqueIdentifier>
    </Filter>
  </ItemGroup>
  <ItemGroup>
    <ClCompile Include="EntityBody.cpp">
      <Filter>DATABASE\Geometry</Filter>
    </ClCompile>
    <ClCompile Include="EntitySubBody.cpp">
      <Filter>DATABASE\Geometry</Filter>
    </ClCompile>
    <ClCompile Include="EntityVertex.cpp">
      <Filter>DATABASE\Geometry</Filter>
    </ClCompile>
    <ClCompile Include="ModuleBody.cpp">
      <Filter>DATABASE\Geometry</Filter>
    </ClCompile>
    <ClCompile Include="ModuleSubBody.cpp">
      <Filter>DATABASE\Geometry</Filter>
    </ClCompile>
    <ClCompile Include="ModuleVertex.cpp">
      <Filter>DATABASE\Geometry</Filter>
    </ClCompile>
    <ClCompile Include="EntityLight.cpp">
      <Filter>DATABASE\Light</Filter>
    </ClCompile>
    <ClCompile Include="ModuleLight.cpp">
      <Filter>DATABASE\Light</Filter>
    </ClCompile>
    <ClCompile Include="ModuleBox.cpp">
      <Filter>DATABASE\Box</Filter>
    </ClCompile>
    <ClCompile Include="EntityBox.cpp">
      <Filter>DATABASE\Box</Filter>
    </ClCompile>
    <ClCompile Include="stdafx.cpp">
      <Filter>__GENERAL__</Filter>
    </ClCompile>
    <ClCompile Include="WBF_DATA.cpp">
      <Filter>__GENERAL__</Filter>
    </ClCompile>
    <ClCompile Include="EntityGround.cpp">
      <Filter>DATABASE\Ground</Filter>
    </ClCompile>
    <ClCompile Include="ModuleGround.cpp">
      <Filter>DATABASE\Ground</Filter>
    </ClCompile>
    <ClCompile Include="EntityMesh.cpp">
      <Filter>DATABASE\Mesh</Filter>
    </ClCompile>
    <ClCompile Include="EntityNode.cpp">
      <Filter>DATABASE\Mesh</Filter>
    </ClCompile>
    <ClCompile Include="ModuleMesh.cpp">
      <Filter>DATABASE\Mesh</Filter>
    </ClCompile>
    <ClCompile Include="ModuleNode.cpp">
      <Filter>DATABASE\Mesh</Filter>
    </ClCompile>
    <ClCompile Include="EntityElement.cpp">
      <Filter>DATABASE\Mesh</Filter>
    </ClCompile>
    <ClCompile Include="ModuleElement.cpp">
      <Filter>DATABASE\Mesh</Filter>
    </ClCompile>
    <ClCompile Include="ModuleTexture.cpp">
      <Filter>DATABASE\Mesh</Filter>
    </ClCompile>
    <ClCompile Include="EntityTexture.cpp">
      <Filter>DATABASE\Mesh</Filter>
    </ClCompile>
  </ItemGroup>
  <ItemGroup>
    <None Include="res\WBF_DATA.rc2">
      <Filter>__RESOURCE__</Filter>
    </None>
    <None Include="WBF_DATA.def">
      <Filter>__GENERAL__</Filter>
    </None>
  </ItemGroup>
  <ItemGroup>
    <ClInclude Include="HeaderPost.h">
      <Filter>__GENERAL__\Linker</Filter>
    </ClInclude>
    <ClInclude Include="HeaderPre.h">
      <Filter>__GENERAL__\Linker</Filter>
    </ClInclude>
    <ClInclude Include="WBF_DATA_LINK.h">
      <Filter>__GENERAL__\Linker</Filter>
    </ClInclude>
    <ClInclude Include="EntityBody.h">
      <Filter>DATABASE\Geometry</Filter>
    </ClInclude>
    <ClInclude Include="EntitySubBody.h">
      <Filter>DATABASE\Geometry</Filter>
    </ClInclude>
    <ClInclude Include="EntityVertex.h">
      <Filter>DATABASE\Geometry</Filter>
    </ClInclude>
    <ClInclude Include="ModuleBody.h">
      <Filter>DATABASE\Geometry</Filter>
    </ClInclude>
    <ClInclude Include="ModuleSubBody.h">
      <Filter>DATABASE\Geometry</Filter>
    </ClInclude>
    <ClInclude Include="ModuleVertex.h">
      <Filter>DATABASE\Geometry</Filter>
    </ClInclude>
    <ClInclude Include="EntityLight.h">
      <Filter>DATABASE\Light</Filter>
    </ClInclude>
    <ClInclude Include="ModuleLight.h">
      <Filter>DATABASE\Light</Filter>
    </ClInclude>
    <ClInclude Include="ModuleBox.h">
      <Filter>DATABASE\Box</Filter>
    </ClInclude>
    <ClInclude Include="EntityBox.h">
      <Filter>DATABASE\Box</Filter>
    </ClInclude>
    <ClInclude Include="EntityDefine.h">
      <Filter>DATABASE</Filter>
    </ClInclude>
    <ClInclude Include="Resource.h">
      <Filter>__RESOURCE__</Filter>
    </ClInclude>
    <ClInclude Include="stdafx.h">
      <Filter>__GENERAL__</Filter>
    </ClInclude>
    <ClInclude Include="targetver.h">
      <Filter>__GENERAL__</Filter>
    </ClInclude>
    <ClInclude Include="WBF_DATA.h">
      <Filter>__GENERAL__</Filter>
    </ClInclude>
    <ClInclude Include="ModuleGround.h">
      <Filter>DATABASE\Ground</Filter>
    </ClInclude>
    <ClInclude Include="EntityGround.h">
      <Filter>DATABASE\Ground</Filter>
    </ClInclude>
    <ClInclude Include="EntityMesh.h">
      <Filter>DATABASE\Mesh</Filter>
    </ClInclude>
    <ClInclude Include="EntityNode.h">
      <Filter>DATABASE\Mesh</Filter>
    </ClInclude>
    <ClInclude Include="ModuleMesh.h">
      <Filter>DATABASE\Mesh</Filter>
    </ClInclude>
    <ClInclude Include="ModuleNode.h">
      <Filter>DATABASE\Mesh</Filter>
    </ClInclude>
    <ClInclude Include="EntityElement.h">
      <Filter>DATABASE\Mesh</Filter>
    </ClInclude>
    <ClInclude Include="ModuleElement.h">
      <Filter>DATABASE\Mesh</Filter>
    </ClInclude>
    <ClInclude Include="ElementType.h">
      <Filter>DATABASE\Mesh</Filter>
    </ClInclude>
    <ClInclude Include="ModuleTexture.h">
      <Filter>DATABASE\Mesh</Filter>
    </ClInclude>
    <ClInclude Include="EntityTexture.h">
      <Filter>DATABASE\Mesh</Filter>
    </ClInclude>
  </ItemGroup>
  <ItemGroup>
    <ResourceCompile Include="WBF_DATA.rc">
      <Filter>__RESOURCE__</Filter>
    </ResourceCompile>
  </ItemGroup>
</Project>