<?xml version="1.0" encoding="utf-8"?>
<Project ToolsVersion="4.0" xmlns="http://schemas.microsoft.com/developer/msbuild/2003">
  <ItemGroup>
    <Filter Include="_common_">
      <UniqueIdentifier>{67DA6AB6-F800-4c08-8B7A-83BB121AAD01}</UniqueIdentifier>
      <Extensions>rc;ico;cur;bmp;dlg;rc2;rct;bin;rgs;gif;jpg;jpeg;jpe;resx;tiff;tif;png;wav;mfcribbon-ms</Extensions>
    </Filter>
    <Filter Include="_resource file_">
      <UniqueIdentifier>{4FC737F1-C7A5-4376-A066-2A32D752A2FF}</UniqueIdentifier>
      <Extensions>cpp;c;cc;cxx;def;odl;idl;hpj;bat;asm;asmx</Extensions>
    </Filter>
    <Filter Include="_resource_">
      <UniqueIdentifier>{93995380-89BD-4b04-88EB-625FBE52EBFB}</UniqueIdentifier>
      <Extensions>h;hh;hpp;hxx;hm;inl;inc;ipp;xsd</Extensions>
    </Filter>
    <Filter Include="_common_\Linker">
      <UniqueIdentifier>{1af43332-4e55-4402-a469-dbc5db3df673}</UniqueIdentifier>
    </Filter>
    <Filter Include="DataBase">
      <UniqueIdentifier>{9c993110-8033-47b3-b729-ce3d75500f6b}</UniqueIdentifier>
    </Filter>
    <Filter Include="DataBase\Geometry">
      <UniqueIdentifier>{83730f3f-1651-4b04-b8d4-ae7355c66e70}</UniqueIdentifier>
    </Filter>
    <Filter Include="DataBase\Light">
      <UniqueIdentifier>{edf87d5c-5895-4c30-ab4f-0ba23ad51f88}</UniqueIdentifier>
    </Filter>
    <Filter Include="DataBase\Box">
      <UniqueIdentifier>{e805c63a-71ce-4b42-9add-c8da476f5981}</UniqueIdentifier>
    </Filter>
  </ItemGroup>
  <ItemGroup>
    <ClCompile Include="WBF_DATA.cpp">
      <Filter>_common_</Filter>
    </ClCompile>
    <ClCompile Include="stdafx.cpp">
      <Filter>_common_</Filter>
    </ClCompile>
    <ClCompile Include="EntityBody.cpp">
      <Filter>DataBase\Geometry</Filter>
    </ClCompile>
    <ClCompile Include="EntitySubBody.cpp">
      <Filter>DataBase\Geometry</Filter>
    </ClCompile>
    <ClCompile Include="EntityVertex.cpp">
      <Filter>DataBase\Geometry</Filter>
    </ClCompile>
    <ClCompile Include="ModuleBody.cpp">
      <Filter>DataBase\Geometry</Filter>
    </ClCompile>
    <ClCompile Include="ModuleSubBody.cpp">
      <Filter>DataBase\Geometry</Filter>
    </ClCompile>
    <ClCompile Include="ModuleVertex.cpp">
      <Filter>DataBase\Geometry</Filter>
    </ClCompile>
    <ClCompile Include="EntityLight.cpp">
      <Filter>DataBase\Light</Filter>
    </ClCompile>
    <ClCompile Include="ModuleLight.cpp">
      <Filter>DataBase\Light</Filter>
    </ClCompile>
    <ClCompile Include="ModuleBox.cpp">
      <Filter>DataBase\Box</Filter>
    </ClCompile>
    <ClCompile Include="EntityBox.cpp">
      <Filter>DataBase\Box</Filter>
    </ClCompile>
  </ItemGroup>
  <ItemGroup>
    <None Include="res\WBF_DATA.rc2">
      <Filter>_resource_</Filter>
    </None>
    <None Include="WBF_DATA.def">
      <Filter>_common_</Filter>
    </None>
  </ItemGroup>
  <ItemGroup>
    <ClInclude Include="Resource.h">
      <Filter>_resource_</Filter>
    </ClInclude>
    <ClInclude Include="WBF_DATA.h">
      <Filter>_common_</Filter>
    </ClInclude>
    <ClInclude Include="targetver.h">
      <Filter>_common_</Filter>
    </ClInclude>
    <ClInclude Include="stdafx.h">
      <Filter>_common_</Filter>
    </ClInclude>
    <ClInclude Include="HeaderPost.h">
      <Filter>_common_\Linker</Filter>
    </ClInclude>
    <ClInclude Include="HeaderPre.h">
      <Filter>_common_\Linker</Filter>
    </ClInclude>
    <ClInclude Include="WBF_DATA_LINK.h">
      <Filter>_common_\Linker</Filter>
    </ClInclude>
    <ClInclude Include="DataBaseDefine.h">
      <Filter>DataBase</Filter>
    </ClInclude>
    <ClInclude Include="EntityBody.h">
      <Filter>DataBase\Geometry</Filter>
    </ClInclude>
    <ClInclude Include="EntitySubBody.h">
      <Filter>DataBase\Geometry</Filter>
    </ClInclude>
    <ClInclude Include="EntityVertex.h">
      <Filter>DataBase\Geometry</Filter>
    </ClInclude>
    <ClInclude Include="ModuleBody.h">
      <Filter>DataBase\Geometry</Filter>
    </ClInclude>
    <ClInclude Include="ModuleSubBody.h">
      <Filter>DataBase\Geometry</Filter>
    </ClInclude>
    <ClInclude Include="ModuleVertex.h">
      <Filter>DataBase\Geometry</Filter>
    </ClInclude>
    <ClInclude Include="EntityLight.h">
      <Filter>DataBase\Light</Filter>
    </ClInclude>
    <ClInclude Include="ModuleLight.h">
      <Filter>DataBase\Light</Filter>
    </ClInclude>
    <ClInclude Include="ModuleBox.h">
      <Filter>DataBase\Box</Filter>
    </ClInclude>
    <ClInclude Include="EntityBox.h">
      <Filter>DataBase\Box</Filter>
    </ClInclude>
  </ItemGroup>
  <ItemGroup>
    <ResourceCompile Include="WBF_DATA.rc">
      <Filter>_resource_</Filter>
    </ResourceCompile>
  </ItemGroup>
</Project>