
Microsoft Visual Studio Solution File, Format Version 12.00
# Visual Studio 15
VisualStudioVersion = 15.0.28307.572
MinimumVisualStudioVersion = 10.0.40219.1
Project("{8BC9CEB8-8B4A-11D0-8D11-00A0C91BC942}") = "5_13", "5_13.vcxproj", "{95F4AC01-32EC-4604-B7ED-D20508E9C74E}"
EndProject
Global
	GlobalSection(SolutionConfigurationPlatforms) = preSolution
		Debug|Win32 = Debug|Win32
		Release|Win32 = Release|Win32
	EndGlobalSection
	GlobalSection(ProjectConfigurationPlatforms) = postSolution
		{95F4AC01-32EC-4604-B7ED-D20508E9C74E}.Debug|Win32.ActiveCfg = Debug|Win32
		{95F4AC01-32EC-4604-B7ED-D20508E9C74E}.Debug|Win32.Build.0 = Debug|Win32
		{95F4AC01-32EC-4604-B7ED-D20508E9C74E}.Release|Win32.ActiveCfg = Release|Win32
		{95F4AC01-32EC-4604-B7ED-D20508E9C74E}.Release|Win32.Build.0 = Release|Win32
	EndGlobalSection
	GlobalSection(SolutionProperties) = preSolution
		HideSolutionNode = FALSE
	EndGlobalSection
	GlobalSection(ExtensibilityGlobals) = postSolution
		SolutionGuid = {53FC4BA3-3420-4226-8407-D51AA3828FC3}
	EndGlobalSection
EndGlobal
