<?xml version="1.0" encoding="utf-8"?>
<Project ToolsVersion="4.0" xmlns="http://schemas.microsoft.com/developer/msbuild/2003">
  <ItemGroup>
    <Filter Include="__GENERAL__">
      <UniqueIdentifier>{177d59e0-8a01-4d07-9b78-05c58265ff65}</UniqueIdentifier>
    </Filter>
    <Filter Include="__RESOURCE__">
      <UniqueIdentifier>{a66c82b6-eee9-44a6-bdb1-f6d111e06126}</UniqueIdentifier>
    </Filter>
    <Filter Include="__RESOURCE__\file">
      <UniqueIdentifier>{c6446292-99a5-45c1-8e32-883e38bd7543}</UniqueIdentifier>
    </Filter>
    <Filter Include="__GENERAL__\Linker">
      <UniqueIdentifier>{a411fc0a-51a8-43eb-b660-2d55f6436e7a}</UniqueIdentifier>
    </Filter>
    <Filter Include="RENDER">
      <UniqueIdentifier>{249fef5d-e045-4906-80c6-c02f082199ad}</UniqueIdentifier>
    </Filter>
    <Filter Include="RENDER\Box">
      <UniqueIdentifier>{724043be-adc6-4748-a93e-34615c31c4f7}</UniqueIdentifier>
    </Filter>
    <Filter Include="RENDER\Light">
      <UniqueIdentifier>{226bfab4-85fd-4144-aba3-5bb1ddea5a4c}</UniqueIdentifier>
    </Filter>
    <Filter Include="RENDER\Sample">
      <UniqueIdentifier>{33b5a89e-6618-4896-b129-7acb7b3817b0}</UniqueIdentifier>
    </Filter>
    <Filter Include="VIEW">
      <UniqueIdentifier>{b28c7bd1-c6ba-491e-9e68-4b217a9541ab}</UniqueIdentifier>
    </Filter>
  </ItemGroup>
  <ItemGroup>
    <ClCompile Include="ModelLight.cpp">
      <Filter>RENDER\Light</Filter>
    </ClCompile>
    <ClCompile Include="ModelSample.cpp">
      <Filter>RENDER\Sample</Filter>
    </ClCompile>
    <ClCompile Include="RndrLight.cpp">
      <Filter>RENDER\Light</Filter>
    </ClCompile>
    <ClCompile Include="RndrSample.cpp">
      <Filter>RENDER\Sample</Filter>
    </ClCompile>
    <ClCompile Include="ModelBox.cpp">
      <Filter>RENDER\Box</Filter>
    </ClCompile>
    <ClCompile Include="RndrBox.cpp">
      <Filter>RENDER\Box</Filter>
    </ClCompile>
    <ClCompile Include="stdafx.cpp">
      <Filter>__GENERAL__</Filter>
    </ClCompile>
    <ClCompile Include="WAF_GPS.cpp">
      <Filter>__GENERAL__</Filter>
    </ClCompile>
    <ClCompile Include="WBFModelManager.cpp">
      <Filter>RENDER</Filter>
    </ClCompile>
    <ClCompile Include="WBFRndrManager.cpp">
      <Filter>RENDER</Filter>
    </ClCompile>
    <ClCompile Include="GPSView.cpp">
      <Filter>VIEW</Filter>
    </ClCompile>
  </ItemGroup>
  <ItemGroup>
    <None Include="res\WAF_GPS.rc2">
      <Filter>__RESOURCE__</Filter>
    </None>
    <None Include="WAF_GPS.def">
      <Filter>__GENERAL__</Filter>
    </None>
  </ItemGroup>
  <ItemGroup>
    <ClInclude Include="HeaderPost.h">
      <Filter>__GENERAL__\Linker</Filter>
    </ClInclude>
    <ClInclude Include="HeaderPre.h">
      <Filter>__GENERAL__\Linker</Filter>
    </ClInclude>
    <ClInclude Include="WAF_GPS_LINK.h">
      <Filter>__GENERAL__\Linker</Filter>
    </ClInclude>
    <ClInclude Include="ModelLight.h">
      <Filter>RENDER\Light</Filter>
    </ClInclude>
    <ClInclude Include="ModelSample.h">
      <Filter>RENDER\Sample</Filter>
    </ClInclude>
    <ClInclude Include="RndrLight.h">
      <Filter>RENDER\Light</Filter>
    </ClInclude>
    <ClInclude Include="RndrSample.h">
      <Filter>RENDER\Sample</Filter>
    </ClInclude>
    <ClInclude Include="ModelBox.h">
      <Filter>RENDER\Box</Filter>
    </ClInclude>
    <ClInclude Include="RndrBox.h">
      <Filter>RENDER\Box</Filter>
    </ClInclude>
    <ClInclude Include="Resource.h">
      <Filter>__RESOURCE__</Filter>
    </ClInclude>
    <ClInclude Include="stdafx.h">
      <Filter>__GENERAL__</Filter>
    </ClInclude>
    <ClInclude Include="targetver.h">
      <Filter>__GENERAL__</Filter>
    </ClInclude>
    <ClInclude Include="WAF_GPS.h">
      <Filter>__GENERAL__</Filter>
    </ClInclude>
    <ClInclude Include="WBFModelManager.h">
      <Filter>RENDER</Filter>
    </ClInclude>
    <ClInclude Include="WBFRndrManager.h">
      <Filter>RENDER</Filter>
    </ClInclude>
    <ClInclude Include="GPSView.h">
      <Filter>VIEW</Filter>
    </ClInclude>
  </ItemGroup>
  <ItemGroup>
    <ResourceCompile Include="WAF_GPS.rc">
      <Filter>__RESOURCE__</Filter>
    </ResourceCompile>
  </ItemGroup>
</Project>