<?xml version="1.0" encoding="utf-8"?>
<Project ToolsVersion="4.0" xmlns="http://schemas.microsoft.com/developer/msbuild/2003">
  <ItemGroup>
    <Filter Include="__Resource__">
      <UniqueIdentifier>{67DA6AB6-F800-4c08-8B7A-83BB121AAD01}</UniqueIdentifier>
      <Extensions>rc;ico;cur;bmp;dlg;rc2;rct;bin;rgs;gif;jpg;jpeg;jpe;resx;tiff;tif;png;wav;mfcribbon-ms</Extensions>
    </Filter>
    <Filter Include="__Resource File__">
      <UniqueIdentifier>{bc6ff6d8-9c88-4a0d-a7df-b3073b24209c}</UniqueIdentifier>
    </Filter>
    <Filter Include="__General__">
      <UniqueIdentifier>{93995380-89BD-4b04-88EB-625FBE52EBFB}</UniqueIdentifier>
      <Extensions>h;hh;hpp;hxx;hm;inl;inc;ipp;xsd</Extensions>
    </Filter>
    <Filter Include="Main">
      <UniqueIdentifier>{4FC737F1-C7A5-4376-A066-2A32D752A2FF}</UniqueIdentifier>
      <Extensions>cpp;c;cc;cxx;def;odl;idl;hpj;bat;asm;asmx</Extensions>
    </Filter>
    <Filter Include="Main\Interface">
      <UniqueIdentifier>{44219370-d820-4c65-8f28-28e80a39ecf9}</UniqueIdentifier>
    </Filter>
    <Filter Include="Implementation">
      <UniqueIdentifier>{e0258861-f199-4860-a70e-fbdd92905176}</UniqueIdentifier>
    </Filter>
    <Filter Include="Implementation\00_Sample">
      <UniqueIdentifier>{ab134645-6f11-470e-b6e5-a321986f7187}</UniqueIdentifier>
    </Filter>
    <Filter Include="Main\Include">
      <UniqueIdentifier>{900a916d-6c33-46ec-ab5a-1bf63d5fe288}</UniqueIdentifier>
    </Filter>
  </ItemGroup>
  <ItemGroup>
    <ClCompile Include="main.cpp">
      <Filter>Main</Filter>
    </ClCompile>
    <ClCompile Include="IRndrBase.cpp">
      <Filter>Main\Interface</Filter>
    </ClCompile>
    <ClCompile Include="RndrSample.cpp">
      <Filter>Implementation\00_Sample</Filter>
    </ClCompile>
  </ItemGroup>
  <ItemGroup>
    <ClInclude Include="IRndrBase.h">
      <Filter>Main\Interface</Filter>
    </ClInclude>
    <ClInclude Include="GLIncludeHeader.h">
      <Filter>Main\Include</Filter>
    </ClInclude>
    <ClInclude Include="RndrSample.h">
      <Filter>Implementation\00_Sample</Filter>
    </ClInclude>
  </ItemGroup>
</Project>