<?xml version="1.0" encoding="utf-8"?>
<Project ToolsVersion="4.0" xmlns="http://schemas.microsoft.com/developer/msbuild/2003">
  <ItemGroup>
    <Filter Include="__Resource__">
      <UniqueIdentifier>{67DA6AB6-F800-4c08-8B7A-83BB121AAD01}</UniqueIdentifier>
      <Extensions>rc;ico;cur;bmp;dlg;rc2;rct;bin;rgs;gif;jpg;jpeg;jpe;resx;tiff;tif;png;wav;mfcribbon-ms</Extensions>
    </Filter>
    <Filter Include="__Resource File__">
      <UniqueIdentifier>{bc6ff6d8-9c88-4a0d-a7df-b3073b24209c}</UniqueIdentifier>
    </Filter>
    <Filter Include="__General__">
      <UniqueIdentifier>{93995380-89BD-4b04-88EB-625FBE52EBFB}</UniqueIdentifier>
      <Extensions>h;hh;hpp;hxx;hm;inl;inc;ipp;xsd</Extensions>
    </Filter>
    <Filter Include="Main">
      <UniqueIdentifier>{4FC737F1-C7A5-4376-A066-2A32D752A2FF}</UniqueIdentifier>
      <Extensions>cpp;c;cc;cxx;def;odl;idl;hpj;bat;asm;asmx</Extensions>
    </Filter>
    <Filter Include="Implementation">
      <UniqueIdentifier>{e0258861-f199-4860-a70e-fbdd92905176}</UniqueIdentifier>
    </Filter>
    <Filter Include="Implementation\__Sample__">
      <UniqueIdentifier>{ab134645-6f11-470e-b6e5-a321986f7187}</UniqueIdentifier>
    </Filter>
    <Filter Include="Include">
      <UniqueIdentifier>{1a398066-8bb0-47e5-83a9-11c6e7a60aa6}</UniqueIdentifier>
    </Filter>
    <Filter Include="Interface">
      <UniqueIdentifier>{0ee047ef-abdf-406a-88f1-597b46907c61}</UniqueIdentifier>
    </Filter>
    <Filter Include="Implementation\Modeling">
      <UniqueIdentifier>{185feddf-27b1-4a44-b9e2-de55b99b65f5}</UniqueIdentifier>
    </Filter>
    <Filter Include="Implementation\Glut">
      <UniqueIdentifier>{9e72b5a8-4e54-4630-989b-69c7fe4e2d49}</UniqueIdentifier>
    </Filter>
  </ItemGroup>
  <ItemGroup>
    <ClCompile Include="main.cpp">
      <Filter>Main</Filter>
    </ClCompile>
    <ClCompile Include="RndrSample.cpp">
      <Filter>Implementation\__Sample__</Filter>
    </ClCompile>
    <ClCompile Include="RndrGlut.cpp">
      <Filter>Implementation\Glut</Filter>
    </ClCompile>
    <ClCompile Include="IRndrBase.cpp">
      <Filter>Interface</Filter>
    </ClCompile>
    <ClCompile Include="RndrModeling.cpp">
      <Filter>Implementation\Modeling</Filter>
    </ClCompile>
  </ItemGroup>
  <ItemGroup>
    <ClInclude Include="RndrSample.h">
      <Filter>Implementation\__Sample__</Filter>
    </ClInclude>
    <ClInclude Include="RndrGlut.h">
      <Filter>Implementation\Glut</Filter>
    </ClInclude>
    <ClInclude Include="GLIncludeHeader.h">
      <Filter>Include</Filter>
    </ClInclude>
    <ClInclude Include="IRndrBase.h">
      <Filter>Interface</Filter>
    </ClInclude>
    <ClInclude Include="RndrModeling.h">
      <Filter>Implementation\Modeling</Filter>
    </ClInclude>
  </ItemGroup>
</Project>