<?xml version="1.0" encoding="utf-8"?>
<Project ToolsVersion="4.0" xmlns="http://schemas.microsoft.com/developer/msbuild/2003">
  <ItemGroup>
    <Filter Include="__Resource__">
      <UniqueIdentifier>{67DA6AB6-F800-4c08-8B7A-83BB121AAD01}</UniqueIdentifier>
      <Extensions>rc;ico;cur;bmp;dlg;rc2;rct;bin;rgs;gif;jpg;jpeg;jpe;resx;tiff;tif;png;wav;mfcribbon-ms</Extensions>
    </Filter>
    <Filter Include="__Resource File__">
      <UniqueIdentifier>{bc6ff6d8-9c88-4a0d-a7df-b3073b24209c}</UniqueIdentifier>
    </Filter>
    <Filter Include="__General__">
      <UniqueIdentifier>{93995380-89BD-4b04-88EB-625FBE52EBFB}</UniqueIdentifier>
      <Extensions>h;hh;hpp;hxx;hm;inl;inc;ipp;xsd</Extensions>
    </Filter>
    <Filter Include="Main">
      <UniqueIdentifier>{4FC737F1-C7A5-4376-A066-2A32D752A2FF}</UniqueIdentifier>
      <Extensions>cpp;c;cc;cxx;def;odl;idl;hpj;bat;asm;asmx</Extensions>
    </Filter>
    <Filter Include="__Resource File__\Shader">
      <UniqueIdentifier>{ac651215-752e-473a-8e80-069f5ab5ab72}</UniqueIdentifier>
    </Filter>
    <Filter Include="Graphic">
      <UniqueIdentifier>{0ee047ef-abdf-406a-88f1-597b46907c61}</UniqueIdentifier>
    </Filter>
    <Filter Include="Graphic\Implementation">
      <UniqueIdentifier>{e0258861-f199-4860-a70e-fbdd92905176}</UniqueIdentifier>
    </Filter>
    <Filter Include="Graphic\Implementation\Glut">
      <UniqueIdentifier>{698f9dd1-4b0d-48c7-9edb-916e1518f69f}</UniqueIdentifier>
    </Filter>
    <Filter Include="Graphic\Implementation\Glut\06. Texture">
      <UniqueIdentifier>{b0bac378-820e-42d8-ac8b-c3b832376084}</UniqueIdentifier>
    </Filter>
    <Filter Include="Graphic\Implementation\Glut\01. Glut">
      <UniqueIdentifier>{9e72b5a8-4e54-4630-989b-69c7fe4e2d49}</UniqueIdentifier>
    </Filter>
    <Filter Include="Graphic\Implementation\Glut\02. Modeling">
      <UniqueIdentifier>{185feddf-27b1-4a44-b9e2-de55b99b65f5}</UniqueIdentifier>
    </Filter>
    <Filter Include="Graphic\Implementation\Glut\03. Projection">
      <UniqueIdentifier>{b27bd406-9b6e-43d2-bd95-66688b7dc2ed}</UniqueIdentifier>
    </Filter>
    <Filter Include="Graphic\Implementation\Glut\04. Aliasing">
      <UniqueIdentifier>{4a342e97-190f-4395-81dc-a126dadc48e2}</UniqueIdentifier>
    </Filter>
    <Filter Include="Graphic\Implementation\Glut\05. Lighting">
      <UniqueIdentifier>{ae8c6af5-5b99-4462-9385-07ed4baafb20}</UniqueIdentifier>
    </Filter>
    <Filter Include="Graphic\Implementation\Glut\__Sample__">
      <UniqueIdentifier>{ab134645-6f11-470e-b6e5-a321986f7187}</UniqueIdentifier>
    </Filter>
    <Filter Include="Graphic\Implementation\Glfw">
      <UniqueIdentifier>{fb3ec018-b2dc-4c90-a5d8-dcc7ae76d161}</UniqueIdentifier>
    </Filter>
    <Filter Include="Graphic\Implementation\Glfw\01. Glfw">
      <UniqueIdentifier>{93dc8666-2183-4e43-814c-f94f7657564b}</UniqueIdentifier>
    </Filter>
    <Filter Include="Graphic\Interface">
      <UniqueIdentifier>{69c0fcc2-8f46-4efc-96b0-79b97ee902c0}</UniqueIdentifier>
    </Filter>
    <Filter Include="Graphic\Shader">
      <UniqueIdentifier>{46f7338e-92fb-42d3-8ce8-8130e52ceffb}</UniqueIdentifier>
    </Filter>
    <Filter Include="Graphic\VBO">
      <UniqueIdentifier>{a983b1c2-be1c-47f4-a361-d829a6cadcc5}</UniqueIdentifier>
    </Filter>
  </ItemGroup>
  <ItemGroup>
    <ClCompile Include="main.cpp">
      <Filter>Main</Filter>
    </ClCompile>
    <ClCompile Include="RndrSample.cpp">
      <Filter>Graphic\Implementation\Glut\__Sample__</Filter>
    </ClCompile>
    <ClCompile Include="RndrGlut.cpp">
      <Filter>Graphic\Implementation\Glut\01. Glut</Filter>
    </ClCompile>
    <ClCompile Include="RndrModeling.cpp">
      <Filter>Graphic\Implementation\Glut\02. Modeling</Filter>
    </ClCompile>
    <ClCompile Include="RndrProjection.cpp">
      <Filter>Graphic\Implementation\Glut\03. Projection</Filter>
    </ClCompile>
    <ClCompile Include="RndrAliasing.cpp">
      <Filter>Graphic\Implementation\Glut\04. Aliasing</Filter>
    </ClCompile>
    <ClCompile Include="RndrLighting.cpp">
      <Filter>Graphic\Implementation\Glut\05. Lighting</Filter>
    </ClCompile>
    <ClCompile Include="RndrTexture.cpp">
      <Filter>Graphic\Implementation\Glut\06. Texture</Filter>
    </ClCompile>
    <ClCompile Include="CRndrGlfw.cpp">
      <Filter>Graphic\Implementation\Glfw\01. Glfw</Filter>
    </ClCompile>
    <ClCompile Include="..\..\include\$(PlatformToolset)\glad\glad.c">
      <Filter>__General__</Filter>
    </ClCompile>
    <ClCompile Include="CShaderProgram.cpp">
      <Filter>Graphic\Shader</Filter>
    </ClCompile>
    <ClCompile Include="IRndrBase.cpp">
      <Filter>Graphic\Interface</Filter>
    </ClCompile>
    <ClCompile Include="CShaderVBO.cpp">
      <Filter>Graphic\VBO</Filter>
    </ClCompile>
  </ItemGroup>
  <ItemGroup>
    <ClInclude Include="RndrSample.h">
      <Filter>Graphic\Implementation\Glut\__Sample__</Filter>
    </ClInclude>
    <ClInclude Include="RndrGlut.h">
      <Filter>Graphic\Implementation\Glut\01. Glut</Filter>
    </ClInclude>
    <ClInclude Include="RndrModeling.h">
      <Filter>Graphic\Implementation\Glut\02. Modeling</Filter>
    </ClInclude>
    <ClInclude Include="RndrProjection.h">
      <Filter>Graphic\Implementation\Glut\03. Projection</Filter>
    </ClInclude>
    <ClInclude Include="RndrAliasing.h">
      <Filter>Graphic\Implementation\Glut\04. Aliasing</Filter>
    </ClInclude>
    <ClInclude Include="RndrLighting.h">
      <Filter>Graphic\Implementation\Glut\05. Lighting</Filter>
    </ClInclude>
    <ClInclude Include="RndrTexture.h">
      <Filter>Graphic\Implementation\Glut\06. Texture</Filter>
    </ClInclude>
    <ClInclude Include="CRndrGlfw.h">
      <Filter>Graphic\Implementation\Glfw\01. Glfw</Filter>
    </ClInclude>
    <ClInclude Include="GlfwIncludeHeader.h">
      <Filter>__General__</Filter>
    </ClInclude>
    <ClInclude Include="CShaderProgram.h">
      <Filter>Graphic\Shader</Filter>
    </ClInclude>
    <ClInclude Include="resource.h">
      <Filter>__Resource__</Filter>
    </ClInclude>
    <ClInclude Include="GlutIncludeHeader.h">
      <Filter>__General__</Filter>
    </ClInclude>
    <ClInclude Include="IRndrBase.h">
      <Filter>Graphic\Interface</Filter>
    </ClInclude>
    <ClInclude Include="stb_image.h">
      <Filter>__General__</Filter>
    </ClInclude>
    <ClInclude Include="CShaderVBO.h">
      <Filter>Graphic\VBO</Filter>
    </ClInclude>
    <ClInclude Include="ShaderDef.h">
      <Filter>Graphic</Filter>
    </ClInclude>
  </ItemGroup>
  <ItemGroup>
    <ResourceCompile Include="openGL.rc">
      <Filter>__Resource__</Filter>
    </ResourceCompile>
  </ItemGroup>
  <ItemGroup>
    <None Include="resource\shader_glfw_vert.glsl">
      <Filter>__Resource File__\Shader</Filter>
    </None>
    <None Include="resource\shader_glfw_frag.glsl">
      <Filter>__Resource File__\Shader</Filter>
    </None>
  </ItemGroup>
  <ItemGroup>
    <Image Include="resource\container.jpg">
      <Filter>__Resource File__</Filter>
    </Image>
  </ItemGroup>
</Project>