<?xml version="1.0" encoding="utf-8"?>
<Project ToolsVersion="4.0" xmlns="http://schemas.microsoft.com/developer/msbuild/2003">
  <ItemGroup>
    <Filter Include="_resource_">
      <UniqueIdentifier>{67DA6AB6-F800-4c08-8B7A-83BB121AAD01}</UniqueIdentifier>
      <Extensions>rc;ico;cur;bmp;dlg;rc2;rct;bin;rgs;gif;jpg;jpeg;jpe;resx;tiff;tif;png;wav;mfcribbon-ms</Extensions>
    </Filter>
    <Filter Include="_resource file_">
      <UniqueIdentifier>{0f09a46b-d1e2-493b-a4ca-4c29c7de9e88}</UniqueIdentifier>
    </Filter>
    <Filter Include="Main">
      <UniqueIdentifier>{4FC737F1-C7A5-4376-A066-2A32D752A2FF}</UniqueIdentifier>
      <Extensions>cpp;c;cc;cxx;def;odl;idl;hpj;bat;asm;asmx</Extensions>
    </Filter>
    <Filter Include="_common_">
      <UniqueIdentifier>{93995380-89BD-4b04-88EB-625FBE52EBFB}</UniqueIdentifier>
      <Extensions>h;hh;hpp;hxx;hm;inl;inc;ipp;xsd</Extensions>
    </Filter>
    <Filter Include="_common_\Linker">
      <UniqueIdentifier>{5841765e-3c15-4884-865c-91ef509d67fe}</UniqueIdentifier>
    </Filter>
    <Filter Include="Menu">
      <UniqueIdentifier>{c9b8d1b8-843d-4a29-92e8-e74160018c6b}</UniqueIdentifier>
    </Filter>
    <Filter Include="Menu\Category">
      <UniqueIdentifier>{33f42c65-2b2a-4658-83c6-27bf2a3cbc37}</UniqueIdentifier>
    </Filter>
    <Filter Include="Dialog">
      <UniqueIdentifier>{972be108-7f14-471d-828f-6892b29839ce}</UniqueIdentifier>
    </Filter>
  </ItemGroup>
  <ItemGroup>
    <ClInclude Include="stdafx.h">
      <Filter>_common_</Filter>
    </ClInclude>
    <ClInclude Include="targetver.h">
      <Filter>_common_</Filter>
    </ClInclude>
    <ClInclude Include="ChildFrm.h">
      <Filter>Main</Filter>
    </ClInclude>
    <ClInclude Include="MainFrm.h">
      <Filter>Main</Filter>
    </ClInclude>
    <ClInclude Include="Resource.h">
      <Filter>_resource_</Filter>
    </ClInclude>
    <ClInclude Include="WBFDoc.h">
      <Filter>Main</Filter>
    </ClInclude>
    <ClInclude Include="WBFView.h">
      <Filter>Main</Filter>
    </ClInclude>
    <ClInclude Include="WBF.h">
      <Filter>Main</Filter>
    </ClInclude>
    <ClInclude Include="HeaderPost.h">
      <Filter>_common_\Linker</Filter>
    </ClInclude>
    <ClInclude Include="HeaderPre.h">
      <Filter>_common_\Linker</Filter>
    </ClInclude>
    <ClInclude Include="calendarbar.h">
      <Filter>Menu</Filter>
    </ClInclude>
    <ClInclude Include="WBFCategoryManager.h">
      <Filter>Menu\Category</Filter>
    </ClInclude>
    <ClInclude Include="WBFCategoryBase.h">
      <Filter>Menu\Category</Filter>
    </ClInclude>
    <ClInclude Include="WBFCategoryMain.h">
      <Filter>Menu\Category</Filter>
    </ClInclude>
    <ClInclude Include="WBFControlDlg.h">
      <Filter>Dialog</Filter>
    </ClInclude>
  </ItemGroup>
  <ItemGroup>
    <ClCompile Include="WBF.cpp">
      <Filter>Main</Filter>
    </ClCompile>
    <ClCompile Include="MainFrm.cpp">
      <Filter>Main</Filter>
    </ClCompile>
    <ClCompile Include="ChildFrm.cpp">
      <Filter>Main</Filter>
    </ClCompile>
    <ClCompile Include="WBFDoc.cpp">
      <Filter>Main</Filter>
    </ClCompile>
    <ClCompile Include="WBFView.cpp">
      <Filter>Main</Filter>
    </ClCompile>
    <ClCompile Include="stdafx.cpp">
      <Filter>_common_</Filter>
    </ClCompile>
    <ClCompile Include="calendarbar.cpp">
      <Filter>Menu</Filter>
    </ClCompile>
    <ClCompile Include="WBFCategoryManager.cpp">
      <Filter>Menu\Category</Filter>
    </ClCompile>
    <ClCompile Include="WBFCategoryBase.cpp">
      <Filter>Menu\Category</Filter>
    </ClCompile>
    <ClCompile Include="WBFCategoryMain.cpp">
      <Filter>Menu\Category</Filter>
    </ClCompile>
    <ClCompile Include="WBFControlDlg.cpp">
      <Filter>Dialog</Filter>
    </ClCompile>
  </ItemGroup>
  <ItemGroup>
    <None Include="res\ribbon.mfcribbon-ms">
      <Filter>_resource file_</Filter>
    </None>
    <None Include="res\WBF.rc2">
      <Filter>_resource_</Filter>
    </None>
    <None Include="WBF.reg">
      <Filter>_common_</Filter>
    </None>
  </ItemGroup>
  <ItemGroup>
    <Image Include="res\buttons.bmp">
      <Filter>_resource file_</Filter>
    </Image>
    <Image Include="res\filelarge.bmp">
      <Filter>_resource file_</Filter>
    </Image>
    <Image Include="res\filesmall.bmp">
      <Filter>_resource file_</Filter>
    </Image>
    <Image Include="res\info.bmp">
      <Filter>_resource file_</Filter>
    </Image>
    <Image Include="res\main.bmp">
      <Filter>_resource file_</Filter>
    </Image>
    <Image Include="res\nav_large.bmp">
      <Filter>_resource file_</Filter>
    </Image>
    <Image Include="res\nav_large_hc.bmp">
      <Filter>_resource file_</Filter>
    </Image>
    <Image Include="res\pages.bmp">
      <Filter>_resource file_</Filter>
    </Image>
    <Image Include="res\pages_hc.bmp">
      <Filter>_resource file_</Filter>
    </Image>
    <Image Include="res\pages_small.bmp">
      <Filter>_resource file_</Filter>
    </Image>
    <Image Include="res\pages_small_hc.bmp">
      <Filter>_resource file_</Filter>
    </Image>
    <Image Include="res\Toolbar.bmp">
      <Filter>_resource file_</Filter>
    </Image>
    <Image Include="res\Toolbar256.bmp">
      <Filter>_resource file_</Filter>
    </Image>
    <Image Include="res\WBF.ico">
      <Filter>_resource file_</Filter>
    </Image>
    <Image Include="res\WBFDoc.ico">
      <Filter>_resource file_</Filter>
    </Image>
    <Image Include="res\writelarge.bmp">
      <Filter>_resource file_</Filter>
    </Image>
    <Image Include="res\writesmall.bmp">
      <Filter>_resource file_</Filter>
    </Image>
  </ItemGroup>
  <ItemGroup>
    <ResourceCompile Include="WBF.rc">
      <Filter>_resource_</Filter>
    </ResourceCompile>
  </ItemGroup>
</Project>