<?xml version="1.0" encoding="utf-8"?>
<Project ToolsVersion="4.0" xmlns="http://schemas.microsoft.com/developer/msbuild/2003">
  <ItemGroup>
    <Filter Include="__RESOURCE__">
      <UniqueIdentifier>{2a36f617-9de1-4f66-83ee-a7cf58f0573a}</UniqueIdentifier>
    </Filter>
    <Filter Include="__GENERAL__">
      <UniqueIdentifier>{54343e53-538e-42fe-86f9-da55a1b69a94}</UniqueIdentifier>
    </Filter>
    <Filter Include="__RESOURCE__\file">
      <UniqueIdentifier>{93995380-89BD-4b04-88EB-625FBE52EBFB}</UniqueIdentifier>
      <Extensions>h;hh;hpp;hxx;hm;inl;inc;ipp;xsd</Extensions>
    </Filter>
    <Filter Include="__GENERAL__\Linker">
      <UniqueIdentifier>{56fd0cfd-a2ed-4456-9fb0-652694eb5306}</UniqueIdentifier>
    </Filter>
    <Filter Include="GRAPHIC">
      <UniqueIdentifier>{8f76857c-bb32-4118-8518-b77fa99c2f0b}</UniqueIdentifier>
    </Filter>
    <Filter Include="GRAPHIC\VBO">
      <UniqueIdentifier>{17ab6126-1efa-4955-af55-701703062e9d}</UniqueIdentifier>
    </Filter>
    <Filter Include="GRAPHIC\Renderer">
      <UniqueIdentifier>{69012cf2-ed91-4075-96a3-bf2d0afd94b4}</UniqueIdentifier>
    </Filter>
    <Filter Include="GRAPHIC\Model">
      <UniqueIdentifier>{29075dae-cf4a-4804-946c-d124cf2f2c93}</UniqueIdentifier>
    </Filter>
    <Filter Include="OPTION">
      <UniqueIdentifier>{0737fed2-541a-4a45-ac88-181fe4bb899e}</UniqueIdentifier>
    </Filter>
    <Filter Include="BASE">
      <UniqueIdentifier>{de781e09-670b-4887-b68e-dbbc4bf1486f}</UniqueIdentifier>
    </Filter>
    <Filter Include="CONTROL">
      <UniqueIdentifier>{7ebebfdd-95da-48c8-870a-52624183bd12}</UniqueIdentifier>
    </Filter>
    <Filter Include="CONTROL\Dialog">
      <UniqueIdentifier>{ebbbc3f9-7c2d-43db-b75d-32d1b88d1180}</UniqueIdentifier>
    </Filter>
  </ItemGroup>
  <ItemGroup>
    <ClCompile Include="WBFDialog.cpp">
      <Filter>CONTROL\Dialog</Filter>
    </ClCompile>
    <ClCompile Include="WBFOption.cpp">
      <Filter>OPTION</Filter>
    </ClCompile>
    <ClCompile Include="WBFModelOption.cpp">
      <Filter>OPTION</Filter>
    </ClCompile>
    <ClCompile Include="WBFVBOManager.cpp">
      <Filter>GRAPHIC\VBO</Filter>
    </ClCompile>
    <ClCompile Include="WBFVBOData.cpp">
      <Filter>GRAPHIC\VBO</Filter>
    </ClCompile>
    <ClCompile Include="WBFVBOFactory.cpp">
      <Filter>GRAPHIC\VBO</Filter>
    </ClCompile>
    <ClCompile Include="ModelManager.cpp">
      <Filter>GRAPHIC\Model</Filter>
    </ClCompile>
    <ClCompile Include="ModelData.cpp">
      <Filter>GRAPHIC\Model</Filter>
    </ClCompile>
    <ClCompile Include="RndrManager.cpp">
      <Filter>GRAPHIC\Renderer</Filter>
    </ClCompile>
    <ClCompile Include="RndrData.cpp">
      <Filter>GRAPHIC\Renderer</Filter>
    </ClCompile>
    <ClCompile Include="ModelFactory.cpp">
      <Filter>GRAPHIC\Model</Filter>
    </ClCompile>
    <ClCompile Include="RndrFactory.cpp">
      <Filter>GRAPHIC\Renderer</Filter>
    </ClCompile>
    <ClCompile Include="stdafx.cpp">
      <Filter>__GENERAL__</Filter>
    </ClCompile>
    <ClCompile Include="WBF_BASE.cpp">
      <Filter>__GENERAL__</Filter>
    </ClCompile>
    <ClCompile Include="DocBase.cpp">
      <Filter>BASE</Filter>
    </ClCompile>
    <ClCompile Include="ViewBase.cpp">
      <Filter>BASE</Filter>
    </ClCompile>
  </ItemGroup>
  <ItemGroup>
    <None Include="res\WBF_BASE.rc2">
      <Filter>__RESOURCE__</Filter>
    </None>
    <None Include="WBF_BASE.def">
      <Filter>__GENERAL__</Filter>
    </None>
  </ItemGroup>
  <ItemGroup>
    <ClInclude Include="WBFDialog.h">
      <Filter>CONTROL\Dialog</Filter>
    </ClInclude>
    <ClInclude Include="WBFOption.h">
      <Filter>OPTION</Filter>
    </ClInclude>
    <ClInclude Include="WBFModelOption.h">
      <Filter>OPTION</Filter>
    </ClInclude>
    <ClInclude Include="WBFVBOManager.h">
      <Filter>GRAPHIC\VBO</Filter>
    </ClInclude>
    <ClInclude Include="WBFVBOData.h">
      <Filter>GRAPHIC\VBO</Filter>
    </ClInclude>
    <ClInclude Include="WBFVBOFactory.h">
      <Filter>GRAPHIC\VBO</Filter>
    </ClInclude>
    <ClInclude Include="WBFVBODefine.h">
      <Filter>GRAPHIC\VBO</Filter>
    </ClInclude>
    <ClInclude Include="ModelManager.h">
      <Filter>GRAPHIC\Model</Filter>
    </ClInclude>
    <ClInclude Include="ModelData.h">
      <Filter>GRAPHIC\Model</Filter>
    </ClInclude>
    <ClInclude Include="RndrManager.h">
      <Filter>GRAPHIC\Renderer</Filter>
    </ClInclude>
    <ClInclude Include="RndrData.h">
      <Filter>GRAPHIC\Renderer</Filter>
    </ClInclude>
    <ClInclude Include="ModelDefine.h">
      <Filter>GRAPHIC\Model</Filter>
    </ClInclude>
    <ClInclude Include="RndrDefine.h">
      <Filter>GRAPHIC\Renderer</Filter>
    </ClInclude>
    <ClInclude Include="ModelFactory.h">
      <Filter>GRAPHIC\Model</Filter>
    </ClInclude>
    <ClInclude Include="RndrFactory.h">
      <Filter>GRAPHIC\Renderer</Filter>
    </ClInclude>
    <ClInclude Include="Resource.h">
      <Filter>__RESOURCE__</Filter>
    </ClInclude>
    <ClInclude Include="HeaderPost.h">
      <Filter>__GENERAL__</Filter>
    </ClInclude>
    <ClInclude Include="HeaderPre.h">
      <Filter>__GENERAL__</Filter>
    </ClInclude>
    <ClInclude Include="WBF_BASE_LINK.h">
      <Filter>__GENERAL__</Filter>
    </ClInclude>
    <ClInclude Include="stdafx.h">
      <Filter>__GENERAL__</Filter>
    </ClInclude>
    <ClInclude Include="targetver.h">
      <Filter>__GENERAL__</Filter>
    </ClInclude>
    <ClInclude Include="WBF_BASE.h">
      <Filter>__GENERAL__</Filter>
    </ClInclude>
    <ClInclude Include="WBFGraphicDef.h">
      <Filter>GRAPHIC</Filter>
    </ClInclude>
    <ClInclude Include="DocBase.h">
      <Filter>BASE</Filter>
    </ClInclude>
    <ClInclude Include="ViewBase.h">
      <Filter>BASE</Filter>
    </ClInclude>
  </ItemGroup>
  <ItemGroup>
    <ResourceCompile Include="WBF_BASE.rc">
      <Filter>__RESOURCE__</Filter>
    </ResourceCompile>
  </ItemGroup>
</Project>