<?xml version="1.0" encoding="utf-8"?>
<Project ToolsVersion="4.0" xmlns="http://schemas.microsoft.com/developer/msbuild/2003">
  <ItemGroup>
    <Filter Include="_resource file_">
      <UniqueIdentifier>{67DA6AB6-F800-4c08-8B7A-83BB121AAD01}</UniqueIdentifier>
      <Extensions>rc;ico;cur;bmp;dlg;rc2;rct;bin;rgs;gif;jpg;jpeg;jpe;resx;tiff;tif;png;wav;mfcribbon-ms</Extensions>
    </Filter>
    <Filter Include="_common_">
      <UniqueIdentifier>{4FC737F1-C7A5-4376-A066-2A32D752A2FF}</UniqueIdentifier>
      <Extensions>cpp;c;cc;cxx;def;odl;idl;hpj;bat;asm;asmx</Extensions>
    </Filter>
    <Filter Include="_resource_">
      <UniqueIdentifier>{93995380-89BD-4b04-88EB-625FBE52EBFB}</UniqueIdentifier>
      <Extensions>h;hh;hpp;hxx;hm;inl;inc;ipp;xsd</Extensions>
    </Filter>
    <Filter Include="_common_\Linker">
      <UniqueIdentifier>{56fd0cfd-a2ed-4456-9fb0-652694eb5306}</UniqueIdentifier>
    </Filter>
    <Filter Include="Option">
      <UniqueIdentifier>{0737fed2-541a-4a45-ac88-181fe4bb899e}</UniqueIdentifier>
    </Filter>
    <Filter Include="Common">
      <UniqueIdentifier>{da11dfd0-e1b5-42e7-b5dd-aa834dbd7c6e}</UniqueIdentifier>
    </Filter>
    <Filter Include="UI">
      <UniqueIdentifier>{c275e4a4-498e-48a8-9067-5e70f909895f}</UniqueIdentifier>
    </Filter>
    <Filter Include="UI\Dialog">
      <UniqueIdentifier>{ebbbc3f9-7c2d-43db-b75d-32d1b88d1180}</UniqueIdentifier>
    </Filter>
    <Filter Include="View">
      <UniqueIdentifier>{7fed498d-db6d-4ba9-b6ff-db21ccb9d9e0}</UniqueIdentifier>
    </Filter>
    <Filter Include="View\Model">
      <UniqueIdentifier>{29075dae-cf4a-4804-946c-d124cf2f2c93}</UniqueIdentifier>
    </Filter>
    <Filter Include="DataBase">
      <UniqueIdentifier>{a8091b9d-612b-4970-8912-b8221043055c}</UniqueIdentifier>
    </Filter>
    <Filter Include="DataBase\Interface">
      <UniqueIdentifier>{8d480a1a-a03e-4470-bb6e-2f5eb8a01338}</UniqueIdentifier>
    </Filter>
    <Filter Include="View\VBO">
      <UniqueIdentifier>{17ab6126-1efa-4955-af55-701703062e9d}</UniqueIdentifier>
    </Filter>
    <Filter Include="DataBase\OpenGL Model%28TEST%29">
      <UniqueIdentifier>{c6f4b5ff-d1fe-436b-b754-9a710afe1331}</UniqueIdentifier>
    </Filter>
    <Filter Include="DataBase\OpenGL Model%28TEST%29\Geometry">
      <UniqueIdentifier>{f67b3918-af64-48d7-b0ad-92a522674398}</UniqueIdentifier>
    </Filter>
    <Filter Include="View\Renderer">
      <UniqueIdentifier>{69012cf2-ed91-4075-96a3-bf2d0afd94b4}</UniqueIdentifier>
    </Filter>
    <Filter Include="Event">
      <UniqueIdentifier>{2607070b-0b23-4dff-a741-bc5c7e1facc1}</UniqueIdentifier>
    </Filter>
    <Filter Include="Event\Listener">
      <UniqueIdentifier>{837d9a5d-cf7c-46a8-b1f2-7d9e3dfbe889}</UniqueIdentifier>
    </Filter>
    <Filter Include="DataBase\OpenGL Model%28TEST%29\Light">
      <UniqueIdentifier>{4bcab4b0-e9c3-4312-8d49-6913445110dc}</UniqueIdentifier>
    </Filter>
  </ItemGroup>
  <ItemGroup>
    <ClCompile Include="WBF_BASE.cpp">
      <Filter>_common_</Filter>
    </ClCompile>
    <ClCompile Include="stdafx.cpp">
      <Filter>_common_</Filter>
    </ClCompile>
    <ClCompile Include="WBFViewBase.cpp">
      <Filter>Common</Filter>
    </ClCompile>
    <ClCompile Include="WBFDocBase.cpp">
      <Filter>Common</Filter>
    </ClCompile>
    <ClCompile Include="WBFDialog.cpp">
      <Filter>UI\Dialog</Filter>
    </ClCompile>
    <ClCompile Include="WBFRndrFactory.cpp">
      <Filter>View\Renderer</Filter>
    </ClCompile>
    <ClCompile Include="WBFModelFactory.cpp">
      <Filter>View\Model</Filter>
    </ClCompile>
    <ClCompile Include="WBFOption.cpp">
      <Filter>Option</Filter>
    </ClCompile>
    <ClCompile Include="WBFModelOption.cpp">
      <Filter>Option</Filter>
    </ClCompile>
    <ClCompile Include="WBFVBOManager.cpp">
      <Filter>View\VBO</Filter>
    </ClCompile>
    <ClCompile Include="WBFModelData.cpp">
      <Filter>View\Model</Filter>
    </ClCompile>
    <ClCompile Include="WBFModelDataManager.cpp">
      <Filter>View\Model</Filter>
    </ClCompile>
    <ClCompile Include="WBFRndrData.cpp">
      <Filter>View\Renderer</Filter>
    </ClCompile>
    <ClCompile Include="WBFRndrDataManager.cpp">
      <Filter>View\Renderer</Filter>
    </ClCompile>
    <ClCompile Include="WBFVBOData.cpp">
      <Filter>View\VBO</Filter>
    </ClCompile>
    <ClCompile Include="ModuleVertex.cpp">
      <Filter>DataBase\OpenGL Model%28TEST%29\Geometry</Filter>
    </ClCompile>
    <ClCompile Include="EntitySubBody.cpp">
      <Filter>DataBase\OpenGL Model%28TEST%29\Geometry</Filter>
    </ClCompile>
    <ClCompile Include="EntityVertex.cpp">
      <Filter>DataBase\OpenGL Model%28TEST%29\Geometry</Filter>
    </ClCompile>
    <ClCompile Include="ModuleSubBody.cpp">
      <Filter>DataBase\OpenGL Model%28TEST%29\Geometry</Filter>
    </ClCompile>
    <ClCompile Include="ModuleBody.cpp">
      <Filter>DataBase\OpenGL Model%28TEST%29\Geometry</Filter>
    </ClCompile>
    <ClCompile Include="EntityBody.cpp">
      <Filter>DataBase\OpenGL Model%28TEST%29\Geometry</Filter>
    </ClCompile>
    <ClCompile Include="WBFVBOFactory.cpp">
      <Filter>View\VBO</Filter>
    </ClCompile>
    <ClCompile Include="DocListener.cpp">
      <Filter>Event\Listener</Filter>
    </ClCompile>
    <ClCompile Include="ModuleBase.cpp">
      <Filter>DataBase\Interface</Filter>
    </ClCompile>
    <ClCompile Include="EntityData.cpp">
      <Filter>DataBase\Interface</Filter>
    </ClCompile>
    <ClCompile Include="Package.cpp">
      <Filter>DataBase\Interface</Filter>
    </ClCompile>
    <ClCompile Include="EntityLight.cpp">
      <Filter>DataBase\OpenGL Model%28TEST%29\Light</Filter>
    </ClCompile>
    <ClCompile Include="ModuleLight.cpp">
      <Filter>DataBase\OpenGL Model%28TEST%29\Light</Filter>
    </ClCompile>
  </ItemGroup>
  <ItemGroup>
    <None Include="WBF_BASE.def">
      <Filter>_common_</Filter>
    </None>
    <None Include="res\WBF_BASE.rc2">
      <Filter>_resource_</Filter>
    </None>
  </ItemGroup>
  <ItemGroup>
    <ClInclude Include="WBF_BASE.h">
      <Filter>_common_</Filter>
    </ClInclude>
    <ClInclude Include="targetver.h">
      <Filter>_common_</Filter>
    </ClInclude>
    <ClInclude Include="stdafx.h">
      <Filter>_common_</Filter>
    </ClInclude>
    <ClInclude Include="Resource.h">
      <Filter>_resource_</Filter>
    </ClInclude>
    <ClInclude Include="HeaderPost.h">
      <Filter>_common_\Linker</Filter>
    </ClInclude>
    <ClInclude Include="HeaderPre.h">
      <Filter>_common_\Linker</Filter>
    </ClInclude>
    <ClInclude Include="WBF_BASE_LINK.h">
      <Filter>_common_\Linker</Filter>
    </ClInclude>
    <ClInclude Include="WBFViewBase.h">
      <Filter>Common</Filter>
    </ClInclude>
    <ClInclude Include="WBFDocBase.h">
      <Filter>Common</Filter>
    </ClInclude>
    <ClInclude Include="WBFDialog.h">
      <Filter>UI\Dialog</Filter>
    </ClInclude>
    <ClInclude Include="WBFRndrFactory.h">
      <Filter>View\Renderer</Filter>
    </ClInclude>
    <ClInclude Include="WBFGraphicDef.h">
      <Filter>View</Filter>
    </ClInclude>
    <ClInclude Include="WBFModelFactory.h">
      <Filter>View\Model</Filter>
    </ClInclude>
    <ClInclude Include="WBFOption.h">
      <Filter>Option</Filter>
    </ClInclude>
    <ClInclude Include="WBFModelOption.h">
      <Filter>Option</Filter>
    </ClInclude>
    <ClInclude Include="WBFVBOManager.h">
      <Filter>View\VBO</Filter>
    </ClInclude>
    <ClInclude Include="WBFModelData.h">
      <Filter>View\Model</Filter>
    </ClInclude>
    <ClInclude Include="WBFModelDataManager.h">
      <Filter>View\Model</Filter>
    </ClInclude>
    <ClInclude Include="WBFRndrData.h">
      <Filter>View\Renderer</Filter>
    </ClInclude>
    <ClInclude Include="WBFRndrDataManager.h">
      <Filter>View\Renderer</Filter>
    </ClInclude>
    <ClInclude Include="WBFVBOData.h">
      <Filter>View\VBO</Filter>
    </ClInclude>
    <ClInclude Include="ModuleVertex.h">
      <Filter>DataBase\OpenGL Model%28TEST%29\Geometry</Filter>
    </ClInclude>
    <ClInclude Include="EntitySubBody.h">
      <Filter>DataBase\OpenGL Model%28TEST%29\Geometry</Filter>
    </ClInclude>
    <ClInclude Include="EntityVertex.h">
      <Filter>DataBase\OpenGL Model%28TEST%29\Geometry</Filter>
    </ClInclude>
    <ClInclude Include="ModuleSubBody.h">
      <Filter>DataBase\OpenGL Model%28TEST%29\Geometry</Filter>
    </ClInclude>
    <ClInclude Include="ModuleBody.h">
      <Filter>DataBase\OpenGL Model%28TEST%29\Geometry</Filter>
    </ClInclude>
    <ClInclude Include="EntityBody.h">
      <Filter>DataBase\OpenGL Model%28TEST%29\Geometry</Filter>
    </ClInclude>
    <ClInclude Include="WBFVBOFactory.h">
      <Filter>View\VBO</Filter>
    </ClInclude>
    <ClInclude Include="WBFVBODefine.h">
      <Filter>View\VBO</Filter>
    </ClInclude>
    <ClInclude Include="WBFModelDefine.h">
      <Filter>View\Model</Filter>
    </ClInclude>
    <ClInclude Include="WBFRndrDefine.h">
      <Filter>View\Renderer</Filter>
    </ClInclude>
    <ClInclude Include="DocListener.h">
      <Filter>Event\Listener</Filter>
    </ClInclude>
    <ClInclude Include="ListenerDefine.h">
      <Filter>Event\Listener</Filter>
    </ClInclude>
    <ClInclude Include="ModuleData.hpp">
      <Filter>DataBase\Interface</Filter>
    </ClInclude>
    <ClInclude Include="ModuleBase.h">
      <Filter>DataBase\Interface</Filter>
    </ClInclude>
    <ClInclude Include="EntityData.h">
      <Filter>DataBase\Interface</Filter>
    </ClInclude>
    <ClInclude Include="DataBaseDefine.h">
      <Filter>DataBase\Interface</Filter>
    </ClInclude>
    <ClInclude Include="Package.h">
      <Filter>DataBase\Interface</Filter>
    </ClInclude>
    <ClInclude Include="ModuleLight.h">
      <Filter>DataBase\OpenGL Model%28TEST%29\Light</Filter>
    </ClInclude>
    <ClInclude Include="EntityLight.h">
      <Filter>DataBase\OpenGL Model%28TEST%29\Light</Filter>
    </ClInclude>
  </ItemGroup>
  <ItemGroup>
    <ResourceCompile Include="WBF_BASE.rc">
      <Filter>_resource_</Filter>
    </ResourceCompile>
  </ItemGroup>
</Project>