<?xml version="1.0" encoding="utf-8"?>
<Project ToolsVersion="4.0" xmlns="http://schemas.microsoft.com/developer/msbuild/2003">
  <ItemGroup>
    <Filter Include="__GENERAL__">
      <UniqueIdentifier>{0b84b7fd-6850-49f9-9dce-564fd4427fc9}</UniqueIdentifier>
    </Filter>
    <Filter Include="__GENERAL__\Linker">
      <UniqueIdentifier>{d866b534-6418-4f69-bb17-4e5aa8326108}</UniqueIdentifier>
    </Filter>
    <Filter Include="__RESOURCE__">
      <UniqueIdentifier>{85166ae4-8c79-4f45-a8ea-26be491b1d4f}</UniqueIdentifier>
    </Filter>
    <Filter Include="__RESOURCE__\file">
      <UniqueIdentifier>{269d1a45-ad1c-4300-b262-a4cea95d604a}</UniqueIdentifier>
    </Filter>
    <Filter Include="OPTION">
      <UniqueIdentifier>{d54e9047-8dc9-4a8b-9d67-80d529a9a14a}</UniqueIdentifier>
    </Filter>
    <Filter Include="RENDER">
      <UniqueIdentifier>{ffd279ef-94f6-4fd4-800a-5f782c0366bc}</UniqueIdentifier>
    </Filter>
    <Filter Include="RENDER\Object Buffer">
      <UniqueIdentifier>{5c098499-e86b-4215-92c1-cf939ff1a8bf}</UniqueIdentifier>
    </Filter>
    <Filter Include="RENDER\Renderer">
      <UniqueIdentifier>{e6bb637e-09c3-42b2-9100-24e809bf2008}</UniqueIdentifier>
    </Filter>
    <Filter Include="RENDER\Define">
      <UniqueIdentifier>{3e3bb72e-3827-492c-8d44-1c1abb54cb23}</UniqueIdentifier>
    </Filter>
  </ItemGroup>
  <ItemGroup>
    <ClCompile Include="stdafx.cpp">
      <Filter>__GENERAL__</Filter>
    </ClCompile>
    <ClCompile Include="WBF_GPS.cpp">
      <Filter>__GENERAL__</Filter>
    </ClCompile>
    <ClCompile Include="WBFGPSOption.cpp">
      <Filter>OPTION</Filter>
    </ClCompile>
    <ClCompile Include="GeometryBuffer.cpp">
      <Filter>RENDER\Object Buffer</Filter>
    </ClCompile>
    <ClCompile Include="ContainerBoxRenderer.cpp">
      <Filter>RENDER\Renderer</Filter>
    </ClCompile>
    <ClCompile Include="LightRenderer.cpp">
      <Filter>RENDER\Renderer</Filter>
    </ClCompile>
    <ClCompile Include="GroundRenderer.cpp">
      <Filter>RENDER\Renderer</Filter>
    </ClCompile>
    <ClCompile Include="MeshBuffer.cpp">
      <Filter>RENDER\Object Buffer</Filter>
    </ClCompile>
  </ItemGroup>
  <ItemGroup>
    <None Include="WBF_GPS.def">
      <Filter>__GENERAL__</Filter>
    </None>
    <None Include="res\WBF_GPS.rc2">
      <Filter>__RESOURCE__</Filter>
    </None>
  </ItemGroup>
  <ItemGroup>
    <ClInclude Include="HeaderPre.h">
      <Filter>__GENERAL__\Linker</Filter>
    </ClInclude>
    <ClInclude Include="HeaderPost.h">
      <Filter>__GENERAL__\Linker</Filter>
    </ClInclude>
    <ClInclude Include="WBF_GPS_LINK.h">
      <Filter>__GENERAL__\Linker</Filter>
    </ClInclude>
    <ClInclude Include="stdafx.h">
      <Filter>__GENERAL__</Filter>
    </ClInclude>
    <ClInclude Include="targetver.h">
      <Filter>__GENERAL__</Filter>
    </ClInclude>
    <ClInclude Include="WBF_GPS.h">
      <Filter>__GENERAL__</Filter>
    </ClInclude>
    <ClInclude Include="Resource.h">
      <Filter>__RESOURCE__</Filter>
    </ClInclude>
    <ClInclude Include="WBFGPSOption.h">
      <Filter>OPTION</Filter>
    </ClInclude>
    <ClInclude Include="GeometryBuffer.h">
      <Filter>RENDER\Object Buffer</Filter>
    </ClInclude>
    <ClInclude Include="BufferType.h">
      <Filter>RENDER\Define</Filter>
    </ClInclude>
    <ClInclude Include="RendererType.h">
      <Filter>RENDER\Define</Filter>
    </ClInclude>
    <ClInclude Include="ContainerBoxRenderer.h">
      <Filter>RENDER\Renderer</Filter>
    </ClInclude>
    <ClInclude Include="LightRenderer.h">
      <Filter>RENDER\Renderer</Filter>
    </ClInclude>
    <ClInclude Include="GroundRenderer.h">
      <Filter>RENDER\Renderer</Filter>
    </ClInclude>
    <ClInclude Include="MeshBuffer.h">
      <Filter>RENDER\Object Buffer</Filter>
    </ClInclude>
  </ItemGroup>
  <ItemGroup>
    <ResourceCompile Include="WBF_GPS.rc">
      <Filter>__RESOURCE__</Filter>
    </ResourceCompile>
  </ItemGroup>
</Project>