Microsoft Visual Studio Solution File, Format Version 12.00
# Visual Studio 15
Project("{8BC9CEB8-8B4A-11D0-8D11-00A0C91BC942}") = "ALL_BUILD", "ALL_BUILD.vcxproj", "{944655B4-6854-3009-95F8-879F5B2BF4F4}"
	ProjectSection(ProjectDependencies) = postProject
		{D7555566-3DD0-3F09-9D4C-B7A1E5F36E51} = {D7555566-3DD0-3F09-9D4C-B7A1E5F36E51}
		{9A72A270-A836-3A89-92D1-20031B317AB7} = {9A72A270-A836-3A89-92D1-20031B317AB7}
		{09469B2C-75D8-3773-92D7-DA943812A675} = {09469B2C-75D8-3773-92D7-DA943812A675}
	EndProjectSection
EndProject
Project("{8BC9CEB8-8B4A-11D0-8D11-00A0C91BC942}") = "INSTALL", "INSTALL.vcxproj", "{BD59A20E-A778-34A2-A873-918B8F8C24E9}"
	ProjectSection(ProjectDependencies) = postProject
		{944655B4-6854-3009-95F8-879F5B2BF4F4} = {944655B4-6854-3009-95F8-879F5B2BF4F4}
		{D7555566-3DD0-3F09-9D4C-B7A1E5F36E51} = {D7555566-3DD0-3F09-9D4C-B7A1E5F36E51}
	EndProjectSection
EndProject
Project("{8BC9CEB8-8B4A-11D0-8D11-00A0C91BC942}") = "ZERO_CHECK", "ZERO_CHECK.vcxproj", "{D7555566-3DD0-3F09-9D4C-B7A1E5F36E51}"
	ProjectSection(ProjectDependencies) = postProject
	EndProjectSection
EndProject
Project("{8BC9CEB8-8B4A-11D0-8D11-00A0C91BC942}") = "freeglut", "freeglut.vcxproj", "{9A72A270-A836-3A89-92D1-20031B317AB7}"
	ProjectSection(ProjectDependencies) = postProject
		{D7555566-3DD0-3F09-9D4C-B7A1E5F36E51} = {D7555566-3DD0-3F09-9D4C-B7A1E5F36E51}
	EndProjectSection
EndProject
Project("{8BC9CEB8-8B4A-11D0-8D11-00A0C91BC942}") = "freeglut_static", "freeglut_static.vcxproj", "{09469B2C-75D8-3773-92D7-DA943812A675}"
	ProjectSection(ProjectDependencies) = postProject
		{D7555566-3DD0-3F09-9D4C-B7A1E5F36E51} = {D7555566-3DD0-3F09-9D4C-B7A1E5F36E51}
	EndProjectSection
EndProject
Global
	GlobalSection(SolutionConfigurationPlatforms) = preSolution
		Debug|x64 = Debug|x64
		Release|x64 = Release|x64
		MinSizeRel|x64 = MinSizeRel|x64
		RelWithDebInfo|x64 = RelWithDebInfo|x64
	EndGlobalSection
	GlobalSection(ProjectConfigurationPlatforms) = postSolution
		{944655B4-6854-3009-95F8-879F5B2BF4F4}.Debug|x64.ActiveCfg = Debug|x64
		{944655B4-6854-3009-95F8-879F5B2BF4F4}.Debug|x64.Build.0 = Debug|x64
		{944655B4-6854-3009-95F8-879F5B2BF4F4}.Release|x64.ActiveCfg = Release|x64
		{944655B4-6854-3009-95F8-879F5B2BF4F4}.Release|x64.Build.0 = Release|x64
		{944655B4-6854-3009-95F8-879F5B2BF4F4}.MinSizeRel|x64.ActiveCfg = MinSizeRel|x64
		{944655B4-6854-3009-95F8-879F5B2BF4F4}.MinSizeRel|x64.Build.0 = MinSizeRel|x64
		{944655B4-6854-3009-95F8-879F5B2BF4F4}.RelWithDebInfo|x64.ActiveCfg = RelWithDebInfo|x64
		{944655B4-6854-3009-95F8-879F5B2BF4F4}.RelWithDebInfo|x64.Build.0 = RelWithDebInfo|x64
		{BD59A20E-A778-34A2-A873-918B8F8C24E9}.Debug|x64.ActiveCfg = Debug|x64
		{BD59A20E-A778-34A2-A873-918B8F8C24E9}.Release|x64.ActiveCfg = Release|x64
		{BD59A20E-A778-34A2-A873-918B8F8C24E9}.MinSizeRel|x64.ActiveCfg = MinSizeRel|x64
		{BD59A20E-A778-34A2-A873-918B8F8C24E9}.RelWithDebInfo|x64.ActiveCfg = RelWithDebInfo|x64
		{D7555566-3DD0-3F09-9D4C-B7A1E5F36E51}.Debug|x64.ActiveCfg = Debug|x64
		{D7555566-3DD0-3F09-9D4C-B7A1E5F36E51}.Debug|x64.Build.0 = Debug|x64
		{D7555566-3DD0-3F09-9D4C-B7A1E5F36E51}.Release|x64.ActiveCfg = Release|x64
		{D7555566-3DD0-3F09-9D4C-B7A1E5F36E51}.Release|x64.Build.0 = Release|x64
		{D7555566-3DD0-3F09-9D4C-B7A1E5F36E51}.MinSizeRel|x64.ActiveCfg = MinSizeRel|x64
		{D7555566-3DD0-3F09-9D4C-B7A1E5F36E51}.MinSizeRel|x64.Build.0 = MinSizeRel|x64
		{D7555566-3DD0-3F09-9D4C-B7A1E5F36E51}.RelWithDebInfo|x64.ActiveCfg = RelWithDebInfo|x64
		{D7555566-3DD0-3F09-9D4C-B7A1E5F36E51}.RelWithDebInfo|x64.Build.0 = RelWithDebInfo|x64
		{9A72A270-A836-3A89-92D1-20031B317AB7}.Debug|x64.ActiveCfg = Debug|x64
		{9A72A270-A836-3A89-92D1-20031B317AB7}.Debug|x64.Build.0 = Debug|x64
		{9A72A270-A836-3A89-92D1-20031B317AB7}.Release|x64.ActiveCfg = Release|x64
		{9A72A270-A836-3A89-92D1-20031B317AB7}.Release|x64.Build.0 = Release|x64
		{9A72A270-A836-3A89-92D1-20031B317AB7}.MinSizeRel|x64.ActiveCfg = MinSizeRel|x64
		{9A72A270-A836-3A89-92D1-20031B317AB7}.MinSizeRel|x64.Build.0 = MinSizeRel|x64
		{9A72A270-A836-3A89-92D1-20031B317AB7}.RelWithDebInfo|x64.ActiveCfg = RelWithDebInfo|x64
		{9A72A270-A836-3A89-92D1-20031B317AB7}.RelWithDebInfo|x64.Build.0 = RelWithDebInfo|x64
		{09469B2C-75D8-3773-92D7-DA943812A675}.Debug|x64.ActiveCfg = Debug|x64
		{09469B2C-75D8-3773-92D7-DA943812A675}.Debug|x64.Build.0 = Debug|x64
		{09469B2C-75D8-3773-92D7-DA943812A675}.Release|x64.ActiveCfg = Release|x64
		{09469B2C-75D8-3773-92D7-DA943812A675}.Release|x64.Build.0 = Release|x64
		{09469B2C-75D8-3773-92D7-DA943812A675}.MinSizeRel|x64.ActiveCfg = MinSizeRel|x64
		{09469B2C-75D8-3773-92D7-DA943812A675}.MinSizeRel|x64.Build.0 = MinSizeRel|x64
		{09469B2C-75D8-3773-92D7-DA943812A675}.RelWithDebInfo|x64.ActiveCfg = RelWithDebInfo|x64
		{09469B2C-75D8-3773-92D7-DA943812A675}.RelWithDebInfo|x64.Build.0 = RelWithDebInfo|x64
	EndGlobalSection
	GlobalSection(ExtensibilityGlobals) = postSolution
		SolutionGuid = {9EB1760E-F516-3A77-8411-53CB281E7A15}
	EndGlobalSection
	GlobalSection(ExtensibilityAddIns) = postSolution
	EndGlobalSection
EndGlobal
