<?xml version="1.0" encoding="utf-8"?>
<Project ToolsVersion="15.0" xmlns="http://schemas.microsoft.com/developer/msbuild/2003">
  <ItemGroup>
    <CustomBuild Include="F:\cloud\glui_x64\CMakeFiles\c805c9f0c8c0e48ce84ac4ab66914af4\INSTALL_force.rule">
      <Filter>CMake Rules</Filter>
    </CustomBuild>
  </ItemGroup>
  <ItemGroup>
    <Filter Include="CMake Rules">
      <UniqueIdentifier>{68A83510-78D8-3301-B4D8-75E88DE08087}</UniqueIdentifier>
    </Filter>
  </ItemGroup>
</Project>
