<?xml version="1.0" encoding="utf-8"?>
<Project ToolsVersion="15.0" xmlns="http://schemas.microsoft.com/developer/msbuild/2003">
  <ItemGroup>
    <CustomBuild Include="F:\cloud\Git\openGL\install\GLUT_x64\CMakeFiles\d5e182ec0dc1d8c94a031c52c833b7c7\generate.stamp.rule">
      <Filter>CMake Rules</Filter>
    </CustomBuild>
  </ItemGroup>
  <ItemGroup>
    <Filter Include="CMake Rules">
      <UniqueIdentifier>{5EA699A5-D863-3DA2-ABE1-13B02F0E484B}</UniqueIdentifier>
    </Filter>
  </ItemGroup>
</Project>
