<?xml version="1.0" encoding="utf-8"?>
<Project ToolsVersion="4.0" xmlns="http://schemas.microsoft.com/developer/msbuild/2003">
  <ItemGroup>
    <Filter Include="Include">
      <UniqueIdentifier>{4b9808de-251c-494f-9cf4-2166de768793}</UniqueIdentifier>
    </Filter>
    <Filter Include="Utility">
      <UniqueIdentifier>{59161f84-05b7-4461-9784-02bf9bcc377c}</UniqueIdentifier>
    </Filter>
    <Filter Include="DataBase">
      <UniqueIdentifier>{1e4ab848-b7e5-4d4c-8f8b-3d20242fa015}</UniqueIdentifier>
    </Filter>
    <Filter Include="Notify">
      <UniqueIdentifier>{a9f7ed4c-affc-4649-8710-f041b36aa3e5}</UniqueIdentifier>
    </Filter>
    <Filter Include="Notify\Listener">
      <UniqueIdentifier>{7ed55aee-4624-4386-b254-9629dc45f015}</UniqueIdentifier>
    </Filter>
    <Filter Include="Notify\Observer">
      <UniqueIdentifier>{8e9fa143-6989-4040-a73e-4ec15a3b6e1e}</UniqueIdentifier>
    </Filter>
    <Filter Include="Notify\Factory">
      <UniqueIdentifier>{a0e28839-eb5d-44c4-95f4-d67c8476ca60}</UniqueIdentifier>
    </Filter>
    <Filter Include="__GENERAL__">
      <UniqueIdentifier>{3fec9720-7f37-4d53-999c-518768da5397}</UniqueIdentifier>
    </Filter>
    <Filter Include="__RESOURCE__">
      <UniqueIdentifier>{5a1af636-c5ea-49cb-b83a-a52b7bc9b04c}</UniqueIdentifier>
    </Filter>
    <Filter Include="__RESOURCE__\file">
      <UniqueIdentifier>{187132cc-21ce-4908-9a95-4c6a61593fd4}</UniqueIdentifier>
    </Filter>
    <Filter Include="__GENERAL__\Linker">
      <UniqueIdentifier>{c6217dcf-3e8b-4f8c-a53c-bcb6d39960ab}</UniqueIdentifier>
    </Filter>
  </ItemGroup>
  <ItemGroup>
    <ClCompile Include="WBFSubject.cpp">
      <Filter>Notify\Observer</Filter>
    </ClCompile>
    <ClCompile Include="WBFObserver.cpp">
      <Filter>Notify\Observer</Filter>
    </ClCompile>
    <ClCompile Include="FactoryObjectBase.cpp">
      <Filter>Notify\Factory</Filter>
    </ClCompile>
    <ClCompile Include="FactoryBase.cpp">
      <Filter>Notify\Factory</Filter>
    </ClCompile>
    <ClCompile Include="WBFImage.cpp">
      <Filter>Utility</Filter>
    </ClCompile>
    <ClCompile Include="WBFString.cpp">
      <Filter>Utility</Filter>
    </ClCompile>
    <ClCompile Include="EntityData.cpp">
      <Filter>DataBase</Filter>
    </ClCompile>
    <ClCompile Include="ModuleBase.cpp">
      <Filter>DataBase</Filter>
    </ClCompile>
    <ClCompile Include="Package.cpp">
      <Filter>DataBase</Filter>
    </ClCompile>
    <ClCompile Include="DocListener.cpp">
      <Filter>Notify\Listener</Filter>
    </ClCompile>
    <ClCompile Include="stdafx.cpp">
      <Filter>__GENERAL__</Filter>
    </ClCompile>
    <ClCompile Include="WBF_LIB.cpp">
      <Filter>__GENERAL__</Filter>
    </ClCompile>
  </ItemGroup>
  <ItemGroup>
    <None Include="res\WBF_LIB.rc2">
      <Filter>__RESOURCE__</Filter>
    </None>
    <None Include="WBF_LIB.def">
      <Filter>__GENERAL__</Filter>
    </None>
  </ItemGroup>
  <ItemGroup>
    <ClInclude Include="AllProjectInclude.h">
      <Filter>Include</Filter>
    </ClInclude>
    <ClInclude Include="HeaderPre.h">
      <Filter>__GENERAL__\Linker</Filter>
    </ClInclude>
    <ClInclude Include="HeaderPost.h">
      <Filter>__GENERAL__\Linker</Filter>
    </ClInclude>
    <ClInclude Include="WBF_LIB_LINK.h">
      <Filter>__GENERAL__\Linker</Filter>
    </ClInclude>
    <ClInclude Include="AllGraphicInclude.h">
      <Filter>Include</Filter>
    </ClInclude>
    <ClInclude Include="WBFSubject.h">
      <Filter>Notify\Observer</Filter>
    </ClInclude>
    <ClInclude Include="WBFObserver.h">
      <Filter>Notify\Observer</Filter>
    </ClInclude>
    <ClInclude Include="WBFObserverDefine.h">
      <Filter>Notify\Observer</Filter>
    </ClInclude>
    <ClInclude Include="FactoryBase.h">
      <Filter>Notify\Factory</Filter>
    </ClInclude>
    <ClInclude Include="FactoryObjectBase.h">
      <Filter>Notify\Factory</Filter>
    </ClInclude>
    <ClInclude Include="stb_image.h">
      <Filter>Utility</Filter>
    </ClInclude>
    <ClInclude Include="WBFImage.h">
      <Filter>Utility</Filter>
    </ClInclude>
    <ClInclude Include="WBFString.h">
      <Filter>Utility</Filter>
    </ClInclude>
    <ClInclude Include="EntityData.h">
      <Filter>DataBase</Filter>
    </ClInclude>
    <ClInclude Include="ModuleBase.h">
      <Filter>DataBase</Filter>
    </ClInclude>
    <ClInclude Include="ModuleData.hpp">
      <Filter>DataBase</Filter>
    </ClInclude>
    <ClInclude Include="Package.h">
      <Filter>DataBase</Filter>
    </ClInclude>
    <ClInclude Include="DocListener.h">
      <Filter>Notify\Listener</Filter>
    </ClInclude>
    <ClInclude Include="ListenerDefine.h">
      <Filter>Notify\Listener</Filter>
    </ClInclude>
    <ClInclude Include="EntityDictionary.hpp">
      <Filter>DataBase</Filter>
    </ClInclude>
    <ClInclude Include="DataBaseDefine.h">
      <Filter>DataBase</Filter>
    </ClInclude>
    <ClInclude Include="Resource.h">
      <Filter>__RESOURCE__</Filter>
    </ClInclude>
    <ClInclude Include="stdafx.h">
      <Filter>__GENERAL__</Filter>
    </ClInclude>
    <ClInclude Include="targetver.h">
      <Filter>__GENERAL__</Filter>
    </ClInclude>
    <ClInclude Include="WBF_LIB.h">
      <Filter>__GENERAL__</Filter>
    </ClInclude>
  </ItemGroup>
  <ItemGroup>
    <ResourceCompile Include="WBF_LIB.rc">
      <Filter>__RESOURCE__</Filter>
    </ResourceCompile>
  </ItemGroup>
</Project>