Microsoft Visual Studio Solution File, Format Version 12.00
# Visual Studio 15
Project("{8BC9CEB8-8B4A-11D0-8D11-00A0C91BC942}") = "ALL_BUILD", "ALL_BUILD.vcxproj", "{DD2FE6A7-88E4-3F78-93A9-9BB4EA23CBDE}"
	ProjectSection(ProjectDependencies) = postProject
		{E7B57C18-CF7A-3ACA-8BF4-D48D0DD50A03} = {E7B57C18-CF7A-3ACA-8BF4-D48D0DD50A03}
		{AD8D0B1B-1C30-30DD-8757-B850ED4B8B03} = {AD8D0B1B-1C30-30DD-8757-B850ED4B8B03}
		{5A7FBC36-A0E7-3AE0-BA4F-91A0C6E5828B} = {5A7FBC36-A0E7-3AE0-BA4F-91A0C6E5828B}
	EndProjectSection
EndProject
Project("{8BC9CEB8-8B4A-11D0-8D11-00A0C91BC942}") = "INSTALL", "INSTALL.vcxproj", "{443FF056-C92E-3317-B044-2A84F43D1199}"
	ProjectSection(ProjectDependencies) = postProject
		{DD2FE6A7-88E4-3F78-93A9-9BB4EA23CBDE} = {DD2FE6A7-88E4-3F78-93A9-9BB4EA23CBDE}
		{E7B57C18-CF7A-3ACA-8BF4-D48D0DD50A03} = {E7B57C18-CF7A-3ACA-8BF4-D48D0DD50A03}
	EndProjectSection
EndProject
Project("{8BC9CEB8-8B4A-11D0-8D11-00A0C91BC942}") = "ZERO_CHECK", "ZERO_CHECK.vcxproj", "{E7B57C18-CF7A-3ACA-8BF4-D48D0DD50A03}"
	ProjectSection(ProjectDependencies) = postProject
	EndProjectSection
EndProject
Project("{8BC9CEB8-8B4A-11D0-8D11-00A0C91BC942}") = "freeglut", "freeglut.vcxproj", "{AD8D0B1B-1C30-30DD-8757-B850ED4B8B03}"
	ProjectSection(ProjectDependencies) = postProject
		{E7B57C18-CF7A-3ACA-8BF4-D48D0DD50A03} = {E7B57C18-CF7A-3ACA-8BF4-D48D0DD50A03}
	EndProjectSection
EndProject
Project("{8BC9CEB8-8B4A-11D0-8D11-00A0C91BC942}") = "freeglut_static", "freeglut_static.vcxproj", "{5A7FBC36-A0E7-3AE0-BA4F-91A0C6E5828B}"
	ProjectSection(ProjectDependencies) = postProject
		{E7B57C18-CF7A-3ACA-8BF4-D48D0DD50A03} = {E7B57C18-CF7A-3ACA-8BF4-D48D0DD50A03}
	EndProjectSection
EndProject
Global
	GlobalSection(SolutionConfigurationPlatforms) = preSolution
		Debug|Win32 = Debug|Win32
		Release|Win32 = Release|Win32
		MinSizeRel|Win32 = MinSizeRel|Win32
		RelWithDebInfo|Win32 = RelWithDebInfo|Win32
	EndGlobalSection
	GlobalSection(ProjectConfigurationPlatforms) = postSolution
		{DD2FE6A7-88E4-3F78-93A9-9BB4EA23CBDE}.Debug|Win32.ActiveCfg = Debug|Win32
		{DD2FE6A7-88E4-3F78-93A9-9BB4EA23CBDE}.Debug|Win32.Build.0 = Debug|Win32
		{DD2FE6A7-88E4-3F78-93A9-9BB4EA23CBDE}.Release|Win32.ActiveCfg = Release|Win32
		{DD2FE6A7-88E4-3F78-93A9-9BB4EA23CBDE}.Release|Win32.Build.0 = Release|Win32
		{DD2FE6A7-88E4-3F78-93A9-9BB4EA23CBDE}.MinSizeRel|Win32.ActiveCfg = MinSizeRel|Win32
		{DD2FE6A7-88E4-3F78-93A9-9BB4EA23CBDE}.MinSizeRel|Win32.Build.0 = MinSizeRel|Win32
		{DD2FE6A7-88E4-3F78-93A9-9BB4EA23CBDE}.RelWithDebInfo|Win32.ActiveCfg = RelWithDebInfo|Win32
		{DD2FE6A7-88E4-3F78-93A9-9BB4EA23CBDE}.RelWithDebInfo|Win32.Build.0 = RelWithDebInfo|Win32
		{443FF056-C92E-3317-B044-2A84F43D1199}.Debug|Win32.ActiveCfg = Debug|Win32
		{443FF056-C92E-3317-B044-2A84F43D1199}.Release|Win32.ActiveCfg = Release|Win32
		{443FF056-C92E-3317-B044-2A84F43D1199}.MinSizeRel|Win32.ActiveCfg = MinSizeRel|Win32
		{443FF056-C92E-3317-B044-2A84F43D1199}.RelWithDebInfo|Win32.ActiveCfg = RelWithDebInfo|Win32
		{E7B57C18-CF7A-3ACA-8BF4-D48D0DD50A03}.Debug|Win32.ActiveCfg = Debug|Win32
		{E7B57C18-CF7A-3ACA-8BF4-D48D0DD50A03}.Debug|Win32.Build.0 = Debug|Win32
		{E7B57C18-CF7A-3ACA-8BF4-D48D0DD50A03}.Release|Win32.ActiveCfg = Release|Win32
		{E7B57C18-CF7A-3ACA-8BF4-D48D0DD50A03}.Release|Win32.Build.0 = Release|Win32
		{E7B57C18-CF7A-3ACA-8BF4-D48D0DD50A03}.MinSizeRel|Win32.ActiveCfg = MinSizeRel|Win32
		{E7B57C18-CF7A-3ACA-8BF4-D48D0DD50A03}.MinSizeRel|Win32.Build.0 = MinSizeRel|Win32
		{E7B57C18-CF7A-3ACA-8BF4-D48D0DD50A03}.RelWithDebInfo|Win32.ActiveCfg = RelWithDebInfo|Win32
		{E7B57C18-CF7A-3ACA-8BF4-D48D0DD50A03}.RelWithDebInfo|Win32.Build.0 = RelWithDebInfo|Win32
		{AD8D0B1B-1C30-30DD-8757-B850ED4B8B03}.Debug|Win32.ActiveCfg = Debug|Win32
		{AD8D0B1B-1C30-30DD-8757-B850ED4B8B03}.Debug|Win32.Build.0 = Debug|Win32
		{AD8D0B1B-1C30-30DD-8757-B850ED4B8B03}.Release|Win32.ActiveCfg = Release|Win32
		{AD8D0B1B-1C30-30DD-8757-B850ED4B8B03}.Release|Win32.Build.0 = Release|Win32
		{AD8D0B1B-1C30-30DD-8757-B850ED4B8B03}.MinSizeRel|Win32.ActiveCfg = MinSizeRel|Win32
		{AD8D0B1B-1C30-30DD-8757-B850ED4B8B03}.MinSizeRel|Win32.Build.0 = MinSizeRel|Win32
		{AD8D0B1B-1C30-30DD-8757-B850ED4B8B03}.RelWithDebInfo|Win32.ActiveCfg = RelWithDebInfo|Win32
		{AD8D0B1B-1C30-30DD-8757-B850ED4B8B03}.RelWithDebInfo|Win32.Build.0 = RelWithDebInfo|Win32
		{5A7FBC36-A0E7-3AE0-BA4F-91A0C6E5828B}.Debug|Win32.ActiveCfg = Debug|Win32
		{5A7FBC36-A0E7-3AE0-BA4F-91A0C6E5828B}.Debug|Win32.Build.0 = Debug|Win32
		{5A7FBC36-A0E7-3AE0-BA4F-91A0C6E5828B}.Release|Win32.ActiveCfg = Release|Win32
		{5A7FBC36-A0E7-3AE0-BA4F-91A0C6E5828B}.Release|Win32.Build.0 = Release|Win32
		{5A7FBC36-A0E7-3AE0-BA4F-91A0C6E5828B}.MinSizeRel|Win32.ActiveCfg = MinSizeRel|Win32
		{5A7FBC36-A0E7-3AE0-BA4F-91A0C6E5828B}.MinSizeRel|Win32.Build.0 = MinSizeRel|Win32
		{5A7FBC36-A0E7-3AE0-BA4F-91A0C6E5828B}.RelWithDebInfo|Win32.ActiveCfg = RelWithDebInfo|Win32
		{5A7FBC36-A0E7-3AE0-BA4F-91A0C6E5828B}.RelWithDebInfo|Win32.Build.0 = RelWithDebInfo|Win32
	EndGlobalSection
	GlobalSection(ExtensibilityGlobals) = postSolution
		SolutionGuid = {340DF294-09EF-3A86-A2B6-5FD1764616B4}
	EndGlobalSection
	GlobalSection(ExtensibilityAddIns) = postSolution
	EndGlobalSection
EndGlobal
