Microsoft Visual Studio Solution File, Format Version 12.00
# Visual Studio 15
Project("{8BC9CEB8-8B4A-11D0-8D11-00A0C91BC942}") = "ALL_BUILD", "ALL_BUILD.vcxproj", "{7253B8D5-49A1-323D-AA3C-07C890791AD1}"
	ProjectSection(ProjectDependencies) = postProject
		{744530C6-DE13-3E6C-86F6-B3AAD2710BB3} = {744530C6-DE13-3E6C-86F6-B3AAD2710BB3}
		{8D231B3A-87BF-3C6F-AEBB-5B48BC4403E4} = {8D231B3A-87BF-3C6F-AEBB-5B48BC4403E4}
		{121B6E99-0E65-3C9B-9B74-FDC2C142959E} = {121B6E99-0E65-3C9B-9B74-FDC2C142959E}
	EndProjectSection
EndProject
Project("{8BC9CEB8-8B4A-11D0-8D11-00A0C91BC942}") = "INSTALL", "INSTALL.vcxproj", "{902B148C-AC4A-3400-9A1A-8A447FD69513}"
	ProjectSection(ProjectDependencies) = postProject
		{7253B8D5-49A1-323D-AA3C-07C890791AD1} = {7253B8D5-49A1-323D-AA3C-07C890791AD1}
		{744530C6-DE13-3E6C-86F6-B3AAD2710BB3} = {744530C6-DE13-3E6C-86F6-B3AAD2710BB3}
	EndProjectSection
EndProject
Project("{8BC9CEB8-8B4A-11D0-8D11-00A0C91BC942}") = "ZERO_CHECK", "ZERO_CHECK.vcxproj", "{744530C6-DE13-3E6C-86F6-B3AAD2710BB3}"
	ProjectSection(ProjectDependencies) = postProject
	EndProjectSection
EndProject
Project("{8BC9CEB8-8B4A-11D0-8D11-00A0C91BC942}") = "freeglut", "freeglut.vcxproj", "{8D231B3A-87BF-3C6F-AEBB-5B48BC4403E4}"
	ProjectSection(ProjectDependencies) = postProject
		{744530C6-DE13-3E6C-86F6-B3AAD2710BB3} = {744530C6-DE13-3E6C-86F6-B3AAD2710BB3}
	EndProjectSection
EndProject
Project("{8BC9CEB8-8B4A-11D0-8D11-00A0C91BC942}") = "freeglut_static", "freeglut_static.vcxproj", "{121B6E99-0E65-3C9B-9B74-FDC2C142959E}"
	ProjectSection(ProjectDependencies) = postProject
		{744530C6-DE13-3E6C-86F6-B3AAD2710BB3} = {744530C6-DE13-3E6C-86F6-B3AAD2710BB3}
	EndProjectSection
EndProject
Global
	GlobalSection(SolutionConfigurationPlatforms) = preSolution
		Debug|Win32 = Debug|Win32
		Release|Win32 = Release|Win32
		MinSizeRel|Win32 = MinSizeRel|Win32
		RelWithDebInfo|Win32 = RelWithDebInfo|Win32
	EndGlobalSection
	GlobalSection(ProjectConfigurationPlatforms) = postSolution
		{7253B8D5-49A1-323D-AA3C-07C890791AD1}.Debug|Win32.ActiveCfg = Debug|Win32
		{7253B8D5-49A1-323D-AA3C-07C890791AD1}.Debug|Win32.Build.0 = Debug|Win32
		{7253B8D5-49A1-323D-AA3C-07C890791AD1}.Release|Win32.ActiveCfg = Release|Win32
		{7253B8D5-49A1-323D-AA3C-07C890791AD1}.Release|Win32.Build.0 = Release|Win32
		{7253B8D5-49A1-323D-AA3C-07C890791AD1}.MinSizeRel|Win32.ActiveCfg = MinSizeRel|Win32
		{7253B8D5-49A1-323D-AA3C-07C890791AD1}.MinSizeRel|Win32.Build.0 = MinSizeRel|Win32
		{7253B8D5-49A1-323D-AA3C-07C890791AD1}.RelWithDebInfo|Win32.ActiveCfg = RelWithDebInfo|Win32
		{7253B8D5-49A1-323D-AA3C-07C890791AD1}.RelWithDebInfo|Win32.Build.0 = RelWithDebInfo|Win32
		{902B148C-AC4A-3400-9A1A-8A447FD69513}.Debug|Win32.ActiveCfg = Debug|Win32
		{902B148C-AC4A-3400-9A1A-8A447FD69513}.Release|Win32.ActiveCfg = Release|Win32
		{902B148C-AC4A-3400-9A1A-8A447FD69513}.MinSizeRel|Win32.ActiveCfg = MinSizeRel|Win32
		{902B148C-AC4A-3400-9A1A-8A447FD69513}.RelWithDebInfo|Win32.ActiveCfg = RelWithDebInfo|Win32
		{744530C6-DE13-3E6C-86F6-B3AAD2710BB3}.Debug|Win32.ActiveCfg = Debug|Win32
		{744530C6-DE13-3E6C-86F6-B3AAD2710BB3}.Debug|Win32.Build.0 = Debug|Win32
		{744530C6-DE13-3E6C-86F6-B3AAD2710BB3}.Release|Win32.ActiveCfg = Release|Win32
		{744530C6-DE13-3E6C-86F6-B3AAD2710BB3}.Release|Win32.Build.0 = Release|Win32
		{744530C6-DE13-3E6C-86F6-B3AAD2710BB3}.MinSizeRel|Win32.ActiveCfg = MinSizeRel|Win32
		{744530C6-DE13-3E6C-86F6-B3AAD2710BB3}.MinSizeRel|Win32.Build.0 = MinSizeRel|Win32
		{744530C6-DE13-3E6C-86F6-B3AAD2710BB3}.RelWithDebInfo|Win32.ActiveCfg = RelWithDebInfo|Win32
		{744530C6-DE13-3E6C-86F6-B3AAD2710BB3}.RelWithDebInfo|Win32.Build.0 = RelWithDebInfo|Win32
		{8D231B3A-87BF-3C6F-AEBB-5B48BC4403E4}.Debug|Win32.ActiveCfg = Debug|Win32
		{8D231B3A-87BF-3C6F-AEBB-5B48BC4403E4}.Debug|Win32.Build.0 = Debug|Win32
		{8D231B3A-87BF-3C6F-AEBB-5B48BC4403E4}.Release|Win32.ActiveCfg = Release|Win32
		{8D231B3A-87BF-3C6F-AEBB-5B48BC4403E4}.Release|Win32.Build.0 = Release|Win32
		{8D231B3A-87BF-3C6F-AEBB-5B48BC4403E4}.MinSizeRel|Win32.ActiveCfg = MinSizeRel|Win32
		{8D231B3A-87BF-3C6F-AEBB-5B48BC4403E4}.MinSizeRel|Win32.Build.0 = MinSizeRel|Win32
		{8D231B3A-87BF-3C6F-AEBB-5B48BC4403E4}.RelWithDebInfo|Win32.ActiveCfg = RelWithDebInfo|Win32
		{8D231B3A-87BF-3C6F-AEBB-5B48BC4403E4}.RelWithDebInfo|Win32.Build.0 = RelWithDebInfo|Win32
		{121B6E99-0E65-3C9B-9B74-FDC2C142959E}.Debug|Win32.ActiveCfg = Debug|Win32
		{121B6E99-0E65-3C9B-9B74-FDC2C142959E}.Debug|Win32.Build.0 = Debug|Win32
		{121B6E99-0E65-3C9B-9B74-FDC2C142959E}.Release|Win32.ActiveCfg = Release|Win32
		{121B6E99-0E65-3C9B-9B74-FDC2C142959E}.Release|Win32.Build.0 = Release|Win32
		{121B6E99-0E65-3C9B-9B74-FDC2C142959E}.MinSizeRel|Win32.ActiveCfg = MinSizeRel|Win32
		{121B6E99-0E65-3C9B-9B74-FDC2C142959E}.MinSizeRel|Win32.Build.0 = MinSizeRel|Win32
		{121B6E99-0E65-3C9B-9B74-FDC2C142959E}.RelWithDebInfo|Win32.ActiveCfg = RelWithDebInfo|Win32
		{121B6E99-0E65-3C9B-9B74-FDC2C142959E}.RelWithDebInfo|Win32.Build.0 = RelWithDebInfo|Win32
	EndGlobalSection
	GlobalSection(ExtensibilityGlobals) = postSolution
		SolutionGuid = {CEA3790C-6B17-340A-AA5A-021122834490}
	EndGlobalSection
	GlobalSection(ExtensibilityAddIns) = postSolution
	EndGlobalSection
EndGlobal
